
Microsoft Visual Studio Solution File, Format Version 11.00
# Visual Studio 2010
Project("{FAE04EC0-301F-11D3-BF4B-00C04F79EFBC}") = "Aria.DataTypes.ObjectDictionary", "Aria.DataTypes.ObjectDictionary\Aria.DataTypes.ObjectDictionary.csproj", "{262206F6-FFFF-4033-9CB4-197E4DD38FB9}"
	ProjectSection(ProjectDependencies) = postProject
		{B542AA58-DF3F-4403-A605-6F9A5515E4C8} = {B542AA58-DF3F-4403-A605-6F9A5515E4C8}
		{85173585-6EB0-4E6C-A36F-9C0F5E9E4ADC} = {85173585-6EB0-4E6C-A36F-9C0F5E9E4ADC}
		{5B531295-5F2B-4044-AA31-C323E3B71BD0} = {5B531295-5F2B-4044-AA31-C323E3B71BD0}
	EndProjectSection
EndProject
Project("{FAE04EC0-301F-11D3-BF4B-00C04F79EFBC}") = "Aria.EnterpriseServices.ObjectDictionary", "Aria.EnterpriseServices.ObjectDictionary\Aria.EnterpriseServices.ObjectDictionary.csproj", "{ECCC512C-7611-49B3-991A-325903143127}"
	ProjectSection(ProjectDependencies) = postProject
		{B542AA58-DF3F-4403-A605-6F9A5515E4C8} = {B542AA58-DF3F-4403-A605-6F9A5515E4C8}
		{85248A73-AC2F-451A-925C-D53890F1A925} = {85248A73-AC2F-451A-925C-D53890F1A925}
		{262206F6-FFFF-4033-9CB4-197E4DD38FB9} = {262206F6-FFFF-4033-9CB4-197E4DD38FB9}
	EndProjectSection
EndProject
Project("{FAE04EC0-301F-11D3-BF4B-00C04F79EFBC}") = "Aria.Environment", "Aria.Environment\Aria.Environment.csproj", "{5B531295-5F2B-4044-AA31-C323E3B71BD0}"
EndProject
Project("{FAE04EC0-301F-11D3-BF4B-00C04F79EFBC}") = "Aria.DataTypes", "Aria.DataTypes\Aria.DataTypes.csproj", "{B542AA58-DF3F-4403-A605-6F9A5515E4C8}"
	ProjectSection(ProjectDependencies) = postProject
		{85173585-6EB0-4E6C-A36F-9C0F5E9E4ADC} = {85173585-6EB0-4E6C-A36F-9C0F5E9E4ADC}
	EndProjectSection
EndProject
Project("{FAE04EC0-301F-11D3-BF4B-00C04F79EFBC}") = "Aria.Xml", "Aria.Xml\Aria.Xml.csproj", "{85173585-6EB0-4E6C-A36F-9C0F5E9E4ADC}"
EndProject
Project("{FAE04EC0-301F-11D3-BF4B-00C04F79EFBC}") = "Aria.DataTypes.RequestHandler", "Aria.DataTypes.RequestHandler\Aria.DataTypes.RequestHandler.csproj", "{D40DA560-4AB2-438F-96CF-2814976E1461}"
	ProjectSection(ProjectDependencies) = postProject
		{3D822713-BA7D-4895-9ADB-7FCFF066235C} = {3D822713-BA7D-4895-9ADB-7FCFF066235C}
		{B542AA58-DF3F-4403-A605-6F9A5515E4C8} = {B542AA58-DF3F-4403-A605-6F9A5515E4C8}
		{85173585-6EB0-4E6C-A36F-9C0F5E9E4ADC} = {85173585-6EB0-4E6C-A36F-9C0F5E9E4ADC}
		{262206F6-FFFF-4033-9CB4-197E4DD38FB9} = {262206F6-FFFF-4033-9CB4-197E4DD38FB9}
	EndProjectSection
EndProject
Project("{FAE04EC0-301F-11D3-BF4B-00C04F79EFBC}") = "Aria.EnterpriseServices.RequestHandler", "Aria.EnterpriseServices.RequestHandler\Aria.EnterpriseServices.RequestHandler.csproj", "{C3C398B4-EAC6-4C29-A6BD-9AA378C72F22}"
	ProjectSection(ProjectDependencies) = postProject
		{3D822713-BA7D-4895-9ADB-7FCFF066235C} = {3D822713-BA7D-4895-9ADB-7FCFF066235C}
		{ECCC512C-7611-49B3-991A-325903143127} = {ECCC512C-7611-49B3-991A-325903143127}
		{B542AA58-DF3F-4403-A605-6F9A5515E4C8} = {B542AA58-DF3F-4403-A605-6F9A5515E4C8}
		{D40DA560-4AB2-438F-96CF-2814976E1461} = {D40DA560-4AB2-438F-96CF-2814976E1461}
		{BF6FB660-921D-48C5-9369-029987F094A5} = {BF6FB660-921D-48C5-9369-029987F094A5}
		{85248A73-AC2F-451A-925C-D53890F1A925} = {85248A73-AC2F-451A-925C-D53890F1A925}
		{85173585-6EB0-4E6C-A36F-9C0F5E9E4ADC} = {85173585-6EB0-4E6C-A36F-9C0F5E9E4ADC}
		{5B531295-5F2B-4044-AA31-C323E3B71BD0} = {5B531295-5F2B-4044-AA31-C323E3B71BD0}
		{E189E2A8-BF0D-40B6-AAA1-F91C6E74745B} = {E189E2A8-BF0D-40B6-AAA1-F91C6E74745B}
		{DE3399CF-AF2C-4773-95F8-BF00ACE30E2E} = {DE3399CF-AF2C-4773-95F8-BF00ACE30E2E}
		{262206F6-FFFF-4033-9CB4-197E4DD38FB9} = {262206F6-FFFF-4033-9CB4-197E4DD38FB9}
	EndProjectSection
EndProject
Project("{FAE04EC0-301F-11D3-BF4B-00C04F79EFBC}") = "Aria.DataTypes.Messaging", "Aria.DataTypes.Messaging\Aria.DataTypes.Messaging.csproj", "{3D822713-BA7D-4895-9ADB-7FCFF066235C}"
	ProjectSection(ProjectDependencies) = postProject
		{85173585-6EB0-4E6C-A36F-9C0F5E9E4ADC} = {85173585-6EB0-4E6C-A36F-9C0F5E9E4ADC}
	EndProjectSection
EndProject
Project("{FAE04EC0-301F-11D3-BF4B-00C04F79EFBC}") = "Aria.EnterpriseServices.RequestHandler.Proxy", "Aria.EnterpriseServices.RequestHandler.Proxy\Aria.EnterpriseServices.RequestHandler.Proxy.csproj", "{261F3A34-8F07-434C-B1B4-49A3755A8005}"
	ProjectSection(ProjectDependencies) = postProject
		{D40DA560-4AB2-438F-96CF-2814976E1461} = {D40DA560-4AB2-438F-96CF-2814976E1461}
		{85248A73-AC2F-451A-925C-D53890F1A925} = {85248A73-AC2F-451A-925C-D53890F1A925}
		{85173585-6EB0-4E6C-A36F-9C0F5E9E4ADC} = {85173585-6EB0-4E6C-A36F-9C0F5E9E4ADC}
		{5B531295-5F2B-4044-AA31-C323E3B71BD0} = {5B531295-5F2B-4044-AA31-C323E3B71BD0}
		{C3C398B4-EAC6-4C29-A6BD-9AA378C72F22} = {C3C398B4-EAC6-4C29-A6BD-9AA378C72F22}
	EndProjectSection
EndProject
Project("{FAE04EC0-301F-11D3-BF4B-00C04F79EFBC}") = "Aria.Reflection", "Aria.Reflection\Aria.Reflection.csproj", "{DE3399CF-AF2C-4773-95F8-BF00ACE30E2E}"
EndProject
Project("{FAE04EC0-301F-11D3-BF4B-00C04F79EFBC}") = "Aria.EnterpriseServices.Messaging", "Aria.EnterpriseServices.Messaging\Aria.EnterpriseServices.Messaging.csproj", "{BF6FB660-921D-48C5-9369-029987F094A5}"
	ProjectSection(ProjectDependencies) = postProject
		{3D822713-BA7D-4895-9ADB-7FCFF066235C} = {3D822713-BA7D-4895-9ADB-7FCFF066235C}
		{85248A73-AC2F-451A-925C-D53890F1A925} = {85248A73-AC2F-451A-925C-D53890F1A925}
		{5B531295-5F2B-4044-AA31-C323E3B71BD0} = {5B531295-5F2B-4044-AA31-C323E3B71BD0}
		{E189E2A8-BF0D-40B6-AAA1-F91C6E74745B} = {E189E2A8-BF0D-40B6-AAA1-F91C6E74745B}
		{262206F6-FFFF-4033-9CB4-197E4DD38FB9} = {262206F6-FFFF-4033-9CB4-197E4DD38FB9}
	EndProjectSection
EndProject
Project("{FAE04EC0-301F-11D3-BF4B-00C04F79EFBC}") = "Aria.Services.RequestHandler", "Aria.Services.RequestHandler\Aria.Services.RequestHandler.csproj", "{CC6FACCF-8A22-44B5-8930-2BC8B7739FFF}"
	ProjectSection(ProjectDependencies) = postProject
		{C3C398B4-EAC6-4C29-A6BD-9AA378C72F22} = {C3C398B4-EAC6-4C29-A6BD-9AA378C72F22}
	EndProjectSection
EndProject
Project("{FAE04EC0-301F-11D3-BF4B-00C04F79EFBC}") = "Aria.Data.DataTypes", "Aria.Data.DataTypes\Aria.Data.DataTypes.csproj", "{3665FFFF-9142-4AF1-BF96-3259F18D7337}"
	ProjectSection(ProjectDependencies) = postProject
		{ECCC512C-7611-49B3-991A-325903143127} = {ECCC512C-7611-49B3-991A-325903143127}
		{B542AA58-DF3F-4403-A605-6F9A5515E4C8} = {B542AA58-DF3F-4403-A605-6F9A5515E4C8}
		{85248A73-AC2F-451A-925C-D53890F1A925} = {85248A73-AC2F-451A-925C-D53890F1A925}
		{5B531295-5F2B-4044-AA31-C323E3B71BD0} = {5B531295-5F2B-4044-AA31-C323E3B71BD0}
		{262206F6-FFFF-4033-9CB4-197E4DD38FB9} = {262206F6-FFFF-4033-9CB4-197E4DD38FB9}
	EndProjectSection
EndProject
Project("{FAE04EC0-301F-11D3-BF4B-00C04F79EFBC}") = "Aria.Utilities.ParameterSubstitution", "Aria.Utilities.ParameterSubstitution\Aria.Utilities.ParameterSubstitution.csproj", "{E189E2A8-BF0D-40B6-AAA1-F91C6E74745B}"
	ProjectSection(ProjectDependencies) = postProject
		{D40DA560-4AB2-438F-96CF-2814976E1461} = {D40DA560-4AB2-438F-96CF-2814976E1461}
		{85248A73-AC2F-451A-925C-D53890F1A925} = {85248A73-AC2F-451A-925C-D53890F1A925}
		{262206F6-FFFF-4033-9CB4-197E4DD38FB9} = {262206F6-FFFF-4033-9CB4-197E4DD38FB9}
	EndProjectSection
EndProject
Project("{FAE04EC0-301F-11D3-BF4B-00C04F79EFBC}") = "Aria.Data", "Aria.Data\Aria.Data.csproj", "{85248A73-AC2F-451A-925C-D53890F1A925}"
	ProjectSection(ProjectDependencies) = postProject
		{85173585-6EB0-4E6C-A36F-9C0F5E9E4ADC} = {85173585-6EB0-4E6C-A36F-9C0F5E9E4ADC}
		{5B531295-5F2B-4044-AA31-C323E3B71BD0} = {5B531295-5F2B-4044-AA31-C323E3B71BD0}
	EndProjectSection
EndProject
Project("{FAE04EC0-301F-11D3-BF4B-00C04F79EFBC}") = "Aria.Configuration.Server", "Aria.Configuration.Server\Aria.Configuration.Server.csproj", "{DBC9B695-61AB-414C-8B27-1C1F50D1BC6B}"
	ProjectSection(ProjectDependencies) = postProject
		{C3C398B4-EAC6-4C29-A6BD-9AA378C72F22} = {C3C398B4-EAC6-4C29-A6BD-9AA378C72F22}
	EndProjectSection
EndProject
Project("{FAE04EC0-301F-11D3-BF4B-00C04F79EFBC}") = "Aria.ObjectDictionary.UI", "Aria.ObjectDictionary.UI\Aria.ObjectDictionary.UI.csproj", "{2C7489D9-117A-4B80-92A4-6D0793511390}"
EndProject
Project("{FAE04EC0-301F-11D3-BF4B-00C04F79EFBC}") = "Aria.Data.BusinessObject", "Aria.Data.BusinessObject\Aria.Data.BusinessObject.csproj", "{47C15080-690E-4236-A230-5CC563128784}"
EndProject
Project("{FAE04EC0-301F-11D3-BF4B-00C04F79EFBC}") = "Aria.HelperClass.SAAS", "Aria.HelperClass.SAAS\Aria.HelperClass.SAAS.csproj", "{B96D5364-E5AF-4024-BF24-7F27FE69A32B}"
EndProject
Project("{FAE04EC0-301F-11D3-BF4B-00C04F79EFBC}") = "Aria.DataAccessLayer", "Aria.DataAccessLayer\Aria.DataAccessLayer.csproj", "{3CF40904-D812-4188-9B1F-42A697B9E0B1}"
EndProject
Project("{FAE04EC0-301F-11D3-BF4B-00C04F79EFBC}") = "Aria.Utilities.RemoteCall", "Aria.Utilities.RemoteCall\Aria.Utilities.RemoteCall.csproj", "{F5E1C01E-0398-4E6B-8F00-2911E9B5DF06}"
EndProject
Project("{FAE04EC0-301F-11D3-BF4B-00C04F79EFBC}") = "Aria.Utilities.Log", "Aria.Utilities.Log\Aria.Utilities.Log.csproj", "{A7D39D00-C006-4079-B283-BC4D1B91D3ED}"
EndProject
Project("{FAE04EC0-301F-11D3-BF4B-00C04F79EFBC}") = "Aria.Utilities.Dictionary", "Aria.Utilities.Dictionary\Aria.Utilities.Dictionary.csproj", "{216FB726-52E9-4EAA-A387-690462049A32}"
EndProject
Project("{FAE04EC0-301F-11D3-BF4B-00C04F79EFBC}") = "Aria.RequestHandler.Troubleshooting", "Aria.RequestHandler.Troubleshooting\Aria.RequestHandler.Troubleshooting.csproj", "{8CA2ECF8-8508-40AC-BEE5-623E86245148}"
EndProject
Project("{FAE04EC0-301F-11D3-BF4B-00C04F79EFBC}") = "_TestRB", "TestRB\_TestRB.csproj", "{D1F98F13-CF3B-4292-8906-FCDC375D82D8}"
EndProject
Global
	GlobalSection(TeamFoundationVersionControl) = preSolution
		SccNumberOfProjects = 25
		SccEnterpriseProvider = {4CA58AB2-18FA-4F8D-95D4-32DDF27D184C}
		SccTeamFoundationServer = http://192.168.1.170:8080/tfs/aria
		SccLocalPath0 = .
		SccProjectUniqueName1 = Aria.Configuration.Server\\Aria.Configuration.Server.csproj
		SccProjectName1 = Aria.Configuration.Server
		SccLocalPath1 = Aria.Configuration.Server
		SccProjectUniqueName2 = Aria.Data.BusinessObject\\Aria.Data.BusinessObject.csproj
		SccProjectName2 = Aria.Data.BusinessObject
		SccLocalPath2 = Aria.Data.BusinessObject
		SccProjectUniqueName3 = Aria.Data.DataTypes\\Aria.Data.DataTypes.csproj
		SccProjectName3 = Aria.Data.DataTypes
		SccLocalPath3 = Aria.Data.DataTypes
		SccProjectUniqueName4 = Aria.Data\\Aria.Data.csproj
		SccProjectName4 = Aria.Data
		SccLocalPath4 = Aria.Data
		SccProjectUniqueName5 = Aria.DataAccessLayer\\Aria.DataAccessLayer.csproj
		SccProjectName5 = Aria.DataAccessLayer
		SccLocalPath5 = Aria.DataAccessLayer
		SccProjectUniqueName6 = Aria.DataTypes.Messaging\\Aria.DataTypes.Messaging.csproj
		SccProjectName6 = Aria.DataTypes.Messaging
		SccLocalPath6 = Aria.DataTypes.Messaging
		SccProjectUniqueName7 = Aria.DataTypes.ObjectDictionary\\Aria.DataTypes.ObjectDictionary.csproj
		SccProjectName7 = Aria.DataTypes.ObjectDictionary
		SccLocalPath7 = Aria.DataTypes.ObjectDictionary
		SccProjectUniqueName8 = Aria.DataTypes.RequestHandler\\Aria.DataTypes.RequestHandler.csproj
		SccProjectName8 = Aria.DataTypes.RequestHandler
		SccLocalPath8 = Aria.DataTypes.RequestHandler
		SccProjectUniqueName9 = Aria.DataTypes\\Aria.DataTypes.csproj
		SccProjectName9 = Aria.DataTypes
		SccLocalPath9 = Aria.DataTypes
		SccProjectUniqueName10 = Aria.EnterpriseServices.Messaging\\Aria.EnterpriseServices.Messaging.csproj
		SccProjectName10 = Aria.EnterpriseServices.Messaging
		SccLocalPath10 = Aria.EnterpriseServices.Messaging
		SccProjectUniqueName11 = Aria.EnterpriseServices.ObjectDictionary\\Aria.EnterpriseServices.ObjectDictionary.csproj
		SccProjectName11 = Aria.EnterpriseServices.ObjectDictionary
		SccLocalPath11 = Aria.EnterpriseServices.ObjectDictionary
		SccProjectUniqueName12 = Aria.EnterpriseServices.RequestHandler.Proxy\\Aria.EnterpriseServices.RequestHandler.Proxy.csproj
		SccProjectName12 = Aria.EnterpriseServices.RequestHandler.Proxy
		SccLocalPath12 = Aria.EnterpriseServices.RequestHandler.Proxy
		SccProjectUniqueName13 = Aria.EnterpriseServices.RequestHandler\\Aria.EnterpriseServices.RequestHandler.csproj
		SccProjectName13 = Aria.EnterpriseServices.RequestHandler
		SccLocalPath13 = Aria.EnterpriseServices.RequestHandler
		SccProjectUniqueName14 = Aria.Environment\\Aria.Environment.csproj
		SccProjectName14 = Aria.Environment
		SccLocalPath14 = Aria.Environment
		SccProjectUniqueName15 = Aria.HelperClass.SAAS\\Aria.HelperClass.SAAS.csproj
		SccProjectName15 = Aria.HelperClass.SAAS
		SccLocalPath15 = Aria.HelperClass.SAAS
		SccProjectUniqueName16 = Aria.ObjectDictionary.UI\\Aria.ObjectDictionary.UI.csproj
		SccProjectName16 = Aria.ObjectDictionary.UI
		SccLocalPath16 = Aria.ObjectDictionary.UI
		SccProjectUniqueName17 = Aria.Reflection\\Aria.Reflection.csproj
		SccProjectName17 = Aria.Reflection
		SccLocalPath17 = Aria.Reflection
		SccProjectUniqueName18 = Aria.RequestHandler.Troubleshooting\\Aria.RequestHandler.Troubleshooting.csproj
		SccProjectName18 = Aria.RequestHandler.Troubleshooting
		SccLocalPath18 = Aria.RequestHandler.Troubleshooting
		SccProjectUniqueName19 = Aria.Services.RequestHandler\\Aria.Services.RequestHandler.csproj
		SccProjectName19 = Aria.Services.RequestHandler
		SccLocalPath19 = Aria.Services.RequestHandler
		SccProjectUniqueName20 = Aria.Utilities.Dictionary\\Aria.Utilities.Dictionary.csproj
		SccProjectName20 = Aria.Utilities.Dictionary
		SccLocalPath20 = Aria.Utilities.Dictionary
		SccProjectUniqueName21 = Aria.Utilities.Log\\Aria.Utilities.Log.csproj
		SccProjectName21 = Aria.Utilities.Log
		SccLocalPath21 = Aria.Utilities.Log
		SccProjectUniqueName22 = Aria.Utilities.ParameterSubstitution\\Aria.Utilities.ParameterSubstitution.csproj
		SccProjectName22 = Aria.Utilities.ParameterSubstitution
		SccLocalPath22 = Aria.Utilities.ParameterSubstitution
		SccProjectUniqueName23 = Aria.Utilities.RemoteCall\\Aria.Utilities.RemoteCall.csproj
		SccProjectName23 = Aria.Utilities.RemoteCall
		SccLocalPath23 = Aria.Utilities.RemoteCall
		SccProjectUniqueName24 = Aria.Xml\\Aria.Xml.csproj
		SccProjectName24 = Aria.Xml
		SccLocalPath24 = Aria.Xml
	EndGlobalSection
	GlobalSection(SolutionConfigurationPlatforms) = preSolution
		Debug|.NET = Debug|.NET
		Debug|Any CPU = Debug|Any CPU
		Debug|Mixed Platforms = Debug|Mixed Platforms
		Debug|x86 = Debug|x86
		Release|.NET = Release|.NET
		Release|Any CPU = Release|Any CPU
		Release|Mixed Platforms = Release|Mixed Platforms
		Release|x86 = Release|x86
		Testing|.NET = Testing|.NET
		Testing|Any CPU = Testing|Any CPU
		Testing|Mixed Platforms = Testing|Mixed Platforms
		Testing|x86 = Testing|x86
	EndGlobalSection
	GlobalSection(ProjectConfigurationPlatforms) = postSolution
		{262206F6-FFFF-4033-9CB4-197E4DD38FB9}.Debug|.NET.ActiveCfg = Debug|Any CPU
		{262206F6-FFFF-4033-9CB4-197E4DD38FB9}.Debug|Any CPU.ActiveCfg = Debug|Any CPU
		{262206F6-FFFF-4033-9CB4-197E4DD38FB9}.Debug|Any CPU.Build.0 = Debug|Any CPU
		{262206F6-FFFF-4033-9CB4-197E4DD38FB9}.Debug|Mixed Platforms.ActiveCfg = Debug|Any CPU
		{262206F6-FFFF-4033-9CB4-197E4DD38FB9}.Debug|Mixed Platforms.Build.0 = Debug|Any CPU
		{262206F6-FFFF-4033-9CB4-197E4DD38FB9}.Debug|x86.ActiveCfg = Debug|Any CPU
		{262206F6-FFFF-4033-9CB4-197E4DD38FB9}.Release|.NET.ActiveCfg = Release|Any CPU
		{262206F6-FFFF-4033-9CB4-197E4DD38FB9}.Release|Any CPU.ActiveCfg = Release|Any CPU
		{262206F6-FFFF-4033-9CB4-197E4DD38FB9}.Release|Any CPU.Build.0 = Release|Any CPU
		{262206F6-FFFF-4033-9CB4-197E4DD38FB9}.Release|Mixed Platforms.ActiveCfg = Release|Any CPU
		{262206F6-FFFF-4033-9CB4-197E4DD38FB9}.Release|Mixed Platforms.Build.0 = Release|Any CPU
		{262206F6-FFFF-4033-9CB4-197E4DD38FB9}.Release|x86.ActiveCfg = Release|Any CPU
		{262206F6-FFFF-4033-9CB4-197E4DD38FB9}.Testing|.NET.ActiveCfg = Testing|Any CPU
		{262206F6-FFFF-4033-9CB4-197E4DD38FB9}.Testing|Any CPU.ActiveCfg = Testing|Any CPU
		{262206F6-FFFF-4033-9CB4-197E4DD38FB9}.Testing|Any CPU.Build.0 = Testing|Any CPU
		{262206F6-FFFF-4033-9CB4-197E4DD38FB9}.Testing|Mixed Platforms.ActiveCfg = Testing|Any CPU
		{262206F6-FFFF-4033-9CB4-197E4DD38FB9}.Testing|Mixed Platforms.Build.0 = Testing|Any CPU
		{262206F6-FFFF-4033-9CB4-197E4DD38FB9}.Testing|x86.ActiveCfg = Testing|Any CPU
		{ECCC512C-7611-49B3-991A-325903143127}.Debug|.NET.ActiveCfg = Debug|Any CPU
		{ECCC512C-7611-49B3-991A-325903143127}.Debug|Any CPU.ActiveCfg = Debug|Any CPU
		{ECCC512C-7611-49B3-991A-325903143127}.Debug|Any CPU.Build.0 = Debug|Any CPU
		{ECCC512C-7611-49B3-991A-325903143127}.Debug|Mixed Platforms.ActiveCfg = Debug|Any CPU
		{ECCC512C-7611-49B3-991A-325903143127}.Debug|Mixed Platforms.Build.0 = Debug|Any CPU
		{ECCC512C-7611-49B3-991A-325903143127}.Debug|x86.ActiveCfg = Debug|Any CPU
		{ECCC512C-7611-49B3-991A-325903143127}.Release|.NET.ActiveCfg = Release|Any CPU
		{ECCC512C-7611-49B3-991A-325903143127}.Release|Any CPU.ActiveCfg = Release|Any CPU
		{ECCC512C-7611-49B3-991A-325903143127}.Release|Any CPU.Build.0 = Release|Any CPU
		{ECCC512C-7611-49B3-991A-325903143127}.Release|Mixed Platforms.ActiveCfg = Release|Any CPU
		{ECCC512C-7611-49B3-991A-325903143127}.Release|Mixed Platforms.Build.0 = Release|Any CPU
		{ECCC512C-7611-49B3-991A-325903143127}.Release|x86.ActiveCfg = Release|Any CPU
		{ECCC512C-7611-49B3-991A-325903143127}.Testing|.NET.ActiveCfg = Testing|Any CPU
		{ECCC512C-7611-49B3-991A-325903143127}.Testing|Any CPU.ActiveCfg = Testing|Any CPU
		{ECCC512C-7611-49B3-991A-325903143127}.Testing|Any CPU.Build.0 = Testing|Any CPU
		{ECCC512C-7611-49B3-991A-325903143127}.Testing|Mixed Platforms.ActiveCfg = Testing|Any CPU
		{ECCC512C-7611-49B3-991A-325903143127}.Testing|Mixed Platforms.Build.0 = Testing|Any CPU
		{ECCC512C-7611-49B3-991A-325903143127}.Testing|x86.ActiveCfg = Testing|Any CPU
		{5B531295-5F2B-4044-AA31-C323E3B71BD0}.Debug|.NET.ActiveCfg = Debug|Any CPU
		{5B531295-5F2B-4044-AA31-C323E3B71BD0}.Debug|Any CPU.ActiveCfg = Debug|Any CPU
		{5B531295-5F2B-4044-AA31-C323E3B71BD0}.Debug|Any CPU.Build.0 = Debug|Any CPU
		{5B531295-5F2B-4044-AA31-C323E3B71BD0}.Debug|Mixed Platforms.ActiveCfg = Debug|Any CPU
		{5B531295-5F2B-4044-AA31-C323E3B71BD0}.Debug|Mixed Platforms.Build.0 = Debug|Any CPU
		{5B531295-5F2B-4044-AA31-C323E3B71BD0}.Debug|x86.ActiveCfg = Debug|Any CPU
		{5B531295-5F2B-4044-AA31-C323E3B71BD0}.Release|.NET.ActiveCfg = Release|Any CPU
		{5B531295-5F2B-4044-AA31-C323E3B71BD0}.Release|Any CPU.ActiveCfg = Release|Any CPU
		{5B531295-5F2B-4044-AA31-C323E3B71BD0}.Release|Any CPU.Build.0 = Release|Any CPU
		{5B531295-5F2B-4044-AA31-C323E3B71BD0}.Release|Mixed Platforms.ActiveCfg = Release|Any CPU
		{5B531295-5F2B-4044-AA31-C323E3B71BD0}.Release|Mixed Platforms.Build.0 = Release|Any CPU
		{5B531295-5F2B-4044-AA31-C323E3B71BD0}.Release|x86.ActiveCfg = Release|Any CPU
		{5B531295-5F2B-4044-AA31-C323E3B71BD0}.Testing|.NET.ActiveCfg = Testing|Any CPU
		{5B531295-5F2B-4044-AA31-C323E3B71BD0}.Testing|Any CPU.ActiveCfg = Testing|Any CPU
		{5B531295-5F2B-4044-AA31-C323E3B71BD0}.Testing|Any CPU.Build.0 = Testing|Any CPU
		{5B531295-5F2B-4044-AA31-C323E3B71BD0}.Testing|Mixed Platforms.ActiveCfg = Testing|Any CPU
		{5B531295-5F2B-4044-AA31-C323E3B71BD0}.Testing|Mixed Platforms.Build.0 = Testing|Any CPU
		{5B531295-5F2B-4044-AA31-C323E3B71BD0}.Testing|x86.ActiveCfg = Testing|Any CPU
		{B542AA58-DF3F-4403-A605-6F9A5515E4C8}.Debug|.NET.ActiveCfg = Debug|Any CPU
		{B542AA58-DF3F-4403-A605-6F9A5515E4C8}.Debug|Any CPU.ActiveCfg = Debug|Any CPU
		{B542AA58-DF3F-4403-A605-6F9A5515E4C8}.Debug|Any CPU.Build.0 = Debug|Any CPU
		{B542AA58-DF3F-4403-A605-6F9A5515E4C8}.Debug|Mixed Platforms.ActiveCfg = Debug|Any CPU
		{B542AA58-DF3F-4403-A605-6F9A5515E4C8}.Debug|Mixed Platforms.Build.0 = Debug|Any CPU
		{B542AA58-DF3F-4403-A605-6F9A5515E4C8}.Debug|x86.ActiveCfg = Debug|Any CPU
		{B542AA58-DF3F-4403-A605-6F9A5515E4C8}.Release|.NET.ActiveCfg = Release|Any CPU
		{B542AA58-DF3F-4403-A605-6F9A5515E4C8}.Release|Any CPU.ActiveCfg = Release|Any CPU
		{B542AA58-DF3F-4403-A605-6F9A5515E4C8}.Release|Any CPU.Build.0 = Release|Any CPU
		{B542AA58-DF3F-4403-A605-6F9A5515E4C8}.Release|Mixed Platforms.ActiveCfg = Release|Any CPU
		{B542AA58-DF3F-4403-A605-6F9A5515E4C8}.Release|Mixed Platforms.Build.0 = Release|Any CPU
		{B542AA58-DF3F-4403-A605-6F9A5515E4C8}.Release|x86.ActiveCfg = Release|Any CPU
		{B542AA58-DF3F-4403-A605-6F9A5515E4C8}.Testing|.NET.ActiveCfg = Testing|Any CPU
		{B542AA58-DF3F-4403-A605-6F9A5515E4C8}.Testing|Any CPU.ActiveCfg = Testing|Any CPU
		{B542AA58-DF3F-4403-A605-6F9A5515E4C8}.Testing|Any CPU.Build.0 = Testing|Any CPU
		{B542AA58-DF3F-4403-A605-6F9A5515E4C8}.Testing|Mixed Platforms.ActiveCfg = Testing|Any CPU
		{B542AA58-DF3F-4403-A605-6F9A5515E4C8}.Testing|Mixed Platforms.Build.0 = Testing|Any CPU
		{B542AA58-DF3F-4403-A605-6F9A5515E4C8}.Testing|x86.ActiveCfg = Testing|Any CPU
		{85173585-6EB0-4E6C-A36F-9C0F5E9E4ADC}.Debug|.NET.ActiveCfg = Debug|Any CPU
		{85173585-6EB0-4E6C-A36F-9C0F5E9E4ADC}.Debug|Any CPU.ActiveCfg = Debug|Any CPU
		{85173585-6EB0-4E6C-A36F-9C0F5E9E4ADC}.Debug|Any CPU.Build.0 = Debug|Any CPU
		{85173585-6EB0-4E6C-A36F-9C0F5E9E4ADC}.Debug|Mixed Platforms.ActiveCfg = Debug|Any CPU
		{85173585-6EB0-4E6C-A36F-9C0F5E9E4ADC}.Debug|Mixed Platforms.Build.0 = Debug|Any CPU
		{85173585-6EB0-4E6C-A36F-9C0F5E9E4ADC}.Debug|x86.ActiveCfg = Debug|Any CPU
		{85173585-6EB0-4E6C-A36F-9C0F5E9E4ADC}.Release|.NET.ActiveCfg = Release|Any CPU
		{85173585-6EB0-4E6C-A36F-9C0F5E9E4ADC}.Release|Any CPU.ActiveCfg = Release|Any CPU
		{85173585-6EB0-4E6C-A36F-9C0F5E9E4ADC}.Release|Any CPU.Build.0 = Release|Any CPU
		{85173585-6EB0-4E6C-A36F-9C0F5E9E4ADC}.Release|Mixed Platforms.ActiveCfg = Release|Any CPU
		{85173585-6EB0-4E6C-A36F-9C0F5E9E4ADC}.Release|Mixed Platforms.Build.0 = Release|Any CPU
		{85173585-6EB0-4E6C-A36F-9C0F5E9E4ADC}.Release|x86.ActiveCfg = Release|Any CPU
		{85173585-6EB0-4E6C-A36F-9C0F5E9E4ADC}.Testing|.NET.ActiveCfg = Testing|Any CPU
		{85173585-6EB0-4E6C-A36F-9C0F5E9E4ADC}.Testing|Any CPU.ActiveCfg = Testing|Any CPU
		{85173585-6EB0-4E6C-A36F-9C0F5E9E4ADC}.Testing|Any CPU.Build.0 = Testing|Any CPU
		{85173585-6EB0-4E6C-A36F-9C0F5E9E4ADC}.Testing|Mixed Platforms.ActiveCfg = Testing|Any CPU
		{85173585-6EB0-4E6C-A36F-9C0F5E9E4ADC}.Testing|Mixed Platforms.Build.0 = Testing|Any CPU
		{85173585-6EB0-4E6C-A36F-9C0F5E9E4ADC}.Testing|x86.ActiveCfg = Testing|Any CPU
		{D40DA560-4AB2-438F-96CF-2814976E1461}.Debug|.NET.ActiveCfg = Debug|Any CPU
		{D40DA560-4AB2-438F-96CF-2814976E1461}.Debug|Any CPU.ActiveCfg = Debug|Any CPU
		{D40DA560-4AB2-438F-96CF-2814976E1461}.Debug|Any CPU.Build.0 = Debug|Any CPU
		{D40DA560-4AB2-438F-96CF-2814976E1461}.Debug|Mixed Platforms.ActiveCfg = Debug|Any CPU
		{D40DA560-4AB2-438F-96CF-2814976E1461}.Debug|Mixed Platforms.Build.0 = Debug|Any CPU
		{D40DA560-4AB2-438F-96CF-2814976E1461}.Debug|x86.ActiveCfg = Debug|Any CPU
		{D40DA560-4AB2-438F-96CF-2814976E1461}.Release|.NET.ActiveCfg = Release|Any CPU
		{D40DA560-4AB2-438F-96CF-2814976E1461}.Release|Any CPU.ActiveCfg = Release|Any CPU
		{D40DA560-4AB2-438F-96CF-2814976E1461}.Release|Any CPU.Build.0 = Release|Any CPU
		{D40DA560-4AB2-438F-96CF-2814976E1461}.Release|Mixed Platforms.ActiveCfg = Release|Any CPU
		{D40DA560-4AB2-438F-96CF-2814976E1461}.Release|Mixed Platforms.Build.0 = Release|Any CPU
		{D40DA560-4AB2-438F-96CF-2814976E1461}.Release|x86.ActiveCfg = Release|Any CPU
		{D40DA560-4AB2-438F-96CF-2814976E1461}.Testing|.NET.ActiveCfg = Testing|Any CPU
		{D40DA560-4AB2-438F-96CF-2814976E1461}.Testing|Any CPU.ActiveCfg = Testing|Any CPU
		{D40DA560-4AB2-438F-96CF-2814976E1461}.Testing|Any CPU.Build.0 = Testing|Any CPU
		{D40DA560-4AB2-438F-96CF-2814976E1461}.Testing|Mixed Platforms.ActiveCfg = Testing|Any CPU
		{D40DA560-4AB2-438F-96CF-2814976E1461}.Testing|Mixed Platforms.Build.0 = Testing|Any CPU
		{D40DA560-4AB2-438F-96CF-2814976E1461}.Testing|x86.ActiveCfg = Testing|Any CPU
		{C3C398B4-EAC6-4C29-A6BD-9AA378C72F22}.Debug|.NET.ActiveCfg = Debug|Any CPU
		{C3C398B4-EAC6-4C29-A6BD-9AA378C72F22}.Debug|Any CPU.ActiveCfg = Debug|Any CPU
		{C3C398B4-EAC6-4C29-A6BD-9AA378C72F22}.Debug|Any CPU.Build.0 = Debug|Any CPU
		{C3C398B4-EAC6-4C29-A6BD-9AA378C72F22}.Debug|Mixed Platforms.ActiveCfg = Debug|Any CPU
		{C3C398B4-EAC6-4C29-A6BD-9AA378C72F22}.Debug|Mixed Platforms.Build.0 = Debug|Any CPU
		{C3C398B4-EAC6-4C29-A6BD-9AA378C72F22}.Debug|x86.ActiveCfg = Debug|Any CPU
		{C3C398B4-EAC6-4C29-A6BD-9AA378C72F22}.Release|.NET.ActiveCfg = Release|Any CPU
		{C3C398B4-EAC6-4C29-A6BD-9AA378C72F22}.Release|Any CPU.ActiveCfg = Release|Any CPU
		{C3C398B4-EAC6-4C29-A6BD-9AA378C72F22}.Release|Any CPU.Build.0 = Release|Any CPU
		{C3C398B4-EAC6-4C29-A6BD-9AA378C72F22}.Release|Mixed Platforms.ActiveCfg = Release|Any CPU
		{C3C398B4-EAC6-4C29-A6BD-9AA378C72F22}.Release|Mixed Platforms.Build.0 = Release|Any CPU
		{C3C398B4-EAC6-4C29-A6BD-9AA378C72F22}.Release|x86.ActiveCfg = Release|Any CPU
		{C3C398B4-EAC6-4C29-A6BD-9AA378C72F22}.Testing|.NET.ActiveCfg = Testing|Any CPU
		{C3C398B4-EAC6-4C29-A6BD-9AA378C72F22}.Testing|Any CPU.ActiveCfg = Testing|Any CPU
		{C3C398B4-EAC6-4C29-A6BD-9AA378C72F22}.Testing|Any CPU.Build.0 = Testing|Any CPU
		{C3C398B4-EAC6-4C29-A6BD-9AA378C72F22}.Testing|Mixed Platforms.ActiveCfg = Testing|Any CPU
		{C3C398B4-EAC6-4C29-A6BD-9AA378C72F22}.Testing|Mixed Platforms.Build.0 = Testing|Any CPU
		{C3C398B4-EAC6-4C29-A6BD-9AA378C72F22}.Testing|x86.ActiveCfg = Testing|Any CPU
		{3D822713-BA7D-4895-9ADB-7FCFF066235C}.Debug|.NET.ActiveCfg = Debug|Any CPU
		{3D822713-BA7D-4895-9ADB-7FCFF066235C}.Debug|Any CPU.ActiveCfg = Debug|Any CPU
		{3D822713-BA7D-4895-9ADB-7FCFF066235C}.Debug|Any CPU.Build.0 = Debug|Any CPU
		{3D822713-BA7D-4895-9ADB-7FCFF066235C}.Debug|Mixed Platforms.ActiveCfg = Debug|Any CPU
		{3D822713-BA7D-4895-9ADB-7FCFF066235C}.Debug|Mixed Platforms.Build.0 = Debug|Any CPU
		{3D822713-BA7D-4895-9ADB-7FCFF066235C}.Debug|x86.ActiveCfg = Debug|Any CPU
		{3D822713-BA7D-4895-9ADB-7FCFF066235C}.Release|.NET.ActiveCfg = Release|Any CPU
		{3D822713-BA7D-4895-9ADB-7FCFF066235C}.Release|Any CPU.ActiveCfg = Release|Any CPU
		{3D822713-BA7D-4895-9ADB-7FCFF066235C}.Release|Any CPU.Build.0 = Release|Any CPU
		{3D822713-BA7D-4895-9ADB-7FCFF066235C}.Release|Mixed Platforms.ActiveCfg = Release|Any CPU
		{3D822713-BA7D-4895-9ADB-7FCFF066235C}.Release|Mixed Platforms.Build.0 = Release|Any CPU
		{3D822713-BA7D-4895-9ADB-7FCFF066235C}.Release|x86.ActiveCfg = Release|Any CPU
		{3D822713-BA7D-4895-9ADB-7FCFF066235C}.Testing|.NET.ActiveCfg = Testing|Any CPU
		{3D822713-BA7D-4895-9ADB-7FCFF066235C}.Testing|Any CPU.ActiveCfg = Testing|Any CPU
		{3D822713-BA7D-4895-9ADB-7FCFF066235C}.Testing|Any CPU.Build.0 = Testing|Any CPU
		{3D822713-BA7D-4895-9ADB-7FCFF066235C}.Testing|Mixed Platforms.ActiveCfg = Testing|Any CPU
		{3D822713-BA7D-4895-9ADB-7FCFF066235C}.Testing|Mixed Platforms.Build.0 = Testing|Any CPU
		{3D822713-BA7D-4895-9ADB-7FCFF066235C}.Testing|x86.ActiveCfg = Testing|Any CPU
		{261F3A34-8F07-434C-B1B4-49A3755A8005}.Debug|.NET.ActiveCfg = Debug|Any CPU
		{261F3A34-8F07-434C-B1B4-49A3755A8005}.Debug|Any CPU.ActiveCfg = Debug|Any CPU
		{261F3A34-8F07-434C-B1B4-49A3755A8005}.Debug|Any CPU.Build.0 = Debug|Any CPU
		{261F3A34-8F07-434C-B1B4-49A3755A8005}.Debug|Mixed Platforms.ActiveCfg = Debug|Any CPU
		{261F3A34-8F07-434C-B1B4-49A3755A8005}.Debug|Mixed Platforms.Build.0 = Debug|Any CPU
		{261F3A34-8F07-434C-B1B4-49A3755A8005}.Debug|x86.ActiveCfg = Debug|Any CPU
		{261F3A34-8F07-434C-B1B4-49A3755A8005}.Release|.NET.ActiveCfg = Release|Any CPU
		{261F3A34-8F07-434C-B1B4-49A3755A8005}.Release|Any CPU.ActiveCfg = Release|Any CPU
		{261F3A34-8F07-434C-B1B4-49A3755A8005}.Release|Any CPU.Build.0 = Release|Any CPU
		{261F3A34-8F07-434C-B1B4-49A3755A8005}.Release|Mixed Platforms.ActiveCfg = Release|Any CPU
		{261F3A34-8F07-434C-B1B4-49A3755A8005}.Release|Mixed Platforms.Build.0 = Release|Any CPU
		{261F3A34-8F07-434C-B1B4-49A3755A8005}.Release|x86.ActiveCfg = Release|Any CPU
		{261F3A34-8F07-434C-B1B4-49A3755A8005}.Testing|.NET.ActiveCfg = Testing|Any CPU
		{261F3A34-8F07-434C-B1B4-49A3755A8005}.Testing|Any CPU.ActiveCfg = Testing|Any CPU
		{261F3A34-8F07-434C-B1B4-49A3755A8005}.Testing|Any CPU.Build.0 = Testing|Any CPU
		{261F3A34-8F07-434C-B1B4-49A3755A8005}.Testing|Mixed Platforms.ActiveCfg = Testing|Any CPU
		{261F3A34-8F07-434C-B1B4-49A3755A8005}.Testing|Mixed Platforms.Build.0 = Testing|Any CPU
		{261F3A34-8F07-434C-B1B4-49A3755A8005}.Testing|x86.ActiveCfg = Testing|Any CPU
		{DE3399CF-AF2C-4773-95F8-BF00ACE30E2E}.Debug|.NET.ActiveCfg = Debug|Any CPU
		{DE3399CF-AF2C-4773-95F8-BF00ACE30E2E}.Debug|Any CPU.ActiveCfg = Debug|Any CPU
		{DE3399CF-AF2C-4773-95F8-BF00ACE30E2E}.Debug|Any CPU.Build.0 = Debug|Any CPU
		{DE3399CF-AF2C-4773-95F8-BF00ACE30E2E}.Debug|Mixed Platforms.ActiveCfg = Debug|Any CPU
		{DE3399CF-AF2C-4773-95F8-BF00ACE30E2E}.Debug|Mixed Platforms.Build.0 = Debug|Any CPU
		{DE3399CF-AF2C-4773-95F8-BF00ACE30E2E}.Debug|x86.ActiveCfg = Debug|Any CPU
		{DE3399CF-AF2C-4773-95F8-BF00ACE30E2E}.Release|.NET.ActiveCfg = Release|Any CPU
		{DE3399CF-AF2C-4773-95F8-BF00ACE30E2E}.Release|Any CPU.ActiveCfg = Release|Any CPU
		{DE3399CF-AF2C-4773-95F8-BF00ACE30E2E}.Release|Any CPU.Build.0 = Release|Any CPU
		{DE3399CF-AF2C-4773-95F8-BF00ACE30E2E}.Release|Mixed Platforms.ActiveCfg = Release|Any CPU
		{DE3399CF-AF2C-4773-95F8-BF00ACE30E2E}.Release|Mixed Platforms.Build.0 = Release|Any CPU
		{DE3399CF-AF2C-4773-95F8-BF00ACE30E2E}.Release|x86.ActiveCfg = Release|Any CPU
		{DE3399CF-AF2C-4773-95F8-BF00ACE30E2E}.Testing|.NET.ActiveCfg = Testing|Any CPU
		{DE3399CF-AF2C-4773-95F8-BF00ACE30E2E}.Testing|Any CPU.ActiveCfg = Testing|Any CPU
		{DE3399CF-AF2C-4773-95F8-BF00ACE30E2E}.Testing|Any CPU.Build.0 = Testing|Any CPU
		{DE3399CF-AF2C-4773-95F8-BF00ACE30E2E}.Testing|Mixed Platforms.ActiveCfg = Testing|Any CPU
		{DE3399CF-AF2C-4773-95F8-BF00ACE30E2E}.Testing|Mixed Platforms.Build.0 = Testing|Any CPU
		{DE3399CF-AF2C-4773-95F8-BF00ACE30E2E}.Testing|x86.ActiveCfg = Testing|Any CPU
		{BF6FB660-921D-48C5-9369-029987F094A5}.Debug|.NET.ActiveCfg = Debug|Any CPU
		{BF6FB660-921D-48C5-9369-029987F094A5}.Debug|Any CPU.ActiveCfg = Debug|Any CPU
		{BF6FB660-921D-48C5-9369-029987F094A5}.Debug|Any CPU.Build.0 = Debug|Any CPU
		{BF6FB660-921D-48C5-9369-029987F094A5}.Debug|Mixed Platforms.ActiveCfg = Debug|Any CPU
		{BF6FB660-921D-48C5-9369-029987F094A5}.Debug|Mixed Platforms.Build.0 = Debug|Any CPU
		{BF6FB660-921D-48C5-9369-029987F094A5}.Debug|x86.ActiveCfg = Debug|Any CPU
		{BF6FB660-921D-48C5-9369-029987F094A5}.Release|.NET.ActiveCfg = Release|Any CPU
		{BF6FB660-921D-48C5-9369-029987F094A5}.Release|Any CPU.ActiveCfg = Release|Any CPU
		{BF6FB660-921D-48C5-9369-029987F094A5}.Release|Any CPU.Build.0 = Release|Any CPU
		{BF6FB660-921D-48C5-9369-029987F094A5}.Release|Mixed Platforms.ActiveCfg = Release|Any CPU
		{BF6FB660-921D-48C5-9369-029987F094A5}.Release|Mixed Platforms.Build.0 = Release|Any CPU
		{BF6FB660-921D-48C5-9369-029987F094A5}.Release|x86.ActiveCfg = Release|Any CPU
		{BF6FB660-921D-48C5-9369-029987F094A5}.Testing|.NET.ActiveCfg = Testing|Any CPU
		{BF6FB660-921D-48C5-9369-029987F094A5}.Testing|Any CPU.ActiveCfg = Testing|Any CPU
		{BF6FB660-921D-48C5-9369-029987F094A5}.Testing|Any CPU.Build.0 = Testing|Any CPU
		{BF6FB660-921D-48C5-9369-029987F094A5}.Testing|Mixed Platforms.ActiveCfg = Testing|Any CPU
		{BF6FB660-921D-48C5-9369-029987F094A5}.Testing|Mixed Platforms.Build.0 = Testing|Any CPU
		{BF6FB660-921D-48C5-9369-029987F094A5}.Testing|x86.ActiveCfg = Testing|Any CPU
		{CC6FACCF-8A22-44B5-8930-2BC8B7739FFF}.Debug|.NET.ActiveCfg = Debug|Any CPU
		{CC6FACCF-8A22-44B5-8930-2BC8B7739FFF}.Debug|Any CPU.ActiveCfg = Debug|Any CPU
		{CC6FACCF-8A22-44B5-8930-2BC8B7739FFF}.Debug|Any CPU.Build.0 = Debug|Any CPU
		{CC6FACCF-8A22-44B5-8930-2BC8B7739FFF}.Debug|Mixed Platforms.ActiveCfg = Debug|Any CPU
		{CC6FACCF-8A22-44B5-8930-2BC8B7739FFF}.Debug|Mixed Platforms.Build.0 = Debug|Any CPU
		{CC6FACCF-8A22-44B5-8930-2BC8B7739FFF}.Debug|x86.ActiveCfg = Debug|Any CPU
		{CC6FACCF-8A22-44B5-8930-2BC8B7739FFF}.Release|.NET.ActiveCfg = Release|Any CPU
		{CC6FACCF-8A22-44B5-8930-2BC8B7739FFF}.Release|Any CPU.ActiveCfg = Release|Any CPU
		{CC6FACCF-8A22-44B5-8930-2BC8B7739FFF}.Release|Any CPU.Build.0 = Release|Any CPU
		{CC6FACCF-8A22-44B5-8930-2BC8B7739FFF}.Release|Mixed Platforms.ActiveCfg = Release|Any CPU
		{CC6FACCF-8A22-44B5-8930-2BC8B7739FFF}.Release|Mixed Platforms.Build.0 = Release|Any CPU
		{CC6FACCF-8A22-44B5-8930-2BC8B7739FFF}.Release|x86.ActiveCfg = Release|Any CPU
		{CC6FACCF-8A22-44B5-8930-2BC8B7739FFF}.Testing|.NET.ActiveCfg = Release|Any CPU
		{CC6FACCF-8A22-44B5-8930-2BC8B7739FFF}.Testing|Any CPU.ActiveCfg = Release|Any CPU
		{CC6FACCF-8A22-44B5-8930-2BC8B7739FFF}.Testing|Any CPU.Build.0 = Release|Any CPU
		{CC6FACCF-8A22-44B5-8930-2BC8B7739FFF}.Testing|Mixed Platforms.ActiveCfg = Release|Any CPU
		{CC6FACCF-8A22-44B5-8930-2BC8B7739FFF}.Testing|Mixed Platforms.Build.0 = Release|Any CPU
		{CC6FACCF-8A22-44B5-8930-2BC8B7739FFF}.Testing|x86.ActiveCfg = Release|Any CPU
		{3665FFFF-9142-4AF1-BF96-3259F18D7337}.Debug|.NET.ActiveCfg = Debug|Any CPU
		{3665FFFF-9142-4AF1-BF96-3259F18D7337}.Debug|Any CPU.ActiveCfg = Debug|Any CPU
		{3665FFFF-9142-4AF1-BF96-3259F18D7337}.Debug|Any CPU.Build.0 = Debug|Any CPU
		{3665FFFF-9142-4AF1-BF96-3259F18D7337}.Debug|Mixed Platforms.ActiveCfg = Debug|Any CPU
		{3665FFFF-9142-4AF1-BF96-3259F18D7337}.Debug|Mixed Platforms.Build.0 = Debug|Any CPU
		{3665FFFF-9142-4AF1-BF96-3259F18D7337}.Debug|x86.ActiveCfg = Debug|Any CPU
		{3665FFFF-9142-4AF1-BF96-3259F18D7337}.Release|.NET.ActiveCfg = Release|Any CPU
		{3665FFFF-9142-4AF1-BF96-3259F18D7337}.Release|Any CPU.ActiveCfg = Release|Any CPU
		{3665FFFF-9142-4AF1-BF96-3259F18D7337}.Release|Any CPU.Build.0 = Release|Any CPU
		{3665FFFF-9142-4AF1-BF96-3259F18D7337}.Release|Mixed Platforms.ActiveCfg = Release|Any CPU
		{3665FFFF-9142-4AF1-BF96-3259F18D7337}.Release|Mixed Platforms.Build.0 = Release|Any CPU
		{3665FFFF-9142-4AF1-BF96-3259F18D7337}.Release|x86.ActiveCfg = Release|Any CPU
		{3665FFFF-9142-4AF1-BF96-3259F18D7337}.Testing|.NET.ActiveCfg = Release|Any CPU
		{3665FFFF-9142-4AF1-BF96-3259F18D7337}.Testing|Any CPU.ActiveCfg = Release|Any CPU
		{3665FFFF-9142-4AF1-BF96-3259F18D7337}.Testing|Any CPU.Build.0 = Release|Any CPU
		{3665FFFF-9142-4AF1-BF96-3259F18D7337}.Testing|Mixed Platforms.ActiveCfg = Release|Any CPU
		{3665FFFF-9142-4AF1-BF96-3259F18D7337}.Testing|Mixed Platforms.Build.0 = Release|Any CPU
		{3665FFFF-9142-4AF1-BF96-3259F18D7337}.Testing|x86.ActiveCfg = Release|Any CPU
		{E189E2A8-BF0D-40B6-AAA1-F91C6E74745B}.Debug|.NET.ActiveCfg = Debug|Any CPU
		{E189E2A8-BF0D-40B6-AAA1-F91C6E74745B}.Debug|Any CPU.ActiveCfg = Debug|Any CPU
		{E189E2A8-BF0D-40B6-AAA1-F91C6E74745B}.Debug|Any CPU.Build.0 = Debug|Any CPU
		{E189E2A8-BF0D-40B6-AAA1-F91C6E74745B}.Debug|Mixed Platforms.ActiveCfg = Debug|Any CPU
		{E189E2A8-BF0D-40B6-AAA1-F91C6E74745B}.Debug|Mixed Platforms.Build.0 = Debug|Any CPU
		{E189E2A8-BF0D-40B6-AAA1-F91C6E74745B}.Debug|x86.ActiveCfg = Debug|Any CPU
		{E189E2A8-BF0D-40B6-AAA1-F91C6E74745B}.Release|.NET.ActiveCfg = Release|Any CPU
		{E189E2A8-BF0D-40B6-AAA1-F91C6E74745B}.Release|Any CPU.ActiveCfg = Release|Any CPU
		{E189E2A8-BF0D-40B6-AAA1-F91C6E74745B}.Release|Any CPU.Build.0 = Release|Any CPU
		{E189E2A8-BF0D-40B6-AAA1-F91C6E74745B}.Release|Mixed Platforms.ActiveCfg = Release|Any CPU
		{E189E2A8-BF0D-40B6-AAA1-F91C6E74745B}.Release|Mixed Platforms.Build.0 = Release|Any CPU
		{E189E2A8-BF0D-40B6-AAA1-F91C6E74745B}.Release|x86.ActiveCfg = Release|Any CPU
		{E189E2A8-BF0D-40B6-AAA1-F91C6E74745B}.Testing|.NET.ActiveCfg = Release|Any CPU
		{E189E2A8-BF0D-40B6-AAA1-F91C6E74745B}.Testing|Any CPU.ActiveCfg = Release|Any CPU
		{E189E2A8-BF0D-40B6-AAA1-F91C6E74745B}.Testing|Any CPU.Build.0 = Release|Any CPU
		{E189E2A8-BF0D-40B6-AAA1-F91C6E74745B}.Testing|Mixed Platforms.ActiveCfg = Release|Any CPU
		{E189E2A8-BF0D-40B6-AAA1-F91C6E74745B}.Testing|Mixed Platforms.Build.0 = Release|Any CPU
		{E189E2A8-BF0D-40B6-AAA1-F91C6E74745B}.Testing|x86.ActiveCfg = Release|Any CPU
		{85248A73-AC2F-451A-925C-D53890F1A925}.Debug|.NET.ActiveCfg = Debug|Any CPU
		{85248A73-AC2F-451A-925C-D53890F1A925}.Debug|Any CPU.ActiveCfg = Debug|Any CPU
		{85248A73-AC2F-451A-925C-D53890F1A925}.Debug|Any CPU.Build.0 = Debug|Any CPU
		{85248A73-AC2F-451A-925C-D53890F1A925}.Debug|Mixed Platforms.ActiveCfg = Debug|Any CPU
		{85248A73-AC2F-451A-925C-D53890F1A925}.Debug|Mixed Platforms.Build.0 = Debug|Any CPU
		{85248A73-AC2F-451A-925C-D53890F1A925}.Debug|x86.ActiveCfg = Debug|Any CPU
		{85248A73-AC2F-451A-925C-D53890F1A925}.Release|.NET.ActiveCfg = Release|Any CPU
		{85248A73-AC2F-451A-925C-D53890F1A925}.Release|Any CPU.ActiveCfg = Release|Any CPU
		{85248A73-AC2F-451A-925C-D53890F1A925}.Release|Any CPU.Build.0 = Release|Any CPU
		{85248A73-AC2F-451A-925C-D53890F1A925}.Release|Mixed Platforms.ActiveCfg = Release|Any CPU
		{85248A73-AC2F-451A-925C-D53890F1A925}.Release|Mixed Platforms.Build.0 = Release|Any CPU
		{85248A73-AC2F-451A-925C-D53890F1A925}.Release|x86.ActiveCfg = Release|Any CPU
		{85248A73-AC2F-451A-925C-D53890F1A925}.Testing|.NET.ActiveCfg = Release|Any CPU
		{85248A73-AC2F-451A-925C-D53890F1A925}.Testing|Any CPU.ActiveCfg = Release|Any CPU
		{85248A73-AC2F-451A-925C-D53890F1A925}.Testing|Any CPU.Build.0 = Release|Any CPU
		{85248A73-AC2F-451A-925C-D53890F1A925}.Testing|Mixed Platforms.ActiveCfg = Release|Any CPU
		{85248A73-AC2F-451A-925C-D53890F1A925}.Testing|Mixed Platforms.Build.0 = Release|Any CPU
		{85248A73-AC2F-451A-925C-D53890F1A925}.Testing|x86.ActiveCfg = Release|Any CPU
		{DBC9B695-61AB-414C-8B27-1C1F50D1BC6B}.Debug|.NET.ActiveCfg = Debug|Any CPU
		{DBC9B695-61AB-414C-8B27-1C1F50D1BC6B}.Debug|Any CPU.ActiveCfg = Debug|Any CPU
		{DBC9B695-61AB-414C-8B27-1C1F50D1BC6B}.Debug|Any CPU.Build.0 = Debug|Any CPU
		{DBC9B695-61AB-414C-8B27-1C1F50D1BC6B}.Debug|Mixed Platforms.ActiveCfg = Debug|Any CPU
		{DBC9B695-61AB-414C-8B27-1C1F50D1BC6B}.Debug|Mixed Platforms.Build.0 = Debug|Any CPU
		{DBC9B695-61AB-414C-8B27-1C1F50D1BC6B}.Debug|x86.ActiveCfg = Debug|Any CPU
		{DBC9B695-61AB-414C-8B27-1C1F50D1BC6B}.Release|.NET.ActiveCfg = Release|Any CPU
		{DBC9B695-61AB-414C-8B27-1C1F50D1BC6B}.Release|Any CPU.ActiveCfg = Release|Any CPU
		{DBC9B695-61AB-414C-8B27-1C1F50D1BC6B}.Release|Any CPU.Build.0 = Release|Any CPU
		{DBC9B695-61AB-414C-8B27-1C1F50D1BC6B}.Release|Mixed Platforms.ActiveCfg = Release|Any CPU
		{DBC9B695-61AB-414C-8B27-1C1F50D1BC6B}.Release|Mixed Platforms.Build.0 = Release|Any CPU
		{DBC9B695-61AB-414C-8B27-1C1F50D1BC6B}.Release|x86.ActiveCfg = Release|Any CPU
		{DBC9B695-61AB-414C-8B27-1C1F50D1BC6B}.Testing|.NET.ActiveCfg = Release|Any CPU
		{DBC9B695-61AB-414C-8B27-1C1F50D1BC6B}.Testing|Any CPU.ActiveCfg = Release|Any CPU
		{DBC9B695-61AB-414C-8B27-1C1F50D1BC6B}.Testing|Any CPU.Build.0 = Release|Any CPU
		{DBC9B695-61AB-414C-8B27-1C1F50D1BC6B}.Testing|Mixed Platforms.ActiveCfg = Release|Any CPU
		{DBC9B695-61AB-414C-8B27-1C1F50D1BC6B}.Testing|Mixed Platforms.Build.0 = Release|Any CPU
		{DBC9B695-61AB-414C-8B27-1C1F50D1BC6B}.Testing|x86.ActiveCfg = Release|Any CPU
		{2C7489D9-117A-4B80-92A4-6D0793511390}.Debug|.NET.ActiveCfg = Debug|Any CPU
		{2C7489D9-117A-4B80-92A4-6D0793511390}.Debug|Any CPU.ActiveCfg = Debug|Any CPU
		{2C7489D9-117A-4B80-92A4-6D0793511390}.Debug|Any CPU.Build.0 = Debug|Any CPU
		{2C7489D9-117A-4B80-92A4-6D0793511390}.Debug|Mixed Platforms.ActiveCfg = Debug|Any CPU
		{2C7489D9-117A-4B80-92A4-6D0793511390}.Debug|Mixed Platforms.Build.0 = Debug|Any CPU
		{2C7489D9-117A-4B80-92A4-6D0793511390}.Debug|x86.ActiveCfg = Debug|Any CPU
		{2C7489D9-117A-4B80-92A4-6D0793511390}.Release|.NET.ActiveCfg = Release|Any CPU
		{2C7489D9-117A-4B80-92A4-6D0793511390}.Release|Any CPU.ActiveCfg = Release|Any CPU
		{2C7489D9-117A-4B80-92A4-6D0793511390}.Release|Any CPU.Build.0 = Release|Any CPU
		{2C7489D9-117A-4B80-92A4-6D0793511390}.Release|Mixed Platforms.ActiveCfg = Release|Any CPU
		{2C7489D9-117A-4B80-92A4-6D0793511390}.Release|Mixed Platforms.Build.0 = Release|Any CPU
		{2C7489D9-117A-4B80-92A4-6D0793511390}.Release|x86.ActiveCfg = Release|Any CPU
		{2C7489D9-117A-4B80-92A4-6D0793511390}.Testing|.NET.ActiveCfg = Release|Any CPU
		{2C7489D9-117A-4B80-92A4-6D0793511390}.Testing|Any CPU.ActiveCfg = Release|Any CPU
		{2C7489D9-117A-4B80-92A4-6D0793511390}.Testing|Any CPU.Build.0 = Release|Any CPU
		{2C7489D9-117A-4B80-92A4-6D0793511390}.Testing|Mixed Platforms.ActiveCfg = Release|Any CPU
		{2C7489D9-117A-4B80-92A4-6D0793511390}.Testing|Mixed Platforms.Build.0 = Release|Any CPU
		{2C7489D9-117A-4B80-92A4-6D0793511390}.Testing|x86.ActiveCfg = Release|Any CPU
		{47C15080-690E-4236-A230-5CC563128784}.Debug|.NET.ActiveCfg = Debug|Any CPU
		{47C15080-690E-4236-A230-5CC563128784}.Debug|Any CPU.ActiveCfg = Debug|Any CPU
		{47C15080-690E-4236-A230-5CC563128784}.Debug|Any CPU.Build.0 = Debug|Any CPU
		{47C15080-690E-4236-A230-5CC563128784}.Debug|Mixed Platforms.ActiveCfg = Debug|Any CPU
		{47C15080-690E-4236-A230-5CC563128784}.Debug|Mixed Platforms.Build.0 = Debug|Any CPU
		{47C15080-690E-4236-A230-5CC563128784}.Debug|x86.ActiveCfg = Debug|Any CPU
		{47C15080-690E-4236-A230-5CC563128784}.Release|.NET.ActiveCfg = Release|Any CPU
		{47C15080-690E-4236-A230-5CC563128784}.Release|Any CPU.ActiveCfg = Release|Any CPU
		{47C15080-690E-4236-A230-5CC563128784}.Release|Any CPU.Build.0 = Release|Any CPU
		{47C15080-690E-4236-A230-5CC563128784}.Release|Mixed Platforms.ActiveCfg = Release|Any CPU
		{47C15080-690E-4236-A230-5CC563128784}.Release|Mixed Platforms.Build.0 = Release|Any CPU
		{47C15080-690E-4236-A230-5CC563128784}.Release|x86.ActiveCfg = Release|Any CPU
		{47C15080-690E-4236-A230-5CC563128784}.Testing|.NET.ActiveCfg = Release|Any CPU
		{47C15080-690E-4236-A230-5CC563128784}.Testing|Any CPU.ActiveCfg = Release|Any CPU
		{47C15080-690E-4236-A230-5CC563128784}.Testing|Any CPU.Build.0 = Release|Any CPU
		{47C15080-690E-4236-A230-5CC563128784}.Testing|Mixed Platforms.ActiveCfg = Release|Any CPU
		{47C15080-690E-4236-A230-5CC563128784}.Testing|Mixed Platforms.Build.0 = Release|Any CPU
		{47C15080-690E-4236-A230-5CC563128784}.Testing|x86.ActiveCfg = Release|Any CPU
		{B96D5364-E5AF-4024-BF24-7F27FE69A32B}.Debug|.NET.ActiveCfg = Debug|Any CPU
		{B96D5364-E5AF-4024-BF24-7F27FE69A32B}.Debug|Any CPU.ActiveCfg = Debug|Any CPU
		{B96D5364-E5AF-4024-BF24-7F27FE69A32B}.Debug|Any CPU.Build.0 = Debug|Any CPU
		{B96D5364-E5AF-4024-BF24-7F27FE69A32B}.Debug|Mixed Platforms.ActiveCfg = Debug|Any CPU
		{B96D5364-E5AF-4024-BF24-7F27FE69A32B}.Debug|Mixed Platforms.Build.0 = Debug|Any CPU
		{B96D5364-E5AF-4024-BF24-7F27FE69A32B}.Debug|x86.ActiveCfg = Debug|Any CPU
		{B96D5364-E5AF-4024-BF24-7F27FE69A32B}.Release|.NET.ActiveCfg = Release|Any CPU
		{B96D5364-E5AF-4024-BF24-7F27FE69A32B}.Release|Any CPU.ActiveCfg = Release|Any CPU
		{B96D5364-E5AF-4024-BF24-7F27FE69A32B}.Release|Any CPU.Build.0 = Release|Any CPU
		{B96D5364-E5AF-4024-BF24-7F27FE69A32B}.Release|Mixed Platforms.ActiveCfg = Release|Any CPU
		{B96D5364-E5AF-4024-BF24-7F27FE69A32B}.Release|Mixed Platforms.Build.0 = Release|Any CPU
		{B96D5364-E5AF-4024-BF24-7F27FE69A32B}.Release|x86.ActiveCfg = Release|Any CPU
		{B96D5364-E5AF-4024-BF24-7F27FE69A32B}.Testing|.NET.ActiveCfg = Release|Any CPU
		{B96D5364-E5AF-4024-BF24-7F27FE69A32B}.Testing|Any CPU.ActiveCfg = Release|Any CPU
		{B96D5364-E5AF-4024-BF24-7F27FE69A32B}.Testing|Any CPU.Build.0 = Release|Any CPU
		{B96D5364-E5AF-4024-BF24-7F27FE69A32B}.Testing|Mixed Platforms.ActiveCfg = Release|Any CPU
		{B96D5364-E5AF-4024-BF24-7F27FE69A32B}.Testing|Mixed Platforms.Build.0 = Release|Any CPU
		{B96D5364-E5AF-4024-BF24-7F27FE69A32B}.Testing|x86.ActiveCfg = Release|Any CPU
		{3CF40904-D812-4188-9B1F-42A697B9E0B1}.Debug|.NET.ActiveCfg = Debug|Any CPU
		{3CF40904-D812-4188-9B1F-42A697B9E0B1}.Debug|Any CPU.ActiveCfg = Debug|Any CPU
		{3CF40904-D812-4188-9B1F-42A697B9E0B1}.Debug|Any CPU.Build.0 = Debug|Any CPU
		{3CF40904-D812-4188-9B1F-42A697B9E0B1}.Debug|Mixed Platforms.ActiveCfg = Debug|Any CPU
		{3CF40904-D812-4188-9B1F-42A697B9E0B1}.Debug|Mixed Platforms.Build.0 = Debug|Any CPU
		{3CF40904-D812-4188-9B1F-42A697B9E0B1}.Debug|x86.ActiveCfg = Debug|Any CPU
		{3CF40904-D812-4188-9B1F-42A697B9E0B1}.Release|.NET.ActiveCfg = Release|Any CPU
		{3CF40904-D812-4188-9B1F-42A697B9E0B1}.Release|Any CPU.ActiveCfg = Release|Any CPU
		{3CF40904-D812-4188-9B1F-42A697B9E0B1}.Release|Any CPU.Build.0 = Release|Any CPU
		{3CF40904-D812-4188-9B1F-42A697B9E0B1}.Release|Mixed Platforms.ActiveCfg = Release|Any CPU
		{3CF40904-D812-4188-9B1F-42A697B9E0B1}.Release|Mixed Platforms.Build.0 = Release|Any CPU
		{3CF40904-D812-4188-9B1F-42A697B9E0B1}.Release|x86.ActiveCfg = Release|Any CPU
		{3CF40904-D812-4188-9B1F-42A697B9E0B1}.Testing|.NET.ActiveCfg = Release|Any CPU
		{3CF40904-D812-4188-9B1F-42A697B9E0B1}.Testing|Any CPU.ActiveCfg = Release|Any CPU
		{3CF40904-D812-4188-9B1F-42A697B9E0B1}.Testing|Any CPU.Build.0 = Release|Any CPU
		{3CF40904-D812-4188-9B1F-42A697B9E0B1}.Testing|Mixed Platforms.ActiveCfg = Release|Any CPU
		{3CF40904-D812-4188-9B1F-42A697B9E0B1}.Testing|Mixed Platforms.Build.0 = Release|Any CPU
		{3CF40904-D812-4188-9B1F-42A697B9E0B1}.Testing|x86.ActiveCfg = Release|Any CPU
		{F5E1C01E-0398-4E6B-8F00-2911E9B5DF06}.Debug|.NET.ActiveCfg = Debug|Any CPU
		{F5E1C01E-0398-4E6B-8F00-2911E9B5DF06}.Debug|Any CPU.ActiveCfg = Debug|Any CPU
		{F5E1C01E-0398-4E6B-8F00-2911E9B5DF06}.Debug|Any CPU.Build.0 = Debug|Any CPU
		{F5E1C01E-0398-4E6B-8F00-2911E9B5DF06}.Debug|Mixed Platforms.ActiveCfg = Debug|Any CPU
		{F5E1C01E-0398-4E6B-8F00-2911E9B5DF06}.Debug|Mixed Platforms.Build.0 = Debug|Any CPU
		{F5E1C01E-0398-4E6B-8F00-2911E9B5DF06}.Debug|x86.ActiveCfg = Debug|Any CPU
		{F5E1C01E-0398-4E6B-8F00-2911E9B5DF06}.Release|.NET.ActiveCfg = Release|Any CPU
		{F5E1C01E-0398-4E6B-8F00-2911E9B5DF06}.Release|Any CPU.ActiveCfg = Release|Any CPU
		{F5E1C01E-0398-4E6B-8F00-2911E9B5DF06}.Release|Any CPU.Build.0 = Release|Any CPU
		{F5E1C01E-0398-4E6B-8F00-2911E9B5DF06}.Release|Mixed Platforms.ActiveCfg = Release|Any CPU
		{F5E1C01E-0398-4E6B-8F00-2911E9B5DF06}.Release|Mixed Platforms.Build.0 = Release|Any CPU
		{F5E1C01E-0398-4E6B-8F00-2911E9B5DF06}.Release|x86.ActiveCfg = Release|Any CPU
		{F5E1C01E-0398-4E6B-8F00-2911E9B5DF06}.Testing|.NET.ActiveCfg = Release|Any CPU
		{F5E1C01E-0398-4E6B-8F00-2911E9B5DF06}.Testing|Any CPU.ActiveCfg = Release|Any CPU
		{F5E1C01E-0398-4E6B-8F00-2911E9B5DF06}.Testing|Any CPU.Build.0 = Release|Any CPU
		{F5E1C01E-0398-4E6B-8F00-2911E9B5DF06}.Testing|Mixed Platforms.ActiveCfg = Release|Any CPU
		{F5E1C01E-0398-4E6B-8F00-2911E9B5DF06}.Testing|Mixed Platforms.Build.0 = Release|Any CPU
		{F5E1C01E-0398-4E6B-8F00-2911E9B5DF06}.Testing|x86.ActiveCfg = Release|Any CPU
		{A7D39D00-C006-4079-B283-BC4D1B91D3ED}.Debug|.NET.ActiveCfg = Debug|Any CPU
		{A7D39D00-C006-4079-B283-BC4D1B91D3ED}.Debug|Any CPU.ActiveCfg = Debug|Any CPU
		{A7D39D00-C006-4079-B283-BC4D1B91D3ED}.Debug|Any CPU.Build.0 = Debug|Any CPU
		{A7D39D00-C006-4079-B283-BC4D1B91D3ED}.Debug|Mixed Platforms.ActiveCfg = Debug|Any CPU
		{A7D39D00-C006-4079-B283-BC4D1B91D3ED}.Debug|Mixed Platforms.Build.0 = Debug|Any CPU
		{A7D39D00-C006-4079-B283-BC4D1B91D3ED}.Debug|x86.ActiveCfg = Debug|Any CPU
		{A7D39D00-C006-4079-B283-BC4D1B91D3ED}.Release|.NET.ActiveCfg = Release|Any CPU
		{A7D39D00-C006-4079-B283-BC4D1B91D3ED}.Release|Any CPU.ActiveCfg = Release|Any CPU
		{A7D39D00-C006-4079-B283-BC4D1B91D3ED}.Release|Any CPU.Build.0 = Release|Any CPU
		{A7D39D00-C006-4079-B283-BC4D1B91D3ED}.Release|Mixed Platforms.ActiveCfg = Release|Any CPU
		{A7D39D00-C006-4079-B283-BC4D1B91D3ED}.Release|Mixed Platforms.Build.0 = Release|Any CPU
		{A7D39D00-C006-4079-B283-BC4D1B91D3ED}.Release|x86.ActiveCfg = Release|Any CPU
		{A7D39D00-C006-4079-B283-BC4D1B91D3ED}.Testing|.NET.ActiveCfg = Release|Any CPU
		{A7D39D00-C006-4079-B283-BC4D1B91D3ED}.Testing|Any CPU.ActiveCfg = Release|Any CPU
		{A7D39D00-C006-4079-B283-BC4D1B91D3ED}.Testing|Any CPU.Build.0 = Release|Any CPU
		{A7D39D00-C006-4079-B283-BC4D1B91D3ED}.Testing|Mixed Platforms.ActiveCfg = Release|Any CPU
		{A7D39D00-C006-4079-B283-BC4D1B91D3ED}.Testing|Mixed Platforms.Build.0 = Release|Any CPU
		{A7D39D00-C006-4079-B283-BC4D1B91D3ED}.Testing|x86.ActiveCfg = Release|Any CPU
		{216FB726-52E9-4EAA-A387-690462049A32}.Debug|.NET.ActiveCfg = Debug|Any CPU
		{216FB726-52E9-4EAA-A387-690462049A32}.Debug|Any CPU.ActiveCfg = Debug|Any CPU
		{216FB726-52E9-4EAA-A387-690462049A32}.Debug|Any CPU.Build.0 = Debug|Any CPU
		{216FB726-52E9-4EAA-A387-690462049A32}.Debug|Mixed Platforms.ActiveCfg = Debug|Any CPU
		{216FB726-52E9-4EAA-A387-690462049A32}.Debug|Mixed Platforms.Build.0 = Debug|Any CPU
		{216FB726-52E9-4EAA-A387-690462049A32}.Debug|x86.ActiveCfg = Debug|Any CPU
		{216FB726-52E9-4EAA-A387-690462049A32}.Release|.NET.ActiveCfg = Release|Any CPU
		{216FB726-52E9-4EAA-A387-690462049A32}.Release|Any CPU.ActiveCfg = Release|Any CPU
		{216FB726-52E9-4EAA-A387-690462049A32}.Release|Any CPU.Build.0 = Release|Any CPU
		{216FB726-52E9-4EAA-A387-690462049A32}.Release|Mixed Platforms.ActiveCfg = Release|Any CPU
		{216FB726-52E9-4EAA-A387-690462049A32}.Release|Mixed Platforms.Build.0 = Release|Any CPU
		{216FB726-52E9-4EAA-A387-690462049A32}.Release|x86.ActiveCfg = Release|Any CPU
		{216FB726-52E9-4EAA-A387-690462049A32}.Testing|.NET.ActiveCfg = Release|Any CPU
		{216FB726-52E9-4EAA-A387-690462049A32}.Testing|Any CPU.ActiveCfg = Release|Any CPU
		{216FB726-52E9-4EAA-A387-690462049A32}.Testing|Any CPU.Build.0 = Release|Any CPU
		{216FB726-52E9-4EAA-A387-690462049A32}.Testing|Mixed Platforms.ActiveCfg = Release|Any CPU
		{216FB726-52E9-4EAA-A387-690462049A32}.Testing|Mixed Platforms.Build.0 = Release|Any CPU
		{216FB726-52E9-4EAA-A387-690462049A32}.Testing|x86.ActiveCfg = Release|Any CPU
		{8CA2ECF8-8508-40AC-BEE5-623E86245148}.Debug|.NET.ActiveCfg = Debug|Any CPU
		{8CA2ECF8-8508-40AC-BEE5-623E86245148}.Debug|Any CPU.ActiveCfg = Debug|Any CPU
		{8CA2ECF8-8508-40AC-BEE5-623E86245148}.Debug|Any CPU.Build.0 = Debug|Any CPU
		{8CA2ECF8-8508-40AC-BEE5-623E86245148}.Debug|Mixed Platforms.ActiveCfg = Debug|Any CPU
		{8CA2ECF8-8508-40AC-BEE5-623E86245148}.Debug|Mixed Platforms.Build.0 = Debug|Any CPU
		{8CA2ECF8-8508-40AC-BEE5-623E86245148}.Debug|x86.ActiveCfg = Debug|Any CPU
		{8CA2ECF8-8508-40AC-BEE5-623E86245148}.Release|.NET.ActiveCfg = Release|Any CPU
		{8CA2ECF8-8508-40AC-BEE5-623E86245148}.Release|Any CPU.ActiveCfg = Release|Any CPU
		{8CA2ECF8-8508-40AC-BEE5-623E86245148}.Release|Any CPU.Build.0 = Release|Any CPU
		{8CA2ECF8-8508-40AC-BEE5-623E86245148}.Release|Mixed Platforms.ActiveCfg = Release|Any CPU
		{8CA2ECF8-8508-40AC-BEE5-623E86245148}.Release|Mixed Platforms.Build.0 = Release|Any CPU
		{8CA2ECF8-8508-40AC-BEE5-623E86245148}.Release|x86.ActiveCfg = Release|Any CPU
		{8CA2ECF8-8508-40AC-BEE5-623E86245148}.Testing|.NET.ActiveCfg = Release|Any CPU
		{8CA2ECF8-8508-40AC-BEE5-623E86245148}.Testing|Any CPU.ActiveCfg = Release|Any CPU
		{8CA2ECF8-8508-40AC-BEE5-623E86245148}.Testing|Any CPU.Build.0 = Release|Any CPU
		{8CA2ECF8-8508-40AC-BEE5-623E86245148}.Testing|Mixed Platforms.ActiveCfg = Release|Any CPU
		{8CA2ECF8-8508-40AC-BEE5-623E86245148}.Testing|Mixed Platforms.Build.0 = Release|Any CPU
		{8CA2ECF8-8508-40AC-BEE5-623E86245148}.Testing|x86.ActiveCfg = Release|Any CPU
		{D1F98F13-CF3B-4292-8906-FCDC375D82D8}.Debug|.NET.ActiveCfg = Debug|x86
		{D1F98F13-CF3B-4292-8906-FCDC375D82D8}.Debug|Any CPU.ActiveCfg = Debug|x86
		{D1F98F13-CF3B-4292-8906-FCDC375D82D8}.Debug|Mixed Platforms.ActiveCfg = Debug|x86
		{D1F98F13-CF3B-4292-8906-FCDC375D82D8}.Debug|Mixed Platforms.Build.0 = Debug|x86
		{D1F98F13-CF3B-4292-8906-FCDC375D82D8}.Debug|x86.ActiveCfg = Debug|x86
		{D1F98F13-CF3B-4292-8906-FCDC375D82D8}.Debug|x86.Build.0 = Debug|x86
		{D1F98F13-CF3B-4292-8906-FCDC375D82D8}.Release|.NET.ActiveCfg = Release|x86
		{D1F98F13-CF3B-4292-8906-FCDC375D82D8}.Release|Any CPU.ActiveCfg = Release|x86
		{D1F98F13-CF3B-4292-8906-FCDC375D82D8}.Release|Mixed Platforms.ActiveCfg = Release|x86
		{D1F98F13-CF3B-4292-8906-FCDC375D82D8}.Release|Mixed Platforms.Build.0 = Release|x86
		{D1F98F13-CF3B-4292-8906-FCDC375D82D8}.Release|x86.ActiveCfg = Release|x86
		{D1F98F13-CF3B-4292-8906-FCDC375D82D8}.Release|x86.Build.0 = Release|x86
		{D1F98F13-CF3B-4292-8906-FCDC375D82D8}.Testing|.NET.ActiveCfg = Release|x86
		{D1F98F13-CF3B-4292-8906-FCDC375D82D8}.Testing|Any CPU.ActiveCfg = Release|x86
		{D1F98F13-CF3B-4292-8906-FCDC375D82D8}.Testing|Mixed Platforms.ActiveCfg = Release|x86
		{D1F98F13-CF3B-4292-8906-FCDC375D82D8}.Testing|Mixed Platforms.Build.0 = Release|x86
		{D1F98F13-CF3B-4292-8906-FCDC375D82D8}.Testing|x86.ActiveCfg = Release|x86
		{D1F98F13-CF3B-4292-8906-FCDC375D82D8}.Testing|x86.Build.0 = Release|x86
	EndGlobalSection
	GlobalSection(SolutionProperties) = preSolution
		HideSolutionNode = FALSE
	EndGlobalSection
EndGlobal
