
Microsoft Visual Studio Solution File, Format Version 10.00
# Visual Studio 2008
Project("{FAE04EC0-301F-11D3-BF4B-00C04F79EFBC}") = "Mapping", "Mapping\Mapping.csproj", "{71180043-4C14-4B85-A404-817DD8D81035}"
EndProject
Project("{FAE04EC0-301F-11D3-BF4B-00C04F79EFBC}") = "Map", "Map\Map.csproj", "{C6816435-6870-4254-B23C-66772622A74F}"
EndProject
Project("{FAE04EC0-301F-11D3-BF4B-00C04F79EFBC}") = "TestMap", "TestMap\TestMap.csproj", "{1807494F-7C28-4A94-81C7-E44AF2AEA242}"
EndProject
Global
	GlobalSection(SolutionConfigurationPlatforms) = preSolution
		Debug|Any CPU = Debug|Any CPU
		Release|Any CPU = Release|Any CPU
	EndGlobalSection
	GlobalSection(ProjectConfigurationPlatforms) = postSolution
		{71180043-4C14-4B85-A404-817DD8D81035}.Debug|Any CPU.ActiveCfg = Debug|Any CPU
		{71180043-4C14-4B85-A404-817DD8D81035}.Debug|Any CPU.Build.0 = Debug|Any CPU
		{71180043-4C14-4B85-A404-817DD8D81035}.Release|Any CPU.ActiveCfg = Release|Any CPU
		{71180043-4C14-4B85-A404-817DD8D81035}.Release|Any CPU.Build.0 = Release|Any CPU
		{C6816435-6870-4254-B23C-66772622A74F}.Debug|Any CPU.ActiveCfg = Debug|Any CPU
		{C6816435-6870-4254-B23C-66772622A74F}.Debug|Any CPU.Build.0 = Debug|Any CPU
		{C6816435-6870-4254-B23C-66772622A74F}.Release|Any CPU.ActiveCfg = Release|Any CPU
		{C6816435-6870-4254-B23C-66772622A74F}.Release|Any CPU.Build.0 = Release|Any CPU
		{1807494F-7C28-4A94-81C7-E44AF2AEA242}.Debug|Any CPU.ActiveCfg = Debug|Any CPU
		{1807494F-7C28-4A94-81C7-E44AF2AEA242}.Debug|Any CPU.Build.0 = Debug|Any CPU
		{1807494F-7C28-4A94-81C7-E44AF2AEA242}.Release|Any CPU.ActiveCfg = Release|Any CPU
		{1807494F-7C28-4A94-81C7-E44AF2AEA242}.Release|Any CPU.Build.0 = Release|Any CPU
	EndGlobalSection
	GlobalSection(SolutionProperties) = preSolution
		HideSolutionNode = FALSE
	EndGlobalSection
EndGlobal
