
Microsoft Visual Studio Solution File, Format Version 12.00
# Visual Studio 15
VisualStudioVersion = 15.0.27004.2002
MinimumVisualStudioVersion = 10.0.40219.1
Project("{2150E333-8FDC-42A3-9474-1A3956D46DE8}") = "ClientManager", "ClientManager", "{8575DBC1-F2B8-4135-9830-568F47ED4B07}"
EndProject
Project("{2150E333-8FDC-42A3-9474-1A3956D46DE8}") = "Lib", "Lib", "{33A1E76E-55AB-4AA0-B72F-962B5B279AD2}"
	ProjectSection(SolutionItems) = preProject
		Lib\ArrayToMemo.dll = Lib\ArrayToMemo.dll
		Lib\Beyond-Pro Translator.dll = Lib\Beyond-Pro Translator.dll
		Lib\Elmah.dll = Lib\Elmah.dll
		Lib\EntityFramework.dll = Lib\EntityFramework.dll
		Lib\EntityFramework.xml = Lib\EntityFramework.xml
		Lib\Interop.ActiveDs.dll = Lib\Interop.ActiveDs.dll
		Lib\Interop.TSUSEREXLib.dll = Lib\Interop.TSUSEREXLib.dll
		Lib\Ionic.Zip.dll = Lib\Ionic.Zip.dll
		Lib\Microsoft.SqlServer.BatchParser.dll = Lib\Microsoft.SqlServer.BatchParser.dll
		Lib\Microsoft.SqlServer.BatchParserClient.dll = Lib\Microsoft.SqlServer.BatchParserClient.dll
		Lib\Microsoft.SqlServer.ConnectionInfo.dll = Lib\Microsoft.SqlServer.ConnectionInfo.dll
		Lib\Microsoft.SqlServer.Management.Sdk.Sfc.dll = Lib\Microsoft.SqlServer.Management.Sdk.Sfc.dll
		Lib\Microsoft.SqlServer.Smo.dll = Lib\Microsoft.SqlServer.Smo.dll
		Lib\Microsoft.SqlServer.SqlClrProvider.dll = Lib\Microsoft.SqlServer.SqlClrProvider.dll
		Lib\Microsoft.SqlServer.SqlEnum.dll = Lib\Microsoft.SqlServer.SqlEnum.dll
		Lib\Microsoft.WindowsAzure.ServiceRuntime.dll = Lib\Microsoft.WindowsAzure.ServiceRuntime.dll
		Lib\Microsoft.WindowsAzure.ServiceRuntime.xml = Lib\Microsoft.WindowsAzure.ServiceRuntime.xml
		Lib\Microsoft.WindowsAzure.StorageClient.dll = Lib\Microsoft.WindowsAzure.StorageClient.dll
		Lib\Microsoft.WindowsAzure.StorageClient.xml = Lib\Microsoft.WindowsAzure.StorageClient.xml
	EndProjectSection
EndProject
Project("{FAE04EC0-301F-11D3-BF4B-00C04F79EFBC}") = "Aria5SystemAdmin.Module", "Aria5SystemAdmin.Module\Aria5SystemAdmin.Module.csproj", "{D28C293A-A455-47D5-8515-C9D019C1A538}"
EndProject
Project("{FAE04EC0-301F-11D3-BF4B-00C04F79EFBC}") = "Aria5SystemAdmin.Module.Web", "Aria5SystemAdmin.Module.Web\Aria5SystemAdmin.Module.Web.csproj", "{EF2C9E5C-2DB0-45FC-B846-D6FCB9FE7BC6}"
EndProject
Project("{FAE04EC0-301F-11D3-BF4B-00C04F79EFBC}") = "Aria5SystemAdmin.Web", "Aria5SystemAdmin.Web\Aria5SystemAdmin.Web.csproj", "{5DA83B5D-8EAA-437D-ADFA-16BB9FE18747}"
EndProject
Project("{FAE04EC0-301F-11D3-BF4B-00C04F79EFBC}") = "AriaDevExpress.Module", "AriaDevExpress.Module\AriaDevExpress.Module.csproj", "{13DF01CF-2FDA-46BE-8CD0-D95C93F72D6A}"
EndProject
Project("{FAE04EC0-301F-11D3-BF4B-00C04F79EFBC}") = "Service", "ClientManager\Service\Service.csproj", "{F1C282D8-2BE3-434C-B5B4-BC077640AE69}"
EndProject
Project("{FAE04EC0-301F-11D3-BF4B-00C04F79EFBC}") = "Core", "ClientManager\Core\Core.csproj", "{45E3153E-F70D-4875-9C53-CC2FDF998DE8}"
EndProject
Project("{FAE04EC0-301F-11D3-BF4B-00C04F79EFBC}") = "UI-Windows", "ClientManager\UI-Windows\UI-Windows.csproj", "{10F236D3-9C8D-4CD9-BEB5-C034D9D59D27}"
EndProject
Project("{CC5FD16D-436D-48AD-A40C-5A424C6E3E79}") = "Aria5.DevExpress.MainSystem.CloudService", "Aria5.DevExpress.MainSystem.CloudService\Aria5.DevExpress.MainSystem.CloudService.ccproj", "{758195C6-0D0A-4083-A3ED-D51942AF8A21}"
EndProject
Project("{FAE04EC0-301F-11D3-BF4B-00C04F79EFBC}") = "Aria5.DevExpress.MainSystem.WorkerRole", "Aria5.DevExpress.MainSystem.WorkerRole\Aria5.DevExpress.MainSystem.WorkerRole.csproj", "{0B58A65D-0F1E-474D-8C19-1BE885CC45C1}"
EndProject
Project("{FAE04EC0-301F-11D3-BF4B-00C04F79EFBC}") = "Aria5.DevExpress.MainSystem.WebServiceRole", "Aria5.DevExpress.MainSystem.WebServiceRole\Aria5.DevExpress.MainSystem.WebServiceRole.csproj", "{97FCA2B4-C880-4344-939D-0CE84777F4CA}"
EndProject
Project("{CC5FD16D-436D-48AD-A40C-5A424C6E3E79}") = "Aria5.DevExpress.SystemManager.CloudService", "Aria5.DevExpress.SystemManager.CloudService\Aria5.DevExpress.SystemManager.CloudService.ccproj", "{11CB8393-6CE1-4E86-8FA5-C633860C5F6D}"
EndProject
Project("{FAE04EC0-301F-11D3-BF4B-00C04F79EFBC}") = "Aria5.DevExpress.SystemManager.WorkerRole", "Aria5.DevExpress.SystemManager.WorkerRole\Aria5.DevExpress.SystemManager.WorkerRole.csproj", "{BC9ED2C5-22FF-4FE9-B372-1B72BBB4780B}"
EndProject
Project("{FAE04EC0-301F-11D3-BF4B-00C04F79EFBC}") = "Aria5.DevExpress.SystemManager.WebServiceRole", "Aria5.DevExpress.SystemManager.WebServiceRole\Aria5.DevExpress.SystemManager.WebServiceRole.csproj", "{74145CF0-7D6D-4833-8867-4BBA3E9220B1}"
EndProject
Project("{CC5FD16D-436D-48AD-A40C-5A424C6E3E79}") = "Aria5.DevExpress.SystemAdmin.CloudService", "Aria5.DevExpress.SystemAdmin.CloudService\Aria5.DevExpress.SystemAdmin.CloudService.ccproj", "{F767D0A5-5135-4B79-A7B4-E7E6C3EAC066}"
EndProject
Project("{FAE04EC0-301F-11D3-BF4B-00C04F79EFBC}") = "Aria5.DevExpress.SystemAdmin.WorkerRole", "Aria5.DevExpress.SystemAdmin.WorkerRole\Aria5.DevExpress.SystemAdmin.WorkerRole.csproj", "{F2B75E3E-B1E8-46E5-B5D0-DF22CB4F9820}"
EndProject
Project("{FAE04EC0-301F-11D3-BF4B-00C04F79EFBC}") = "Aria5.DevExpress.SystemAdmin.WebServiceRole", "Aria5.DevExpress.SystemAdmin.WebServiceRole\Aria5.DevExpress.SystemAdmin.WebServiceRole.csproj", "{00C399CD-23B7-4901-91AF-AC05BBB0FDB1}"
EndProject
Project("{FAE04EC0-301F-11D3-BF4B-00C04F79EFBC}") = "Aria5.DevExpress.MainSystem.Module.Module.Web", "Aria5.DevExpress.MainSystem.Module.Module.Web\Aria5.DevExpress.MainSystem.Module.Module.Web.csproj", "{0C729AAD-7626-4668-A7F1-35F7D240489D}"
EndProject
Project("{FAE04EC0-301F-11D3-BF4B-00C04F79EFBC}") = "Aria5.DevExpress.MainSystem.Module", "Aria5.DevExpress.MainSystem.Module\Aria5.DevExpress.MainSystem.Module.csproj", "{B9EF03FF-D05B-4FD4-A8E9-F90D819CB1DC}"
EndProject
Project("{FAE04EC0-301F-11D3-BF4B-00C04F79EFBC}") = "Aria5.DevExpress.OneTouchAway.Module", "Aria5.DevExpress.OneTouchAway.Module\Aria5.DevExpress.OneTouchAway.Module.csproj", "{8D5B207C-1228-4A8A-AA1D-4E8961840D23}"
EndProject
Project("{FAE04EC0-301F-11D3-BF4B-00C04F79EFBC}") = "Aria5Systemadmin.GaugePropertyEditor.Web", "GaugePropertyEditor.Web\Aria5Systemadmin.GaugePropertyEditor.Web.csproj", "{D7405FE5-4733-4700-8B8D-8BA1F61BB730}"
EndProject
Project("{FAE04EC0-301F-11D3-BF4B-00C04F79EFBC}") = "WindowsFormsApplication1", "..\..\System Admin\WindowsFormsApplication1\WindowsFormsApplication1.csproj", "{E4CA25FA-B648-4BD3-AB5C-8A4C8A7A8C46}"
EndProject
Project("{E24C65DC-7377-472B-9ABA-BC803B73C61A}") = "WebSite1(1)", "http://localhost:47266", "{883BF451-27ED-4BD2-9613-704DFF6C6CB4}"
	ProjectSection(WebsiteProperties) = preProject
		UseIISExpress = "true"
		TargetFrameworkMoniker = ".NETFramework,Version%3Dv4.5"
		Debug.AspNetCompiler.VirtualPath = "/localhost_47266"
		Debug.AspNetCompiler.PhysicalPath = "C:\Users\sarah\Documents\Visual Studio 2013\WebSites\WebSite1\"
		Debug.AspNetCompiler.TargetPath = "PrecompiledWeb\localhost_47266\"
		Debug.AspNetCompiler.Updateable = "true"
		Debug.AspNetCompiler.ForceOverwrite = "true"
		Debug.AspNetCompiler.FixedNames = "false"
		Debug.AspNetCompiler.Debug = "True"
		Release.AspNetCompiler.VirtualPath = "/localhost_47266"
		Release.AspNetCompiler.PhysicalPath = "C:\Users\sarah\Documents\Visual Studio 2013\WebSites\WebSite1\"
		Release.AspNetCompiler.TargetPath = "PrecompiledWeb\localhost_47266\"
		Release.AspNetCompiler.Updateable = "true"
		Release.AspNetCompiler.ForceOverwrite = "true"
		Release.AspNetCompiler.FixedNames = "false"
		Release.AspNetCompiler.Debug = "False"
		SlnRelativePath = "C:\Users\sarah\Documents\Visual Studio 2013\WebSites\WebSite1\"
		DefaultWebSiteLanguage = "Visual C#"
	EndProjectSection
	ProjectSection(WebsiteProperties) = preProject
		UseIISExpress = "true"
		TargetFrameworkMoniker = ".NETFramework,Version%3Dv4.5"
		Debug.AspNetCompiler.VirtualPath = "/localhost_47266"
		Debug.AspNetCompiler.PhysicalPath = "C:\Users\sarah\Documents\Visual Studio 2013\WebSites\WebSite1\"
		Debug.AspNetCompiler.TargetPath = "PrecompiledWeb\localhost_47266\"
		Debug.AspNetCompiler.Updateable = "true"
		Debug.AspNetCompiler.ForceOverwrite = "true"
		Debug.AspNetCompiler.FixedNames = "false"
		Debug.AspNetCompiler.Debug = "True"
		Release.AspNetCompiler.VirtualPath = "/localhost_47266"
		Release.AspNetCompiler.PhysicalPath = "C:\Users\sarah\Documents\Visual Studio 2013\WebSites\WebSite1\"
		Release.AspNetCompiler.TargetPath = "PrecompiledWeb\localhost_47266\"
		Release.AspNetCompiler.Updateable = "true"
		Release.AspNetCompiler.ForceOverwrite = "true"
		Release.AspNetCompiler.FixedNames = "false"
		Release.AspNetCompiler.Debug = "False"
		SlnRelativePath = "C:\Users\sarah\Documents\Visual Studio 2013\WebSites\WebSite1\"
		DefaultWebSiteLanguage = "Visual C#"
	EndProjectSection
	ProjectSection(WebsiteProperties) = preProject
		UseIISExpress = "true"
		TargetFrameworkMoniker = ".NETFramework,Version%3Dv4.5"
		Debug.AspNetCompiler.VirtualPath = "/localhost_47266"
		Debug.AspNetCompiler.PhysicalPath = "C:\Users\sarah\Documents\Visual Studio 2013\WebSites\WebSite1\"
		Debug.AspNetCompiler.TargetPath = "PrecompiledWeb\localhost_47266\"
		Debug.AspNetCompiler.Updateable = "true"
		Debug.AspNetCompiler.ForceOverwrite = "true"
		Debug.AspNetCompiler.FixedNames = "false"
		Debug.AspNetCompiler.Debug = "True"
		Release.AspNetCompiler.VirtualPath = "/localhost_47266"
		Release.AspNetCompiler.PhysicalPath = "C:\Users\sarah\Documents\Visual Studio 2013\WebSites\WebSite1\"
		Release.AspNetCompiler.TargetPath = "PrecompiledWeb\localhost_47266\"
		Release.AspNetCompiler.Updateable = "true"
		Release.AspNetCompiler.ForceOverwrite = "true"
		Release.AspNetCompiler.FixedNames = "false"
		Release.AspNetCompiler.Debug = "False"
		SlnRelativePath = "C:\Users\sarah\Documents\Visual Studio 2013\WebSites\WebSite1\"
		DefaultWebSiteLanguage = "Visual C#"
	EndProjectSection
	ProjectSection(WebsiteProperties) = preProject
		UseIISExpress = "true"
		TargetFrameworkMoniker = ".NETFramework,Version%3Dv4.5"
		Debug.AspNetCompiler.VirtualPath = "/localhost_47266"
		Debug.AspNetCompiler.PhysicalPath = "C:\Users\sarah\Documents\Visual Studio 2013\WebSites\WebSite1\"
		Debug.AspNetCompiler.TargetPath = "PrecompiledWeb\localhost_47266\"
		Debug.AspNetCompiler.Updateable = "true"
		Debug.AspNetCompiler.ForceOverwrite = "true"
		Debug.AspNetCompiler.FixedNames = "false"
		Debug.AspNetCompiler.Debug = "True"
		Release.AspNetCompiler.VirtualPath = "/localhost_47266"
		Release.AspNetCompiler.PhysicalPath = "C:\Users\sarah\Documents\Visual Studio 2013\WebSites\WebSite1\"
		Release.AspNetCompiler.TargetPath = "PrecompiledWeb\localhost_47266\"
		Release.AspNetCompiler.Updateable = "true"
		Release.AspNetCompiler.ForceOverwrite = "true"
		Release.AspNetCompiler.FixedNames = "false"
		Release.AspNetCompiler.Debug = "False"
		SlnRelativePath = "C:\Users\sarah\Documents\Visual Studio 2013\WebSites\WebSite1\"
		DefaultWebSiteLanguage = "Visual C#"
	EndProjectSection
EndProject
Project("{FAE04EC0-301F-11D3-BF4B-00C04F79EFBC}") = "HyperLinkPropertyEditor.Web", "HyperLinkPropertyEditor.Web\HyperLinkPropertyEditor.Web.csproj", "{F189D07D-8172-410E-9C4E-82F1A583A72A}"
EndProject
Project("{FAE04EC0-301F-11D3-BF4B-00C04F79EFBC}") = "DOT Webjob", "DOT Webjob\DOT Webjob.csproj", "{E0CD3FB0-A8D4-4E49-8B9A-03576C3E396F}"
EndProject
Project("{FAE04EC0-301F-11D3-BF4B-00C04F79EFBC}") = "Get_DOT_AHT_Data", "Get_DOT_AHT_Data\Get_DOT_AHT_Data.csproj", "{1F1944B8-B988-410E-92DB-F38D56D0D70F}"
EndProject
Project("{FAE04EC0-301F-11D3-BF4B-00C04F79EFBC}") = "UpdateProjectScheduledWebJob", "UpdateProjectScheduledWebJob\UpdateProjectScheduledWebJob.csproj", "{85C9B5E0-8465-4D35-AC4F-041AEBACEA49}"
EndProject
Project("{FAE04EC0-301F-11D3-BF4B-00C04F79EFBC}") = "CustomActions", "updateprojectswebjob\CustomActions.csproj", "{C70982B0-0FA8-4C56-ACB3-4B2B0B323C17}"
EndProject
Project("{FAE04EC0-301F-11D3-BF4B-00C04F79EFBC}") = "WindowsFormsApp1", "WindowsFormsApp1\WindowsFormsApp1.csproj", "{0BA7AF36-4D7C-41BA-A4CF-83D920179946}"
EndProject
Project("{FAE04EC0-301F-11D3-BF4B-00C04F79EFBC}") = "GenerateMemoFiles", "GenerateMemoFiles\GenerateMemoFiles.csproj", "{E687FA11-F31D-4139-B494-30FDAC9902AB}"
EndProject
Global
	GlobalSection(SolutionConfigurationPlatforms) = preSolution
		Debug|Any CPU = Debug|Any CPU
		Debug|ARM = Debug|ARM
		Debug|x64 = Debug|x64
		Debug|x86 = Debug|x86
		EasyTest|Any CPU = EasyTest|Any CPU
		EasyTest|ARM = EasyTest|ARM
		EasyTest|x64 = EasyTest|x64
		EasyTest|x86 = EasyTest|x86
		Production|Any CPU = Production|Any CPU
		Production|ARM = Production|ARM
		Production|x64 = Production|x64
		Production|x86 = Production|x86
		Release|Any CPU = Release|Any CPU
		Release|ARM = Release|ARM
		Release|x64 = Release|x64
		Release|x86 = Release|x86
		Staging|Any CPU = Staging|Any CPU
		Staging|ARM = Staging|ARM
		Staging|x64 = Staging|x64
		Staging|x86 = Staging|x86
	EndGlobalSection
	GlobalSection(ProjectConfigurationPlatforms) = postSolution
		{D28C293A-A455-47D5-8515-C9D019C1A538}.Debug|Any CPU.ActiveCfg = Debug|Any CPU
		{D28C293A-A455-47D5-8515-C9D019C1A538}.Debug|Any CPU.Build.0 = Debug|Any CPU
		{D28C293A-A455-47D5-8515-C9D019C1A538}.Debug|ARM.ActiveCfg = Debug|Any CPU
		{D28C293A-A455-47D5-8515-C9D019C1A538}.Debug|x64.ActiveCfg = Debug|Any CPU
		{D28C293A-A455-47D5-8515-C9D019C1A538}.Debug|x86.ActiveCfg = Debug|Any CPU
		{D28C293A-A455-47D5-8515-C9D019C1A538}.EasyTest|Any CPU.ActiveCfg = EasyTest|Any CPU
		{D28C293A-A455-47D5-8515-C9D019C1A538}.EasyTest|Any CPU.Build.0 = EasyTest|Any CPU
		{D28C293A-A455-47D5-8515-C9D019C1A538}.EasyTest|ARM.ActiveCfg = EasyTest|Any CPU
		{D28C293A-A455-47D5-8515-C9D019C1A538}.EasyTest|x64.ActiveCfg = EasyTest|Any CPU
		{D28C293A-A455-47D5-8515-C9D019C1A538}.EasyTest|x86.ActiveCfg = EasyTest|Any CPU
		{D28C293A-A455-47D5-8515-C9D019C1A538}.Production|Any CPU.ActiveCfg = Production|Any CPU
		{D28C293A-A455-47D5-8515-C9D019C1A538}.Production|Any CPU.Build.0 = Production|Any CPU
		{D28C293A-A455-47D5-8515-C9D019C1A538}.Production|ARM.ActiveCfg = Production|Any CPU
		{D28C293A-A455-47D5-8515-C9D019C1A538}.Production|x64.ActiveCfg = Production|Any CPU
		{D28C293A-A455-47D5-8515-C9D019C1A538}.Production|x86.ActiveCfg = Production|Any CPU
		{D28C293A-A455-47D5-8515-C9D019C1A538}.Release|Any CPU.ActiveCfg = Release|Any CPU
		{D28C293A-A455-47D5-8515-C9D019C1A538}.Release|Any CPU.Build.0 = Release|Any CPU
		{D28C293A-A455-47D5-8515-C9D019C1A538}.Release|ARM.ActiveCfg = Release|Any CPU
		{D28C293A-A455-47D5-8515-C9D019C1A538}.Release|x64.ActiveCfg = Release|Any CPU
		{D28C293A-A455-47D5-8515-C9D019C1A538}.Release|x86.ActiveCfg = Release|Any CPU
		{D28C293A-A455-47D5-8515-C9D019C1A538}.Staging|Any CPU.ActiveCfg = Staging|Any CPU
		{D28C293A-A455-47D5-8515-C9D019C1A538}.Staging|Any CPU.Build.0 = Staging|Any CPU
		{D28C293A-A455-47D5-8515-C9D019C1A538}.Staging|ARM.ActiveCfg = Staging|Any CPU
		{D28C293A-A455-47D5-8515-C9D019C1A538}.Staging|x64.ActiveCfg = Staging|Any CPU
		{D28C293A-A455-47D5-8515-C9D019C1A538}.Staging|x86.ActiveCfg = Staging|Any CPU
		{D28C293A-A455-47D5-8515-C9D019C1A538}.Staging|x86.Build.0 = Staging|Any CPU
		{EF2C9E5C-2DB0-45FC-B846-D6FCB9FE7BC6}.Debug|Any CPU.ActiveCfg = Debug|Any CPU
		{EF2C9E5C-2DB0-45FC-B846-D6FCB9FE7BC6}.Debug|Any CPU.Build.0 = Debug|Any CPU
		{EF2C9E5C-2DB0-45FC-B846-D6FCB9FE7BC6}.Debug|ARM.ActiveCfg = Debug|Any CPU
		{EF2C9E5C-2DB0-45FC-B846-D6FCB9FE7BC6}.Debug|x64.ActiveCfg = Debug|Any CPU
		{EF2C9E5C-2DB0-45FC-B846-D6FCB9FE7BC6}.Debug|x86.ActiveCfg = Debug|Any CPU
		{EF2C9E5C-2DB0-45FC-B846-D6FCB9FE7BC6}.EasyTest|Any CPU.ActiveCfg = EasyTest|Any CPU
		{EF2C9E5C-2DB0-45FC-B846-D6FCB9FE7BC6}.EasyTest|Any CPU.Build.0 = EasyTest|Any CPU
		{EF2C9E5C-2DB0-45FC-B846-D6FCB9FE7BC6}.EasyTest|ARM.ActiveCfg = EasyTest|Any CPU
		{EF2C9E5C-2DB0-45FC-B846-D6FCB9FE7BC6}.EasyTest|x64.ActiveCfg = EasyTest|Any CPU
		{EF2C9E5C-2DB0-45FC-B846-D6FCB9FE7BC6}.EasyTest|x86.ActiveCfg = EasyTest|Any CPU
		{EF2C9E5C-2DB0-45FC-B846-D6FCB9FE7BC6}.Production|Any CPU.ActiveCfg = Production|Any CPU
		{EF2C9E5C-2DB0-45FC-B846-D6FCB9FE7BC6}.Production|Any CPU.Build.0 = Production|Any CPU
		{EF2C9E5C-2DB0-45FC-B846-D6FCB9FE7BC6}.Production|ARM.ActiveCfg = Production|Any CPU
		{EF2C9E5C-2DB0-45FC-B846-D6FCB9FE7BC6}.Production|x64.ActiveCfg = Production|Any CPU
		{EF2C9E5C-2DB0-45FC-B846-D6FCB9FE7BC6}.Production|x86.ActiveCfg = Production|Any CPU
		{EF2C9E5C-2DB0-45FC-B846-D6FCB9FE7BC6}.Release|Any CPU.ActiveCfg = Release|Any CPU
		{EF2C9E5C-2DB0-45FC-B846-D6FCB9FE7BC6}.Release|Any CPU.Build.0 = Release|Any CPU
		{EF2C9E5C-2DB0-45FC-B846-D6FCB9FE7BC6}.Release|ARM.ActiveCfg = Release|Any CPU
		{EF2C9E5C-2DB0-45FC-B846-D6FCB9FE7BC6}.Release|x64.ActiveCfg = Release|Any CPU
		{EF2C9E5C-2DB0-45FC-B846-D6FCB9FE7BC6}.Release|x86.ActiveCfg = Release|Any CPU
		{EF2C9E5C-2DB0-45FC-B846-D6FCB9FE7BC6}.Staging|Any CPU.ActiveCfg = Staging|Any CPU
		{EF2C9E5C-2DB0-45FC-B846-D6FCB9FE7BC6}.Staging|Any CPU.Build.0 = Staging|Any CPU
		{EF2C9E5C-2DB0-45FC-B846-D6FCB9FE7BC6}.Staging|ARM.ActiveCfg = Staging|Any CPU
		{EF2C9E5C-2DB0-45FC-B846-D6FCB9FE7BC6}.Staging|x64.ActiveCfg = Staging|Any CPU
		{EF2C9E5C-2DB0-45FC-B846-D6FCB9FE7BC6}.Staging|x86.ActiveCfg = Staging|Any CPU
		{EF2C9E5C-2DB0-45FC-B846-D6FCB9FE7BC6}.Staging|x86.Build.0 = Staging|Any CPU
		{5DA83B5D-8EAA-437D-ADFA-16BB9FE18747}.Debug|Any CPU.ActiveCfg = Debug|Any CPU
		{5DA83B5D-8EAA-437D-ADFA-16BB9FE18747}.Debug|Any CPU.Build.0 = Debug|Any CPU
		{5DA83B5D-8EAA-437D-ADFA-16BB9FE18747}.Debug|ARM.ActiveCfg = Debug|Any CPU
		{5DA83B5D-8EAA-437D-ADFA-16BB9FE18747}.Debug|x64.ActiveCfg = Debug|Any CPU
		{5DA83B5D-8EAA-437D-ADFA-16BB9FE18747}.Debug|x86.ActiveCfg = Debug|Any CPU
		{5DA83B5D-8EAA-437D-ADFA-16BB9FE18747}.EasyTest|Any CPU.ActiveCfg = EasyTest|Any CPU
		{5DA83B5D-8EAA-437D-ADFA-16BB9FE18747}.EasyTest|Any CPU.Build.0 = EasyTest|Any CPU
		{5DA83B5D-8EAA-437D-ADFA-16BB9FE18747}.EasyTest|ARM.ActiveCfg = EasyTest|Any CPU
		{5DA83B5D-8EAA-437D-ADFA-16BB9FE18747}.EasyTest|x64.ActiveCfg = EasyTest|Any CPU
		{5DA83B5D-8EAA-437D-ADFA-16BB9FE18747}.EasyTest|x86.ActiveCfg = EasyTest|Any CPU
		{5DA83B5D-8EAA-437D-ADFA-16BB9FE18747}.Production|Any CPU.ActiveCfg = Production|Any CPU
		{5DA83B5D-8EAA-437D-ADFA-16BB9FE18747}.Production|Any CPU.Build.0 = Production|Any CPU
		{5DA83B5D-8EAA-437D-ADFA-16BB9FE18747}.Production|ARM.ActiveCfg = Production|Any CPU
		{5DA83B5D-8EAA-437D-ADFA-16BB9FE18747}.Production|x64.ActiveCfg = Production|Any CPU
		{5DA83B5D-8EAA-437D-ADFA-16BB9FE18747}.Production|x86.ActiveCfg = Production|Any CPU
		{5DA83B5D-8EAA-437D-ADFA-16BB9FE18747}.Release|Any CPU.ActiveCfg = Release|Any CPU
		{5DA83B5D-8EAA-437D-ADFA-16BB9FE18747}.Release|Any CPU.Build.0 = Release|Any CPU
		{5DA83B5D-8EAA-437D-ADFA-16BB9FE18747}.Release|ARM.ActiveCfg = Release|Any CPU
		{5DA83B5D-8EAA-437D-ADFA-16BB9FE18747}.Release|x64.ActiveCfg = Release|Any CPU
		{5DA83B5D-8EAA-437D-ADFA-16BB9FE18747}.Release|x86.ActiveCfg = Release|Any CPU
		{5DA83B5D-8EAA-437D-ADFA-16BB9FE18747}.Staging|Any CPU.ActiveCfg = Staging|Any CPU
		{5DA83B5D-8EAA-437D-ADFA-16BB9FE18747}.Staging|Any CPU.Build.0 = Staging|Any CPU
		{5DA83B5D-8EAA-437D-ADFA-16BB9FE18747}.Staging|ARM.ActiveCfg = Staging|Any CPU
		{5DA83B5D-8EAA-437D-ADFA-16BB9FE18747}.Staging|x64.ActiveCfg = Staging|Any CPU
		{5DA83B5D-8EAA-437D-ADFA-16BB9FE18747}.Staging|x86.ActiveCfg = Staging|Any CPU
		{5DA83B5D-8EAA-437D-ADFA-16BB9FE18747}.Staging|x86.Build.0 = Staging|Any CPU
		{13DF01CF-2FDA-46BE-8CD0-D95C93F72D6A}.Debug|Any CPU.ActiveCfg = Debug|Any CPU
		{13DF01CF-2FDA-46BE-8CD0-D95C93F72D6A}.Debug|Any CPU.Build.0 = Debug|Any CPU
		{13DF01CF-2FDA-46BE-8CD0-D95C93F72D6A}.Debug|ARM.ActiveCfg = Debug|Any CPU
		{13DF01CF-2FDA-46BE-8CD0-D95C93F72D6A}.Debug|x64.ActiveCfg = Debug|Any CPU
		{13DF01CF-2FDA-46BE-8CD0-D95C93F72D6A}.Debug|x86.ActiveCfg = Debug|Any CPU
		{13DF01CF-2FDA-46BE-8CD0-D95C93F72D6A}.EasyTest|Any CPU.ActiveCfg = EasyTest|Any CPU
		{13DF01CF-2FDA-46BE-8CD0-D95C93F72D6A}.EasyTest|Any CPU.Build.0 = EasyTest|Any CPU
		{13DF01CF-2FDA-46BE-8CD0-D95C93F72D6A}.EasyTest|ARM.ActiveCfg = EasyTest|Any CPU
		{13DF01CF-2FDA-46BE-8CD0-D95C93F72D6A}.EasyTest|x64.ActiveCfg = EasyTest|Any CPU
		{13DF01CF-2FDA-46BE-8CD0-D95C93F72D6A}.EasyTest|x86.ActiveCfg = EasyTest|Any CPU
		{13DF01CF-2FDA-46BE-8CD0-D95C93F72D6A}.Production|Any CPU.ActiveCfg = Production|Any CPU
		{13DF01CF-2FDA-46BE-8CD0-D95C93F72D6A}.Production|Any CPU.Build.0 = Production|Any CPU
		{13DF01CF-2FDA-46BE-8CD0-D95C93F72D6A}.Production|ARM.ActiveCfg = Production|Any CPU
		{13DF01CF-2FDA-46BE-8CD0-D95C93F72D6A}.Production|x64.ActiveCfg = Production|Any CPU
		{13DF01CF-2FDA-46BE-8CD0-D95C93F72D6A}.Production|x86.ActiveCfg = Production|Any CPU
		{13DF01CF-2FDA-46BE-8CD0-D95C93F72D6A}.Release|Any CPU.ActiveCfg = Release|Any CPU
		{13DF01CF-2FDA-46BE-8CD0-D95C93F72D6A}.Release|Any CPU.Build.0 = Release|Any CPU
		{13DF01CF-2FDA-46BE-8CD0-D95C93F72D6A}.Release|ARM.ActiveCfg = Release|Any CPU
		{13DF01CF-2FDA-46BE-8CD0-D95C93F72D6A}.Release|x64.ActiveCfg = Release|Any CPU
		{13DF01CF-2FDA-46BE-8CD0-D95C93F72D6A}.Release|x86.ActiveCfg = Release|Any CPU
		{13DF01CF-2FDA-46BE-8CD0-D95C93F72D6A}.Staging|Any CPU.ActiveCfg = Staging|Any CPU
		{13DF01CF-2FDA-46BE-8CD0-D95C93F72D6A}.Staging|Any CPU.Build.0 = Staging|Any CPU
		{13DF01CF-2FDA-46BE-8CD0-D95C93F72D6A}.Staging|ARM.ActiveCfg = Staging|Any CPU
		{13DF01CF-2FDA-46BE-8CD0-D95C93F72D6A}.Staging|x64.ActiveCfg = Staging|Any CPU
		{13DF01CF-2FDA-46BE-8CD0-D95C93F72D6A}.Staging|x86.ActiveCfg = Staging|Any CPU
		{13DF01CF-2FDA-46BE-8CD0-D95C93F72D6A}.Staging|x86.Build.0 = Staging|Any CPU
		{F1C282D8-2BE3-434C-B5B4-BC077640AE69}.Debug|Any CPU.ActiveCfg = Debug|Any CPU
		{F1C282D8-2BE3-434C-B5B4-BC077640AE69}.Debug|Any CPU.Build.0 = Debug|Any CPU
		{F1C282D8-2BE3-434C-B5B4-BC077640AE69}.Debug|ARM.ActiveCfg = Debug|Any CPU
		{F1C282D8-2BE3-434C-B5B4-BC077640AE69}.Debug|x64.ActiveCfg = Debug|Any CPU
		{F1C282D8-2BE3-434C-B5B4-BC077640AE69}.Debug|x86.ActiveCfg = Debug|Any CPU
		{F1C282D8-2BE3-434C-B5B4-BC077640AE69}.EasyTest|Any CPU.ActiveCfg = Release|Any CPU
		{F1C282D8-2BE3-434C-B5B4-BC077640AE69}.EasyTest|Any CPU.Build.0 = Release|Any CPU
		{F1C282D8-2BE3-434C-B5B4-BC077640AE69}.EasyTest|ARM.ActiveCfg = Release|Any CPU
		{F1C282D8-2BE3-434C-B5B4-BC077640AE69}.EasyTest|x64.ActiveCfg = Release|Any CPU
		{F1C282D8-2BE3-434C-B5B4-BC077640AE69}.EasyTest|x86.ActiveCfg = Release|Any CPU
		{F1C282D8-2BE3-434C-B5B4-BC077640AE69}.Production|Any CPU.ActiveCfg = Production|Any CPU
		{F1C282D8-2BE3-434C-B5B4-BC077640AE69}.Production|Any CPU.Build.0 = Production|Any CPU
		{F1C282D8-2BE3-434C-B5B4-BC077640AE69}.Production|ARM.ActiveCfg = Production|Any CPU
		{F1C282D8-2BE3-434C-B5B4-BC077640AE69}.Production|x64.ActiveCfg = Production|Any CPU
		{F1C282D8-2BE3-434C-B5B4-BC077640AE69}.Production|x86.ActiveCfg = Production|Any CPU
		{F1C282D8-2BE3-434C-B5B4-BC077640AE69}.Release|Any CPU.ActiveCfg = Release|Any CPU
		{F1C282D8-2BE3-434C-B5B4-BC077640AE69}.Release|Any CPU.Build.0 = Release|Any CPU
		{F1C282D8-2BE3-434C-B5B4-BC077640AE69}.Release|ARM.ActiveCfg = Release|Any CPU
		{F1C282D8-2BE3-434C-B5B4-BC077640AE69}.Release|x64.ActiveCfg = Release|Any CPU
		{F1C282D8-2BE3-434C-B5B4-BC077640AE69}.Release|x86.ActiveCfg = Release|Any CPU
		{F1C282D8-2BE3-434C-B5B4-BC077640AE69}.Staging|Any CPU.ActiveCfg = Staging|Any CPU
		{F1C282D8-2BE3-434C-B5B4-BC077640AE69}.Staging|Any CPU.Build.0 = Staging|Any CPU
		{F1C282D8-2BE3-434C-B5B4-BC077640AE69}.Staging|ARM.ActiveCfg = Staging|Any CPU
		{F1C282D8-2BE3-434C-B5B4-BC077640AE69}.Staging|x64.ActiveCfg = Staging|Any CPU
		{F1C282D8-2BE3-434C-B5B4-BC077640AE69}.Staging|x86.ActiveCfg = Staging|Any CPU
		{45E3153E-F70D-4875-9C53-CC2FDF998DE8}.Debug|Any CPU.ActiveCfg = Debug|Any CPU
		{45E3153E-F70D-4875-9C53-CC2FDF998DE8}.Debug|Any CPU.Build.0 = Debug|Any CPU
		{45E3153E-F70D-4875-9C53-CC2FDF998DE8}.Debug|ARM.ActiveCfg = Debug|Any CPU
		{45E3153E-F70D-4875-9C53-CC2FDF998DE8}.Debug|x64.ActiveCfg = Debug|Any CPU
		{45E3153E-F70D-4875-9C53-CC2FDF998DE8}.Debug|x86.ActiveCfg = Debug|Any CPU
		{45E3153E-F70D-4875-9C53-CC2FDF998DE8}.EasyTest|Any CPU.ActiveCfg = Release|Any CPU
		{45E3153E-F70D-4875-9C53-CC2FDF998DE8}.EasyTest|Any CPU.Build.0 = Release|Any CPU
		{45E3153E-F70D-4875-9C53-CC2FDF998DE8}.EasyTest|ARM.ActiveCfg = Release|Any CPU
		{45E3153E-F70D-4875-9C53-CC2FDF998DE8}.EasyTest|x64.ActiveCfg = Release|Any CPU
		{45E3153E-F70D-4875-9C53-CC2FDF998DE8}.EasyTest|x86.ActiveCfg = Release|Any CPU
		{45E3153E-F70D-4875-9C53-CC2FDF998DE8}.Production|Any CPU.ActiveCfg = Production|Any CPU
		{45E3153E-F70D-4875-9C53-CC2FDF998DE8}.Production|Any CPU.Build.0 = Production|Any CPU
		{45E3153E-F70D-4875-9C53-CC2FDF998DE8}.Production|ARM.ActiveCfg = Production|Any CPU
		{45E3153E-F70D-4875-9C53-CC2FDF998DE8}.Production|x64.ActiveCfg = Production|Any CPU
		{45E3153E-F70D-4875-9C53-CC2FDF998DE8}.Production|x86.ActiveCfg = Production|Any CPU
		{45E3153E-F70D-4875-9C53-CC2FDF998DE8}.Release|Any CPU.ActiveCfg = Release|Any CPU
		{45E3153E-F70D-4875-9C53-CC2FDF998DE8}.Release|Any CPU.Build.0 = Release|Any CPU
		{45E3153E-F70D-4875-9C53-CC2FDF998DE8}.Release|ARM.ActiveCfg = Release|Any CPU
		{45E3153E-F70D-4875-9C53-CC2FDF998DE8}.Release|x64.ActiveCfg = Release|Any CPU
		{45E3153E-F70D-4875-9C53-CC2FDF998DE8}.Release|x86.ActiveCfg = Release|Any CPU
		{45E3153E-F70D-4875-9C53-CC2FDF998DE8}.Staging|Any CPU.ActiveCfg = Staging|Any CPU
		{45E3153E-F70D-4875-9C53-CC2FDF998DE8}.Staging|Any CPU.Build.0 = Staging|Any CPU
		{45E3153E-F70D-4875-9C53-CC2FDF998DE8}.Staging|ARM.ActiveCfg = Staging|Any CPU
		{45E3153E-F70D-4875-9C53-CC2FDF998DE8}.Staging|x64.ActiveCfg = Staging|Any CPU
		{45E3153E-F70D-4875-9C53-CC2FDF998DE8}.Staging|x86.ActiveCfg = Staging|Any CPU
		{45E3153E-F70D-4875-9C53-CC2FDF998DE8}.Staging|x86.Build.0 = Staging|Any CPU
		{10F236D3-9C8D-4CD9-BEB5-C034D9D59D27}.Debug|Any CPU.ActiveCfg = Debug|Any CPU
		{10F236D3-9C8D-4CD9-BEB5-C034D9D59D27}.Debug|Any CPU.Build.0 = Debug|Any CPU
		{10F236D3-9C8D-4CD9-BEB5-C034D9D59D27}.Debug|ARM.ActiveCfg = Debug|Any CPU
		{10F236D3-9C8D-4CD9-BEB5-C034D9D59D27}.Debug|x64.ActiveCfg = Debug|Any CPU
		{10F236D3-9C8D-4CD9-BEB5-C034D9D59D27}.Debug|x86.ActiveCfg = Debug|Any CPU
		{10F236D3-9C8D-4CD9-BEB5-C034D9D59D27}.EasyTest|Any CPU.ActiveCfg = Release|Any CPU
		{10F236D3-9C8D-4CD9-BEB5-C034D9D59D27}.EasyTest|Any CPU.Build.0 = Release|Any CPU
		{10F236D3-9C8D-4CD9-BEB5-C034D9D59D27}.EasyTest|ARM.ActiveCfg = Release|Any CPU
		{10F236D3-9C8D-4CD9-BEB5-C034D9D59D27}.EasyTest|x64.ActiveCfg = Release|Any CPU
		{10F236D3-9C8D-4CD9-BEB5-C034D9D59D27}.EasyTest|x86.ActiveCfg = Release|Any CPU
		{10F236D3-9C8D-4CD9-BEB5-C034D9D59D27}.Production|Any CPU.ActiveCfg = Production|Any CPU
		{10F236D3-9C8D-4CD9-BEB5-C034D9D59D27}.Production|Any CPU.Build.0 = Production|Any CPU
		{10F236D3-9C8D-4CD9-BEB5-C034D9D59D27}.Production|ARM.ActiveCfg = Production|Any CPU
		{10F236D3-9C8D-4CD9-BEB5-C034D9D59D27}.Production|x64.ActiveCfg = Production|Any CPU
		{10F236D3-9C8D-4CD9-BEB5-C034D9D59D27}.Production|x86.ActiveCfg = Production|Any CPU
		{10F236D3-9C8D-4CD9-BEB5-C034D9D59D27}.Release|Any CPU.ActiveCfg = Release|Any CPU
		{10F236D3-9C8D-4CD9-BEB5-C034D9D59D27}.Release|Any CPU.Build.0 = Release|Any CPU
		{10F236D3-9C8D-4CD9-BEB5-C034D9D59D27}.Release|ARM.ActiveCfg = Release|Any CPU
		{10F236D3-9C8D-4CD9-BEB5-C034D9D59D27}.Release|x64.ActiveCfg = Release|Any CPU
		{10F236D3-9C8D-4CD9-BEB5-C034D9D59D27}.Release|x86.ActiveCfg = Release|Any CPU
		{10F236D3-9C8D-4CD9-BEB5-C034D9D59D27}.Staging|Any CPU.ActiveCfg = Staging|Any CPU
		{10F236D3-9C8D-4CD9-BEB5-C034D9D59D27}.Staging|Any CPU.Build.0 = Staging|Any CPU
		{10F236D3-9C8D-4CD9-BEB5-C034D9D59D27}.Staging|ARM.ActiveCfg = Staging|Any CPU
		{10F236D3-9C8D-4CD9-BEB5-C034D9D59D27}.Staging|x64.ActiveCfg = Staging|Any CPU
		{10F236D3-9C8D-4CD9-BEB5-C034D9D59D27}.Staging|x86.ActiveCfg = Staging|Any CPU
		{758195C6-0D0A-4083-A3ED-D51942AF8A21}.Debug|Any CPU.ActiveCfg = Debug|Any CPU
		{758195C6-0D0A-4083-A3ED-D51942AF8A21}.Debug|Any CPU.Build.0 = Debug|Any CPU
		{758195C6-0D0A-4083-A3ED-D51942AF8A21}.Debug|ARM.ActiveCfg = Debug|Any CPU
		{758195C6-0D0A-4083-A3ED-D51942AF8A21}.Debug|x64.ActiveCfg = Debug|Any CPU
		{758195C6-0D0A-4083-A3ED-D51942AF8A21}.Debug|x86.ActiveCfg = Debug|Any CPU
		{758195C6-0D0A-4083-A3ED-D51942AF8A21}.EasyTest|Any CPU.ActiveCfg = Release|Any CPU
		{758195C6-0D0A-4083-A3ED-D51942AF8A21}.EasyTest|Any CPU.Build.0 = Release|Any CPU
		{758195C6-0D0A-4083-A3ED-D51942AF8A21}.EasyTest|ARM.ActiveCfg = Release|Any CPU
		{758195C6-0D0A-4083-A3ED-D51942AF8A21}.EasyTest|x64.ActiveCfg = Release|Any CPU
		{758195C6-0D0A-4083-A3ED-D51942AF8A21}.EasyTest|x86.ActiveCfg = Release|Any CPU
		{758195C6-0D0A-4083-A3ED-D51942AF8A21}.Production|Any CPU.ActiveCfg = Production|Any CPU
		{758195C6-0D0A-4083-A3ED-D51942AF8A21}.Production|Any CPU.Build.0 = Production|Any CPU
		{758195C6-0D0A-4083-A3ED-D51942AF8A21}.Production|ARM.ActiveCfg = Production|Any CPU
		{758195C6-0D0A-4083-A3ED-D51942AF8A21}.Production|x64.ActiveCfg = Production|Any CPU
		{758195C6-0D0A-4083-A3ED-D51942AF8A21}.Production|x86.ActiveCfg = Production|Any CPU
		{758195C6-0D0A-4083-A3ED-D51942AF8A21}.Release|Any CPU.ActiveCfg = Release|Any CPU
		{758195C6-0D0A-4083-A3ED-D51942AF8A21}.Release|Any CPU.Build.0 = Release|Any CPU
		{758195C6-0D0A-4083-A3ED-D51942AF8A21}.Release|ARM.ActiveCfg = Release|Any CPU
		{758195C6-0D0A-4083-A3ED-D51942AF8A21}.Release|x64.ActiveCfg = Release|Any CPU
		{758195C6-0D0A-4083-A3ED-D51942AF8A21}.Release|x86.ActiveCfg = Release|Any CPU
		{758195C6-0D0A-4083-A3ED-D51942AF8A21}.Staging|Any CPU.ActiveCfg = Staging|Any CPU
		{758195C6-0D0A-4083-A3ED-D51942AF8A21}.Staging|Any CPU.Build.0 = Staging|Any CPU
		{758195C6-0D0A-4083-A3ED-D51942AF8A21}.Staging|ARM.ActiveCfg = Staging|Any CPU
		{758195C6-0D0A-4083-A3ED-D51942AF8A21}.Staging|x64.ActiveCfg = Staging|Any CPU
		{758195C6-0D0A-4083-A3ED-D51942AF8A21}.Staging|x86.ActiveCfg = Staging|Any CPU
		{0B58A65D-0F1E-474D-8C19-1BE885CC45C1}.Debug|Any CPU.ActiveCfg = Debug|Any CPU
		{0B58A65D-0F1E-474D-8C19-1BE885CC45C1}.Debug|Any CPU.Build.0 = Debug|Any CPU
		{0B58A65D-0F1E-474D-8C19-1BE885CC45C1}.Debug|ARM.ActiveCfg = Debug|Any CPU
		{0B58A65D-0F1E-474D-8C19-1BE885CC45C1}.Debug|x64.ActiveCfg = Debug|Any CPU
		{0B58A65D-0F1E-474D-8C19-1BE885CC45C1}.Debug|x86.ActiveCfg = Debug|Any CPU
		{0B58A65D-0F1E-474D-8C19-1BE885CC45C1}.EasyTest|Any CPU.ActiveCfg = Release|Any CPU
		{0B58A65D-0F1E-474D-8C19-1BE885CC45C1}.EasyTest|Any CPU.Build.0 = Release|Any CPU
		{0B58A65D-0F1E-474D-8C19-1BE885CC45C1}.EasyTest|ARM.ActiveCfg = Release|Any CPU
		{0B58A65D-0F1E-474D-8C19-1BE885CC45C1}.EasyTest|x64.ActiveCfg = Release|Any CPU
		{0B58A65D-0F1E-474D-8C19-1BE885CC45C1}.EasyTest|x86.ActiveCfg = Release|Any CPU
		{0B58A65D-0F1E-474D-8C19-1BE885CC45C1}.Production|Any CPU.ActiveCfg = Production|Any CPU
		{0B58A65D-0F1E-474D-8C19-1BE885CC45C1}.Production|Any CPU.Build.0 = Production|Any CPU
		{0B58A65D-0F1E-474D-8C19-1BE885CC45C1}.Production|ARM.ActiveCfg = Production|Any CPU
		{0B58A65D-0F1E-474D-8C19-1BE885CC45C1}.Production|x64.ActiveCfg = Production|Any CPU
		{0B58A65D-0F1E-474D-8C19-1BE885CC45C1}.Production|x86.ActiveCfg = Production|Any CPU
		{0B58A65D-0F1E-474D-8C19-1BE885CC45C1}.Release|Any CPU.ActiveCfg = Release|Any CPU
		{0B58A65D-0F1E-474D-8C19-1BE885CC45C1}.Release|Any CPU.Build.0 = Release|Any CPU
		{0B58A65D-0F1E-474D-8C19-1BE885CC45C1}.Release|ARM.ActiveCfg = Release|Any CPU
		{0B58A65D-0F1E-474D-8C19-1BE885CC45C1}.Release|x64.ActiveCfg = Release|Any CPU
		{0B58A65D-0F1E-474D-8C19-1BE885CC45C1}.Release|x86.ActiveCfg = Release|Any CPU
		{0B58A65D-0F1E-474D-8C19-1BE885CC45C1}.Staging|Any CPU.ActiveCfg = Staging|Any CPU
		{0B58A65D-0F1E-474D-8C19-1BE885CC45C1}.Staging|Any CPU.Build.0 = Staging|Any CPU
		{0B58A65D-0F1E-474D-8C19-1BE885CC45C1}.Staging|ARM.ActiveCfg = Staging|Any CPU
		{0B58A65D-0F1E-474D-8C19-1BE885CC45C1}.Staging|x64.ActiveCfg = Staging|Any CPU
		{0B58A65D-0F1E-474D-8C19-1BE885CC45C1}.Staging|x86.ActiveCfg = Staging|Any CPU
		{97FCA2B4-C880-4344-939D-0CE84777F4CA}.Debug|Any CPU.ActiveCfg = Debug|Any CPU
		{97FCA2B4-C880-4344-939D-0CE84777F4CA}.Debug|Any CPU.Build.0 = Debug|Any CPU
		{97FCA2B4-C880-4344-939D-0CE84777F4CA}.Debug|ARM.ActiveCfg = Debug|Any CPU
		{97FCA2B4-C880-4344-939D-0CE84777F4CA}.Debug|x64.ActiveCfg = Debug|Any CPU
		{97FCA2B4-C880-4344-939D-0CE84777F4CA}.Debug|x86.ActiveCfg = Debug|Any CPU
		{97FCA2B4-C880-4344-939D-0CE84777F4CA}.EasyTest|Any CPU.ActiveCfg = Release|Any CPU
		{97FCA2B4-C880-4344-939D-0CE84777F4CA}.EasyTest|Any CPU.Build.0 = Release|Any CPU
		{97FCA2B4-C880-4344-939D-0CE84777F4CA}.EasyTest|ARM.ActiveCfg = Release|Any CPU
		{97FCA2B4-C880-4344-939D-0CE84777F4CA}.EasyTest|x64.ActiveCfg = Release|Any CPU
		{97FCA2B4-C880-4344-939D-0CE84777F4CA}.EasyTest|x86.ActiveCfg = Release|Any CPU
		{97FCA2B4-C880-4344-939D-0CE84777F4CA}.Production|Any CPU.ActiveCfg = Production|Any CPU
		{97FCA2B4-C880-4344-939D-0CE84777F4CA}.Production|Any CPU.Build.0 = Production|Any CPU
		{97FCA2B4-C880-4344-939D-0CE84777F4CA}.Production|ARM.ActiveCfg = Production|Any CPU
		{97FCA2B4-C880-4344-939D-0CE84777F4CA}.Production|x64.ActiveCfg = Production|Any CPU
		{97FCA2B4-C880-4344-939D-0CE84777F4CA}.Production|x86.ActiveCfg = Production|Any CPU
		{97FCA2B4-C880-4344-939D-0CE84777F4CA}.Release|Any CPU.ActiveCfg = Release|Any CPU
		{97FCA2B4-C880-4344-939D-0CE84777F4CA}.Release|Any CPU.Build.0 = Release|Any CPU
		{97FCA2B4-C880-4344-939D-0CE84777F4CA}.Release|ARM.ActiveCfg = Release|Any CPU
		{97FCA2B4-C880-4344-939D-0CE84777F4CA}.Release|x64.ActiveCfg = Release|Any CPU
		{97FCA2B4-C880-4344-939D-0CE84777F4CA}.Release|x86.ActiveCfg = Release|Any CPU
		{97FCA2B4-C880-4344-939D-0CE84777F4CA}.Staging|Any CPU.ActiveCfg = Staging|Any CPU
		{97FCA2B4-C880-4344-939D-0CE84777F4CA}.Staging|Any CPU.Build.0 = Staging|Any CPU
		{97FCA2B4-C880-4344-939D-0CE84777F4CA}.Staging|ARM.ActiveCfg = Staging|Any CPU
		{97FCA2B4-C880-4344-939D-0CE84777F4CA}.Staging|x64.ActiveCfg = Staging|Any CPU
		{97FCA2B4-C880-4344-939D-0CE84777F4CA}.Staging|x86.ActiveCfg = Staging|Any CPU
		{11CB8393-6CE1-4E86-8FA5-C633860C5F6D}.Debug|Any CPU.ActiveCfg = Debug|Any CPU
		{11CB8393-6CE1-4E86-8FA5-C633860C5F6D}.Debug|Any CPU.Build.0 = Debug|Any CPU
		{11CB8393-6CE1-4E86-8FA5-C633860C5F6D}.Debug|ARM.ActiveCfg = Debug|Any CPU
		{11CB8393-6CE1-4E86-8FA5-C633860C5F6D}.Debug|x64.ActiveCfg = Debug|Any CPU
		{11CB8393-6CE1-4E86-8FA5-C633860C5F6D}.Debug|x86.ActiveCfg = Debug|Any CPU
		{11CB8393-6CE1-4E86-8FA5-C633860C5F6D}.EasyTest|Any CPU.ActiveCfg = Release|Any CPU
		{11CB8393-6CE1-4E86-8FA5-C633860C5F6D}.EasyTest|Any CPU.Build.0 = Release|Any CPU
		{11CB8393-6CE1-4E86-8FA5-C633860C5F6D}.EasyTest|ARM.ActiveCfg = Release|Any CPU
		{11CB8393-6CE1-4E86-8FA5-C633860C5F6D}.EasyTest|x64.ActiveCfg = Release|Any CPU
		{11CB8393-6CE1-4E86-8FA5-C633860C5F6D}.EasyTest|x86.ActiveCfg = Release|Any CPU
		{11CB8393-6CE1-4E86-8FA5-C633860C5F6D}.Production|Any CPU.ActiveCfg = Production|Any CPU
		{11CB8393-6CE1-4E86-8FA5-C633860C5F6D}.Production|Any CPU.Build.0 = Production|Any CPU
		{11CB8393-6CE1-4E86-8FA5-C633860C5F6D}.Production|ARM.ActiveCfg = Production|Any CPU
		{11CB8393-6CE1-4E86-8FA5-C633860C5F6D}.Production|x64.ActiveCfg = Production|Any CPU
		{11CB8393-6CE1-4E86-8FA5-C633860C5F6D}.Production|x86.ActiveCfg = Production|Any CPU
		{11CB8393-6CE1-4E86-8FA5-C633860C5F6D}.Release|Any CPU.ActiveCfg = Release|Any CPU
		{11CB8393-6CE1-4E86-8FA5-C633860C5F6D}.Release|Any CPU.Build.0 = Release|Any CPU
		{11CB8393-6CE1-4E86-8FA5-C633860C5F6D}.Release|ARM.ActiveCfg = Release|Any CPU
		{11CB8393-6CE1-4E86-8FA5-C633860C5F6D}.Release|x64.ActiveCfg = Release|Any CPU
		{11CB8393-6CE1-4E86-8FA5-C633860C5F6D}.Release|x86.ActiveCfg = Release|Any CPU
		{11CB8393-6CE1-4E86-8FA5-C633860C5F6D}.Staging|Any CPU.ActiveCfg = Staging|Any CPU
		{11CB8393-6CE1-4E86-8FA5-C633860C5F6D}.Staging|Any CPU.Build.0 = Staging|Any CPU
		{11CB8393-6CE1-4E86-8FA5-C633860C5F6D}.Staging|ARM.ActiveCfg = Staging|Any CPU
		{11CB8393-6CE1-4E86-8FA5-C633860C5F6D}.Staging|x64.ActiveCfg = Staging|Any CPU
		{11CB8393-6CE1-4E86-8FA5-C633860C5F6D}.Staging|x86.ActiveCfg = Staging|Any CPU
		{BC9ED2C5-22FF-4FE9-B372-1B72BBB4780B}.Debug|Any CPU.ActiveCfg = Debug|Any CPU
		{BC9ED2C5-22FF-4FE9-B372-1B72BBB4780B}.Debug|Any CPU.Build.0 = Debug|Any CPU
		{BC9ED2C5-22FF-4FE9-B372-1B72BBB4780B}.Debug|ARM.ActiveCfg = Debug|Any CPU
		{BC9ED2C5-22FF-4FE9-B372-1B72BBB4780B}.Debug|x64.ActiveCfg = Debug|Any CPU
		{BC9ED2C5-22FF-4FE9-B372-1B72BBB4780B}.Debug|x86.ActiveCfg = Debug|Any CPU
		{BC9ED2C5-22FF-4FE9-B372-1B72BBB4780B}.EasyTest|Any CPU.ActiveCfg = Release|Any CPU
		{BC9ED2C5-22FF-4FE9-B372-1B72BBB4780B}.EasyTest|Any CPU.Build.0 = Release|Any CPU
		{BC9ED2C5-22FF-4FE9-B372-1B72BBB4780B}.EasyTest|ARM.ActiveCfg = Release|Any CPU
		{BC9ED2C5-22FF-4FE9-B372-1B72BBB4780B}.EasyTest|x64.ActiveCfg = Release|Any CPU
		{BC9ED2C5-22FF-4FE9-B372-1B72BBB4780B}.EasyTest|x86.ActiveCfg = Release|Any CPU
		{BC9ED2C5-22FF-4FE9-B372-1B72BBB4780B}.Production|Any CPU.ActiveCfg = Production|Any CPU
		{BC9ED2C5-22FF-4FE9-B372-1B72BBB4780B}.Production|Any CPU.Build.0 = Production|Any CPU
		{BC9ED2C5-22FF-4FE9-B372-1B72BBB4780B}.Production|ARM.ActiveCfg = Production|Any CPU
		{BC9ED2C5-22FF-4FE9-B372-1B72BBB4780B}.Production|x64.ActiveCfg = Production|Any CPU
		{BC9ED2C5-22FF-4FE9-B372-1B72BBB4780B}.Production|x86.ActiveCfg = Production|Any CPU
		{BC9ED2C5-22FF-4FE9-B372-1B72BBB4780B}.Release|Any CPU.ActiveCfg = Release|Any CPU
		{BC9ED2C5-22FF-4FE9-B372-1B72BBB4780B}.Release|Any CPU.Build.0 = Release|Any CPU
		{BC9ED2C5-22FF-4FE9-B372-1B72BBB4780B}.Release|ARM.ActiveCfg = Release|Any CPU
		{BC9ED2C5-22FF-4FE9-B372-1B72BBB4780B}.Release|x64.ActiveCfg = Release|Any CPU
		{BC9ED2C5-22FF-4FE9-B372-1B72BBB4780B}.Release|x86.ActiveCfg = Release|Any CPU
		{BC9ED2C5-22FF-4FE9-B372-1B72BBB4780B}.Staging|Any CPU.ActiveCfg = Staging|Any CPU
		{BC9ED2C5-22FF-4FE9-B372-1B72BBB4780B}.Staging|Any CPU.Build.0 = Staging|Any CPU
		{BC9ED2C5-22FF-4FE9-B372-1B72BBB4780B}.Staging|ARM.ActiveCfg = Staging|Any CPU
		{BC9ED2C5-22FF-4FE9-B372-1B72BBB4780B}.Staging|x64.ActiveCfg = Staging|Any CPU
		{BC9ED2C5-22FF-4FE9-B372-1B72BBB4780B}.Staging|x86.ActiveCfg = Staging|Any CPU
		{74145CF0-7D6D-4833-8867-4BBA3E9220B1}.Debug|Any CPU.ActiveCfg = Debug|Any CPU
		{74145CF0-7D6D-4833-8867-4BBA3E9220B1}.Debug|Any CPU.Build.0 = Debug|Any CPU
		{74145CF0-7D6D-4833-8867-4BBA3E9220B1}.Debug|Any CPU.Deploy.0 = Debug|Any CPU
		{74145CF0-7D6D-4833-8867-4BBA3E9220B1}.Debug|ARM.ActiveCfg = Debug|Any CPU
		{74145CF0-7D6D-4833-8867-4BBA3E9220B1}.Debug|x64.ActiveCfg = Debug|Any CPU
		{74145CF0-7D6D-4833-8867-4BBA3E9220B1}.Debug|x86.ActiveCfg = Debug|Any CPU
		{74145CF0-7D6D-4833-8867-4BBA3E9220B1}.EasyTest|Any CPU.ActiveCfg = Release|Any CPU
		{74145CF0-7D6D-4833-8867-4BBA3E9220B1}.EasyTest|Any CPU.Build.0 = Release|Any CPU
		{74145CF0-7D6D-4833-8867-4BBA3E9220B1}.EasyTest|ARM.ActiveCfg = Release|Any CPU
		{74145CF0-7D6D-4833-8867-4BBA3E9220B1}.EasyTest|x64.ActiveCfg = Release|Any CPU
		{74145CF0-7D6D-4833-8867-4BBA3E9220B1}.EasyTest|x86.ActiveCfg = Release|Any CPU
		{74145CF0-7D6D-4833-8867-4BBA3E9220B1}.Production|Any CPU.ActiveCfg = Production|Any CPU
		{74145CF0-7D6D-4833-8867-4BBA3E9220B1}.Production|Any CPU.Build.0 = Production|Any CPU
		{74145CF0-7D6D-4833-8867-4BBA3E9220B1}.Production|ARM.ActiveCfg = Production|Any CPU
		{74145CF0-7D6D-4833-8867-4BBA3E9220B1}.Production|x64.ActiveCfg = Production|Any CPU
		{74145CF0-7D6D-4833-8867-4BBA3E9220B1}.Production|x86.ActiveCfg = Production|Any CPU
		{74145CF0-7D6D-4833-8867-4BBA3E9220B1}.Release|Any CPU.ActiveCfg = Release|Any CPU
		{74145CF0-7D6D-4833-8867-4BBA3E9220B1}.Release|Any CPU.Build.0 = Release|Any CPU
		{74145CF0-7D6D-4833-8867-4BBA3E9220B1}.Release|ARM.ActiveCfg = Release|Any CPU
		{74145CF0-7D6D-4833-8867-4BBA3E9220B1}.Release|x64.ActiveCfg = Release|Any CPU
		{74145CF0-7D6D-4833-8867-4BBA3E9220B1}.Release|x86.ActiveCfg = Release|Any CPU
		{74145CF0-7D6D-4833-8867-4BBA3E9220B1}.Staging|Any CPU.ActiveCfg = Staging|Any CPU
		{74145CF0-7D6D-4833-8867-4BBA3E9220B1}.Staging|Any CPU.Build.0 = Staging|Any CPU
		{74145CF0-7D6D-4833-8867-4BBA3E9220B1}.Staging|ARM.ActiveCfg = Staging|Any CPU
		{74145CF0-7D6D-4833-8867-4BBA3E9220B1}.Staging|x64.ActiveCfg = Staging|Any CPU
		{74145CF0-7D6D-4833-8867-4BBA3E9220B1}.Staging|x86.ActiveCfg = Staging|Any CPU
		{F767D0A5-5135-4B79-A7B4-E7E6C3EAC066}.Debug|Any CPU.ActiveCfg = Debug|Any CPU
		{F767D0A5-5135-4B79-A7B4-E7E6C3EAC066}.Debug|Any CPU.Build.0 = Debug|Any CPU
		{F767D0A5-5135-4B79-A7B4-E7E6C3EAC066}.Debug|ARM.ActiveCfg = Debug|Any CPU
		{F767D0A5-5135-4B79-A7B4-E7E6C3EAC066}.Debug|x64.ActiveCfg = Debug|Any CPU
		{F767D0A5-5135-4B79-A7B4-E7E6C3EAC066}.Debug|x86.ActiveCfg = Debug|Any CPU
		{F767D0A5-5135-4B79-A7B4-E7E6C3EAC066}.EasyTest|Any CPU.ActiveCfg = Release|Any CPU
		{F767D0A5-5135-4B79-A7B4-E7E6C3EAC066}.EasyTest|Any CPU.Build.0 = Release|Any CPU
		{F767D0A5-5135-4B79-A7B4-E7E6C3EAC066}.EasyTest|ARM.ActiveCfg = Release|Any CPU
		{F767D0A5-5135-4B79-A7B4-E7E6C3EAC066}.EasyTest|x64.ActiveCfg = Release|Any CPU
		{F767D0A5-5135-4B79-A7B4-E7E6C3EAC066}.EasyTest|x86.ActiveCfg = Release|Any CPU
		{F767D0A5-5135-4B79-A7B4-E7E6C3EAC066}.Production|Any CPU.ActiveCfg = Production|Any CPU
		{F767D0A5-5135-4B79-A7B4-E7E6C3EAC066}.Production|Any CPU.Build.0 = Production|Any CPU
		{F767D0A5-5135-4B79-A7B4-E7E6C3EAC066}.Production|ARM.ActiveCfg = Production|Any CPU
		{F767D0A5-5135-4B79-A7B4-E7E6C3EAC066}.Production|x64.ActiveCfg = Production|Any CPU
		{F767D0A5-5135-4B79-A7B4-E7E6C3EAC066}.Production|x86.ActiveCfg = Production|Any CPU
		{F767D0A5-5135-4B79-A7B4-E7E6C3EAC066}.Release|Any CPU.ActiveCfg = Release|Any CPU
		{F767D0A5-5135-4B79-A7B4-E7E6C3EAC066}.Release|Any CPU.Build.0 = Release|Any CPU
		{F767D0A5-5135-4B79-A7B4-E7E6C3EAC066}.Release|ARM.ActiveCfg = Release|Any CPU
		{F767D0A5-5135-4B79-A7B4-E7E6C3EAC066}.Release|x64.ActiveCfg = Release|Any CPU
		{F767D0A5-5135-4B79-A7B4-E7E6C3EAC066}.Release|x86.ActiveCfg = Release|Any CPU
		{F767D0A5-5135-4B79-A7B4-E7E6C3EAC066}.Staging|Any CPU.ActiveCfg = Staging|Any CPU
		{F767D0A5-5135-4B79-A7B4-E7E6C3EAC066}.Staging|Any CPU.Build.0 = Staging|Any CPU
		{F767D0A5-5135-4B79-A7B4-E7E6C3EAC066}.Staging|ARM.ActiveCfg = Staging|Any CPU
		{F767D0A5-5135-4B79-A7B4-E7E6C3EAC066}.Staging|x64.ActiveCfg = Staging|Any CPU
		{F767D0A5-5135-4B79-A7B4-E7E6C3EAC066}.Staging|x86.ActiveCfg = Staging|Any CPU
		{F2B75E3E-B1E8-46E5-B5D0-DF22CB4F9820}.Debug|Any CPU.ActiveCfg = Debug|Any CPU
		{F2B75E3E-B1E8-46E5-B5D0-DF22CB4F9820}.Debug|Any CPU.Build.0 = Debug|Any CPU
		{F2B75E3E-B1E8-46E5-B5D0-DF22CB4F9820}.Debug|ARM.ActiveCfg = Debug|Any CPU
		{F2B75E3E-B1E8-46E5-B5D0-DF22CB4F9820}.Debug|x64.ActiveCfg = Debug|Any CPU
		{F2B75E3E-B1E8-46E5-B5D0-DF22CB4F9820}.Debug|x86.ActiveCfg = Debug|Any CPU
		{F2B75E3E-B1E8-46E5-B5D0-DF22CB4F9820}.EasyTest|Any CPU.ActiveCfg = Release|Any CPU
		{F2B75E3E-B1E8-46E5-B5D0-DF22CB4F9820}.EasyTest|Any CPU.Build.0 = Release|Any CPU
		{F2B75E3E-B1E8-46E5-B5D0-DF22CB4F9820}.EasyTest|ARM.ActiveCfg = Release|Any CPU
		{F2B75E3E-B1E8-46E5-B5D0-DF22CB4F9820}.EasyTest|x64.ActiveCfg = Release|Any CPU
		{F2B75E3E-B1E8-46E5-B5D0-DF22CB4F9820}.EasyTest|x86.ActiveCfg = Release|Any CPU
		{F2B75E3E-B1E8-46E5-B5D0-DF22CB4F9820}.Production|Any CPU.ActiveCfg = Production|Any CPU
		{F2B75E3E-B1E8-46E5-B5D0-DF22CB4F9820}.Production|Any CPU.Build.0 = Production|Any CPU
		{F2B75E3E-B1E8-46E5-B5D0-DF22CB4F9820}.Production|ARM.ActiveCfg = Production|Any CPU
		{F2B75E3E-B1E8-46E5-B5D0-DF22CB4F9820}.Production|x64.ActiveCfg = Production|Any CPU
		{F2B75E3E-B1E8-46E5-B5D0-DF22CB4F9820}.Production|x86.ActiveCfg = Production|Any CPU
		{F2B75E3E-B1E8-46E5-B5D0-DF22CB4F9820}.Release|Any CPU.ActiveCfg = Release|Any CPU
		{F2B75E3E-B1E8-46E5-B5D0-DF22CB4F9820}.Release|Any CPU.Build.0 = Release|Any CPU
		{F2B75E3E-B1E8-46E5-B5D0-DF22CB4F9820}.Release|ARM.ActiveCfg = Release|Any CPU
		{F2B75E3E-B1E8-46E5-B5D0-DF22CB4F9820}.Release|x64.ActiveCfg = Release|Any CPU
		{F2B75E3E-B1E8-46E5-B5D0-DF22CB4F9820}.Release|x86.ActiveCfg = Release|Any CPU
		{F2B75E3E-B1E8-46E5-B5D0-DF22CB4F9820}.Staging|Any CPU.ActiveCfg = Staging|Any CPU
		{F2B75E3E-B1E8-46E5-B5D0-DF22CB4F9820}.Staging|Any CPU.Build.0 = Staging|Any CPU
		{F2B75E3E-B1E8-46E5-B5D0-DF22CB4F9820}.Staging|ARM.ActiveCfg = Staging|Any CPU
		{F2B75E3E-B1E8-46E5-B5D0-DF22CB4F9820}.Staging|x64.ActiveCfg = Staging|Any CPU
		{F2B75E3E-B1E8-46E5-B5D0-DF22CB4F9820}.Staging|x86.ActiveCfg = Staging|Any CPU
		{00C399CD-23B7-4901-91AF-AC05BBB0FDB1}.Debug|Any CPU.ActiveCfg = Debug|Any CPU
		{00C399CD-23B7-4901-91AF-AC05BBB0FDB1}.Debug|Any CPU.Build.0 = Debug|Any CPU
		{00C399CD-23B7-4901-91AF-AC05BBB0FDB1}.Debug|ARM.ActiveCfg = Debug|Any CPU
		{00C399CD-23B7-4901-91AF-AC05BBB0FDB1}.Debug|x64.ActiveCfg = Debug|Any CPU
		{00C399CD-23B7-4901-91AF-AC05BBB0FDB1}.Debug|x86.ActiveCfg = Debug|Any CPU
		{00C399CD-23B7-4901-91AF-AC05BBB0FDB1}.EasyTest|Any CPU.ActiveCfg = Release|Any CPU
		{00C399CD-23B7-4901-91AF-AC05BBB0FDB1}.EasyTest|Any CPU.Build.0 = Release|Any CPU
		{00C399CD-23B7-4901-91AF-AC05BBB0FDB1}.EasyTest|ARM.ActiveCfg = Release|Any CPU
		{00C399CD-23B7-4901-91AF-AC05BBB0FDB1}.EasyTest|x64.ActiveCfg = Release|Any CPU
		{00C399CD-23B7-4901-91AF-AC05BBB0FDB1}.EasyTest|x86.ActiveCfg = Release|Any CPU
		{00C399CD-23B7-4901-91AF-AC05BBB0FDB1}.Production|Any CPU.ActiveCfg = Production|Any CPU
		{00C399CD-23B7-4901-91AF-AC05BBB0FDB1}.Production|Any CPU.Build.0 = Production|Any CPU
		{00C399CD-23B7-4901-91AF-AC05BBB0FDB1}.Production|ARM.ActiveCfg = Production|Any CPU
		{00C399CD-23B7-4901-91AF-AC05BBB0FDB1}.Production|x64.ActiveCfg = Production|Any CPU
		{00C399CD-23B7-4901-91AF-AC05BBB0FDB1}.Production|x86.ActiveCfg = Production|Any CPU
		{00C399CD-23B7-4901-91AF-AC05BBB0FDB1}.Release|Any CPU.ActiveCfg = Release|Any CPU
		{00C399CD-23B7-4901-91AF-AC05BBB0FDB1}.Release|Any CPU.Build.0 = Release|Any CPU
		{00C399CD-23B7-4901-91AF-AC05BBB0FDB1}.Release|ARM.ActiveCfg = Release|Any CPU
		{00C399CD-23B7-4901-91AF-AC05BBB0FDB1}.Release|x64.ActiveCfg = Release|Any CPU
		{00C399CD-23B7-4901-91AF-AC05BBB0FDB1}.Release|x86.ActiveCfg = Release|Any CPU
		{00C399CD-23B7-4901-91AF-AC05BBB0FDB1}.Staging|Any CPU.ActiveCfg = Staging|Any CPU
		{00C399CD-23B7-4901-91AF-AC05BBB0FDB1}.Staging|Any CPU.Build.0 = Staging|Any CPU
		{00C399CD-23B7-4901-91AF-AC05BBB0FDB1}.Staging|ARM.ActiveCfg = Staging|Any CPU
		{00C399CD-23B7-4901-91AF-AC05BBB0FDB1}.Staging|x64.ActiveCfg = Staging|Any CPU
		{00C399CD-23B7-4901-91AF-AC05BBB0FDB1}.Staging|x86.ActiveCfg = Staging|Any CPU
		{0C729AAD-7626-4668-A7F1-35F7D240489D}.Debug|Any CPU.ActiveCfg = Debug|Any CPU
		{0C729AAD-7626-4668-A7F1-35F7D240489D}.Debug|Any CPU.Build.0 = Debug|Any CPU
		{0C729AAD-7626-4668-A7F1-35F7D240489D}.Debug|ARM.ActiveCfg = Debug|Any CPU
		{0C729AAD-7626-4668-A7F1-35F7D240489D}.Debug|x64.ActiveCfg = Debug|Any CPU
		{0C729AAD-7626-4668-A7F1-35F7D240489D}.Debug|x86.ActiveCfg = Debug|Any CPU
		{0C729AAD-7626-4668-A7F1-35F7D240489D}.EasyTest|Any CPU.ActiveCfg = EasyTest|Any CPU
		{0C729AAD-7626-4668-A7F1-35F7D240489D}.EasyTest|Any CPU.Build.0 = EasyTest|Any CPU
		{0C729AAD-7626-4668-A7F1-35F7D240489D}.EasyTest|ARM.ActiveCfg = EasyTest|Any CPU
		{0C729AAD-7626-4668-A7F1-35F7D240489D}.EasyTest|x64.ActiveCfg = EasyTest|Any CPU
		{0C729AAD-7626-4668-A7F1-35F7D240489D}.EasyTest|x86.ActiveCfg = EasyTest|Any CPU
		{0C729AAD-7626-4668-A7F1-35F7D240489D}.Production|Any CPU.ActiveCfg = Production|Any CPU
		{0C729AAD-7626-4668-A7F1-35F7D240489D}.Production|Any CPU.Build.0 = Production|Any CPU
		{0C729AAD-7626-4668-A7F1-35F7D240489D}.Production|ARM.ActiveCfg = Production|Any CPU
		{0C729AAD-7626-4668-A7F1-35F7D240489D}.Production|x64.ActiveCfg = Production|Any CPU
		{0C729AAD-7626-4668-A7F1-35F7D240489D}.Production|x86.ActiveCfg = Production|Any CPU
		{0C729AAD-7626-4668-A7F1-35F7D240489D}.Release|Any CPU.ActiveCfg = Release|Any CPU
		{0C729AAD-7626-4668-A7F1-35F7D240489D}.Release|Any CPU.Build.0 = Release|Any CPU
		{0C729AAD-7626-4668-A7F1-35F7D240489D}.Release|ARM.ActiveCfg = Release|Any CPU
		{0C729AAD-7626-4668-A7F1-35F7D240489D}.Release|x64.ActiveCfg = Release|Any CPU
		{0C729AAD-7626-4668-A7F1-35F7D240489D}.Release|x86.ActiveCfg = Release|Any CPU
		{0C729AAD-7626-4668-A7F1-35F7D240489D}.Staging|Any CPU.ActiveCfg = Staging|Any CPU
		{0C729AAD-7626-4668-A7F1-35F7D240489D}.Staging|Any CPU.Build.0 = Staging|Any CPU
		{0C729AAD-7626-4668-A7F1-35F7D240489D}.Staging|ARM.ActiveCfg = Staging|Any CPU
		{0C729AAD-7626-4668-A7F1-35F7D240489D}.Staging|x64.ActiveCfg = Staging|Any CPU
		{0C729AAD-7626-4668-A7F1-35F7D240489D}.Staging|x86.ActiveCfg = Staging|Any CPU
		{B9EF03FF-D05B-4FD4-A8E9-F90D819CB1DC}.Debug|Any CPU.ActiveCfg = Debug|Any CPU
		{B9EF03FF-D05B-4FD4-A8E9-F90D819CB1DC}.Debug|Any CPU.Build.0 = Debug|Any CPU
		{B9EF03FF-D05B-4FD4-A8E9-F90D819CB1DC}.Debug|ARM.ActiveCfg = Debug|Any CPU
		{B9EF03FF-D05B-4FD4-A8E9-F90D819CB1DC}.Debug|x64.ActiveCfg = Debug|Any CPU
		{B9EF03FF-D05B-4FD4-A8E9-F90D819CB1DC}.Debug|x86.ActiveCfg = Debug|Any CPU
		{B9EF03FF-D05B-4FD4-A8E9-F90D819CB1DC}.EasyTest|Any CPU.ActiveCfg = Release|Any CPU
		{B9EF03FF-D05B-4FD4-A8E9-F90D819CB1DC}.EasyTest|Any CPU.Build.0 = Release|Any CPU
		{B9EF03FF-D05B-4FD4-A8E9-F90D819CB1DC}.EasyTest|ARM.ActiveCfg = Release|Any CPU
		{B9EF03FF-D05B-4FD4-A8E9-F90D819CB1DC}.EasyTest|x64.ActiveCfg = Release|Any CPU
		{B9EF03FF-D05B-4FD4-A8E9-F90D819CB1DC}.EasyTest|x86.ActiveCfg = Release|Any CPU
		{B9EF03FF-D05B-4FD4-A8E9-F90D819CB1DC}.Production|Any CPU.ActiveCfg = Production|Any CPU
		{B9EF03FF-D05B-4FD4-A8E9-F90D819CB1DC}.Production|Any CPU.Build.0 = Production|Any CPU
		{B9EF03FF-D05B-4FD4-A8E9-F90D819CB1DC}.Production|ARM.ActiveCfg = Production|Any CPU
		{B9EF03FF-D05B-4FD4-A8E9-F90D819CB1DC}.Production|x64.ActiveCfg = Production|Any CPU
		{B9EF03FF-D05B-4FD4-A8E9-F90D819CB1DC}.Production|x86.ActiveCfg = Production|Any CPU
		{B9EF03FF-D05B-4FD4-A8E9-F90D819CB1DC}.Release|Any CPU.ActiveCfg = Release|Any CPU
		{B9EF03FF-D05B-4FD4-A8E9-F90D819CB1DC}.Release|Any CPU.Build.0 = Release|Any CPU
		{B9EF03FF-D05B-4FD4-A8E9-F90D819CB1DC}.Release|ARM.ActiveCfg = Release|Any CPU
		{B9EF03FF-D05B-4FD4-A8E9-F90D819CB1DC}.Release|x64.ActiveCfg = Release|Any CPU
		{B9EF03FF-D05B-4FD4-A8E9-F90D819CB1DC}.Release|x86.ActiveCfg = Release|Any CPU
		{B9EF03FF-D05B-4FD4-A8E9-F90D819CB1DC}.Staging|Any CPU.ActiveCfg = Staging|Any CPU
		{B9EF03FF-D05B-4FD4-A8E9-F90D819CB1DC}.Staging|Any CPU.Build.0 = Staging|Any CPU
		{B9EF03FF-D05B-4FD4-A8E9-F90D819CB1DC}.Staging|ARM.ActiveCfg = Staging|Any CPU
		{B9EF03FF-D05B-4FD4-A8E9-F90D819CB1DC}.Staging|x64.ActiveCfg = Staging|Any CPU
		{B9EF03FF-D05B-4FD4-A8E9-F90D819CB1DC}.Staging|x86.ActiveCfg = Staging|Any CPU
		{8D5B207C-1228-4A8A-AA1D-4E8961840D23}.Debug|Any CPU.ActiveCfg = Debug|Any CPU
		{8D5B207C-1228-4A8A-AA1D-4E8961840D23}.Debug|Any CPU.Build.0 = Debug|Any CPU
		{8D5B207C-1228-4A8A-AA1D-4E8961840D23}.Debug|ARM.ActiveCfg = Debug|Any CPU
		{8D5B207C-1228-4A8A-AA1D-4E8961840D23}.Debug|x64.ActiveCfg = Debug|Any CPU
		{8D5B207C-1228-4A8A-AA1D-4E8961840D23}.Debug|x86.ActiveCfg = Debug|Any CPU
		{8D5B207C-1228-4A8A-AA1D-4E8961840D23}.EasyTest|Any CPU.ActiveCfg = Staging|Any CPU
		{8D5B207C-1228-4A8A-AA1D-4E8961840D23}.EasyTest|Any CPU.Build.0 = Staging|Any CPU
		{8D5B207C-1228-4A8A-AA1D-4E8961840D23}.EasyTest|ARM.ActiveCfg = Staging|Any CPU
		{8D5B207C-1228-4A8A-AA1D-4E8961840D23}.EasyTest|x64.ActiveCfg = Staging|Any CPU
		{8D5B207C-1228-4A8A-AA1D-4E8961840D23}.EasyTest|x86.ActiveCfg = Staging|Any CPU
		{8D5B207C-1228-4A8A-AA1D-4E8961840D23}.Production|Any CPU.ActiveCfg = Staging|Any CPU
		{8D5B207C-1228-4A8A-AA1D-4E8961840D23}.Production|Any CPU.Build.0 = Staging|Any CPU
		{8D5B207C-1228-4A8A-AA1D-4E8961840D23}.Production|ARM.ActiveCfg = Staging|Any CPU
		{8D5B207C-1228-4A8A-AA1D-4E8961840D23}.Production|x64.ActiveCfg = Staging|Any CPU
		{8D5B207C-1228-4A8A-AA1D-4E8961840D23}.Production|x86.ActiveCfg = Staging|Any CPU
		{8D5B207C-1228-4A8A-AA1D-4E8961840D23}.Release|Any CPU.ActiveCfg = Release|Any CPU
		{8D5B207C-1228-4A8A-AA1D-4E8961840D23}.Release|Any CPU.Build.0 = Release|Any CPU
		{8D5B207C-1228-4A8A-AA1D-4E8961840D23}.Release|ARM.ActiveCfg = Release|Any CPU
		{8D5B207C-1228-4A8A-AA1D-4E8961840D23}.Release|x64.ActiveCfg = Release|Any CPU
		{8D5B207C-1228-4A8A-AA1D-4E8961840D23}.Release|x86.ActiveCfg = Release|Any CPU
		{8D5B207C-1228-4A8A-AA1D-4E8961840D23}.Staging|Any CPU.ActiveCfg = Staging|Any CPU
		{8D5B207C-1228-4A8A-AA1D-4E8961840D23}.Staging|Any CPU.Build.0 = Staging|Any CPU
		{8D5B207C-1228-4A8A-AA1D-4E8961840D23}.Staging|ARM.ActiveCfg = Staging|Any CPU
		{8D5B207C-1228-4A8A-AA1D-4E8961840D23}.Staging|x64.ActiveCfg = Staging|Any CPU
		{8D5B207C-1228-4A8A-AA1D-4E8961840D23}.Staging|x86.ActiveCfg = Staging|Any CPU
		{D7405FE5-4733-4700-8B8D-8BA1F61BB730}.Debug|Any CPU.ActiveCfg = Debug|Any CPU
		{D7405FE5-4733-4700-8B8D-8BA1F61BB730}.Debug|Any CPU.Build.0 = Debug|Any CPU
		{D7405FE5-4733-4700-8B8D-8BA1F61BB730}.Debug|ARM.ActiveCfg = Debug|Any CPU
		{D7405FE5-4733-4700-8B8D-8BA1F61BB730}.Debug|x64.ActiveCfg = Debug|Any CPU
		{D7405FE5-4733-4700-8B8D-8BA1F61BB730}.Debug|x86.ActiveCfg = Debug|Any CPU
		{D7405FE5-4733-4700-8B8D-8BA1F61BB730}.EasyTest|Any CPU.ActiveCfg = Release|Any CPU
		{D7405FE5-4733-4700-8B8D-8BA1F61BB730}.EasyTest|Any CPU.Build.0 = Release|Any CPU
		{D7405FE5-4733-4700-8B8D-8BA1F61BB730}.EasyTest|ARM.ActiveCfg = Release|Any CPU
		{D7405FE5-4733-4700-8B8D-8BA1F61BB730}.EasyTest|x64.ActiveCfg = Release|Any CPU
		{D7405FE5-4733-4700-8B8D-8BA1F61BB730}.EasyTest|x86.ActiveCfg = Release|Any CPU
		{D7405FE5-4733-4700-8B8D-8BA1F61BB730}.Production|Any CPU.ActiveCfg = Release|Any CPU
		{D7405FE5-4733-4700-8B8D-8BA1F61BB730}.Production|Any CPU.Build.0 = Release|Any CPU
		{D7405FE5-4733-4700-8B8D-8BA1F61BB730}.Production|ARM.ActiveCfg = Release|Any CPU
		{D7405FE5-4733-4700-8B8D-8BA1F61BB730}.Production|x64.ActiveCfg = Release|Any CPU
		{D7405FE5-4733-4700-8B8D-8BA1F61BB730}.Production|x86.ActiveCfg = Release|Any CPU
		{D7405FE5-4733-4700-8B8D-8BA1F61BB730}.Release|Any CPU.ActiveCfg = Release|Any CPU
		{D7405FE5-4733-4700-8B8D-8BA1F61BB730}.Release|Any CPU.Build.0 = Release|Any CPU
		{D7405FE5-4733-4700-8B8D-8BA1F61BB730}.Release|ARM.ActiveCfg = Release|Any CPU
		{D7405FE5-4733-4700-8B8D-8BA1F61BB730}.Release|x64.ActiveCfg = Release|Any CPU
		{D7405FE5-4733-4700-8B8D-8BA1F61BB730}.Release|x86.ActiveCfg = Release|Any CPU
		{D7405FE5-4733-4700-8B8D-8BA1F61BB730}.Staging|Any CPU.ActiveCfg = Release|Any CPU
		{D7405FE5-4733-4700-8B8D-8BA1F61BB730}.Staging|Any CPU.Build.0 = Release|Any CPU
		{D7405FE5-4733-4700-8B8D-8BA1F61BB730}.Staging|ARM.ActiveCfg = Release|Any CPU
		{D7405FE5-4733-4700-8B8D-8BA1F61BB730}.Staging|x64.ActiveCfg = Release|Any CPU
		{D7405FE5-4733-4700-8B8D-8BA1F61BB730}.Staging|x86.ActiveCfg = Release|Any CPU
		{E4CA25FA-B648-4BD3-AB5C-8A4C8A7A8C46}.Debug|Any CPU.ActiveCfg = Debug|Any CPU
		{E4CA25FA-B648-4BD3-AB5C-8A4C8A7A8C46}.Debug|Any CPU.Build.0 = Debug|Any CPU
		{E4CA25FA-B648-4BD3-AB5C-8A4C8A7A8C46}.Debug|ARM.ActiveCfg = Debug|Any CPU
		{E4CA25FA-B648-4BD3-AB5C-8A4C8A7A8C46}.Debug|x64.ActiveCfg = Debug|Any CPU
		{E4CA25FA-B648-4BD3-AB5C-8A4C8A7A8C46}.Debug|x86.ActiveCfg = Debug|Any CPU
		{E4CA25FA-B648-4BD3-AB5C-8A4C8A7A8C46}.EasyTest|Any CPU.ActiveCfg = Production|Any CPU
		{E4CA25FA-B648-4BD3-AB5C-8A4C8A7A8C46}.EasyTest|Any CPU.Build.0 = Production|Any CPU
		{E4CA25FA-B648-4BD3-AB5C-8A4C8A7A8C46}.EasyTest|ARM.ActiveCfg = Production|Any CPU
		{E4CA25FA-B648-4BD3-AB5C-8A4C8A7A8C46}.EasyTest|x64.ActiveCfg = Production|Any CPU
		{E4CA25FA-B648-4BD3-AB5C-8A4C8A7A8C46}.EasyTest|x86.ActiveCfg = Production|Any CPU
		{E4CA25FA-B648-4BD3-AB5C-8A4C8A7A8C46}.Production|Any CPU.ActiveCfg = Production|Any CPU
		{E4CA25FA-B648-4BD3-AB5C-8A4C8A7A8C46}.Production|Any CPU.Build.0 = Production|Any CPU
		{E4CA25FA-B648-4BD3-AB5C-8A4C8A7A8C46}.Production|ARM.ActiveCfg = Production|Any CPU
		{E4CA25FA-B648-4BD3-AB5C-8A4C8A7A8C46}.Production|x64.ActiveCfg = Production|Any CPU
		{E4CA25FA-B648-4BD3-AB5C-8A4C8A7A8C46}.Production|x86.ActiveCfg = Production|Any CPU
		{E4CA25FA-B648-4BD3-AB5C-8A4C8A7A8C46}.Release|Any CPU.ActiveCfg = Release|Any CPU
		{E4CA25FA-B648-4BD3-AB5C-8A4C8A7A8C46}.Release|Any CPU.Build.0 = Release|Any CPU
		{E4CA25FA-B648-4BD3-AB5C-8A4C8A7A8C46}.Release|ARM.ActiveCfg = Release|Any CPU
		{E4CA25FA-B648-4BD3-AB5C-8A4C8A7A8C46}.Release|x64.ActiveCfg = Release|Any CPU
		{E4CA25FA-B648-4BD3-AB5C-8A4C8A7A8C46}.Release|x86.ActiveCfg = Release|Any CPU
		{E4CA25FA-B648-4BD3-AB5C-8A4C8A7A8C46}.Staging|Any CPU.ActiveCfg = Staging|Any CPU
		{E4CA25FA-B648-4BD3-AB5C-8A4C8A7A8C46}.Staging|Any CPU.Build.0 = Staging|Any CPU
		{E4CA25FA-B648-4BD3-AB5C-8A4C8A7A8C46}.Staging|ARM.ActiveCfg = Staging|Any CPU
		{E4CA25FA-B648-4BD3-AB5C-8A4C8A7A8C46}.Staging|x64.ActiveCfg = Staging|Any CPU
		{E4CA25FA-B648-4BD3-AB5C-8A4C8A7A8C46}.Staging|x86.ActiveCfg = Staging|Any CPU
		{883BF451-27ED-4BD2-9613-704DFF6C6CB4}.Debug|Any CPU.ActiveCfg = Debug|Any CPU
		{883BF451-27ED-4BD2-9613-704DFF6C6CB4}.Debug|Any CPU.Build.0 = Debug|Any CPU
		{883BF451-27ED-4BD2-9613-704DFF6C6CB4}.Debug|ARM.ActiveCfg = Debug|Any CPU
		{883BF451-27ED-4BD2-9613-704DFF6C6CB4}.Debug|x64.ActiveCfg = Debug|Any CPU
		{883BF451-27ED-4BD2-9613-704DFF6C6CB4}.Debug|x86.ActiveCfg = Debug|Any CPU
		{883BF451-27ED-4BD2-9613-704DFF6C6CB4}.EasyTest|Any CPU.ActiveCfg = Debug|Any CPU
		{883BF451-27ED-4BD2-9613-704DFF6C6CB4}.EasyTest|Any CPU.Build.0 = Debug|Any CPU
		{883BF451-27ED-4BD2-9613-704DFF6C6CB4}.EasyTest|ARM.ActiveCfg = Debug|Any CPU
		{883BF451-27ED-4BD2-9613-704DFF6C6CB4}.EasyTest|x64.ActiveCfg = Debug|Any CPU
		{883BF451-27ED-4BD2-9613-704DFF6C6CB4}.EasyTest|x86.ActiveCfg = Debug|Any CPU
		{883BF451-27ED-4BD2-9613-704DFF6C6CB4}.Production|Any CPU.ActiveCfg = Debug|Any CPU
		{883BF451-27ED-4BD2-9613-704DFF6C6CB4}.Production|Any CPU.Build.0 = Debug|Any CPU
		{883BF451-27ED-4BD2-9613-704DFF6C6CB4}.Production|ARM.ActiveCfg = Debug|Any CPU
		{883BF451-27ED-4BD2-9613-704DFF6C6CB4}.Production|x64.ActiveCfg = Debug|Any CPU
		{883BF451-27ED-4BD2-9613-704DFF6C6CB4}.Production|x86.ActiveCfg = Debug|Any CPU
		{883BF451-27ED-4BD2-9613-704DFF6C6CB4}.Release|Any CPU.ActiveCfg = Debug|Any CPU
		{883BF451-27ED-4BD2-9613-704DFF6C6CB4}.Release|Any CPU.Build.0 = Debug|Any CPU
		{883BF451-27ED-4BD2-9613-704DFF6C6CB4}.Release|ARM.ActiveCfg = Debug|Any CPU
		{883BF451-27ED-4BD2-9613-704DFF6C6CB4}.Release|x64.ActiveCfg = Debug|Any CPU
		{883BF451-27ED-4BD2-9613-704DFF6C6CB4}.Release|x86.ActiveCfg = Debug|Any CPU
		{883BF451-27ED-4BD2-9613-704DFF6C6CB4}.Staging|Any CPU.ActiveCfg = Debug|Any CPU
		{883BF451-27ED-4BD2-9613-704DFF6C6CB4}.Staging|Any CPU.Build.0 = Debug|Any CPU
		{883BF451-27ED-4BD2-9613-704DFF6C6CB4}.Staging|ARM.ActiveCfg = Debug|Any CPU
		{883BF451-27ED-4BD2-9613-704DFF6C6CB4}.Staging|x64.ActiveCfg = Debug|Any CPU
		{883BF451-27ED-4BD2-9613-704DFF6C6CB4}.Staging|x86.ActiveCfg = Debug|Any CPU
		{F189D07D-8172-410E-9C4E-82F1A583A72A}.Debug|Any CPU.ActiveCfg = Debug|Any CPU
		{F189D07D-8172-410E-9C4E-82F1A583A72A}.Debug|Any CPU.Build.0 = Debug|Any CPU
		{F189D07D-8172-410E-9C4E-82F1A583A72A}.Debug|ARM.ActiveCfg = Debug|Any CPU
		{F189D07D-8172-410E-9C4E-82F1A583A72A}.Debug|x64.ActiveCfg = Debug|Any CPU
		{F189D07D-8172-410E-9C4E-82F1A583A72A}.Debug|x86.ActiveCfg = Debug|Any CPU
		{F189D07D-8172-410E-9C4E-82F1A583A72A}.EasyTest|Any CPU.ActiveCfg = Release|Any CPU
		{F189D07D-8172-410E-9C4E-82F1A583A72A}.EasyTest|Any CPU.Build.0 = Release|Any CPU
		{F189D07D-8172-410E-9C4E-82F1A583A72A}.EasyTest|ARM.ActiveCfg = Release|Any CPU
		{F189D07D-8172-410E-9C4E-82F1A583A72A}.EasyTest|x64.ActiveCfg = Release|Any CPU
		{F189D07D-8172-410E-9C4E-82F1A583A72A}.EasyTest|x86.ActiveCfg = Release|Any CPU
		{F189D07D-8172-410E-9C4E-82F1A583A72A}.Production|Any CPU.ActiveCfg = Release|Any CPU
		{F189D07D-8172-410E-9C4E-82F1A583A72A}.Production|Any CPU.Build.0 = Release|Any CPU
		{F189D07D-8172-410E-9C4E-82F1A583A72A}.Production|ARM.ActiveCfg = Release|Any CPU
		{F189D07D-8172-410E-9C4E-82F1A583A72A}.Production|x64.ActiveCfg = Release|Any CPU
		{F189D07D-8172-410E-9C4E-82F1A583A72A}.Production|x86.ActiveCfg = Release|Any CPU
		{F189D07D-8172-410E-9C4E-82F1A583A72A}.Release|Any CPU.ActiveCfg = Release|Any CPU
		{F189D07D-8172-410E-9C4E-82F1A583A72A}.Release|Any CPU.Build.0 = Release|Any CPU
		{F189D07D-8172-410E-9C4E-82F1A583A72A}.Release|ARM.ActiveCfg = Release|Any CPU
		{F189D07D-8172-410E-9C4E-82F1A583A72A}.Release|x64.ActiveCfg = Release|Any CPU
		{F189D07D-8172-410E-9C4E-82F1A583A72A}.Release|x86.ActiveCfg = Release|Any CPU
		{F189D07D-8172-410E-9C4E-82F1A583A72A}.Staging|Any CPU.ActiveCfg = Release|Any CPU
		{F189D07D-8172-410E-9C4E-82F1A583A72A}.Staging|Any CPU.Build.0 = Release|Any CPU
		{F189D07D-8172-410E-9C4E-82F1A583A72A}.Staging|ARM.ActiveCfg = Release|Any CPU
		{F189D07D-8172-410E-9C4E-82F1A583A72A}.Staging|x64.ActiveCfg = Release|Any CPU
		{F189D07D-8172-410E-9C4E-82F1A583A72A}.Staging|x86.ActiveCfg = Release|Any CPU
		{E0CD3FB0-A8D4-4E49-8B9A-03576C3E396F}.Debug|Any CPU.ActiveCfg = Debug|Any CPU
		{E0CD3FB0-A8D4-4E49-8B9A-03576C3E396F}.Debug|Any CPU.Build.0 = Debug|Any CPU
		{E0CD3FB0-A8D4-4E49-8B9A-03576C3E396F}.Debug|ARM.ActiveCfg = Debug|Any CPU
		{E0CD3FB0-A8D4-4E49-8B9A-03576C3E396F}.Debug|x64.ActiveCfg = Debug|Any CPU
		{E0CD3FB0-A8D4-4E49-8B9A-03576C3E396F}.Debug|x86.ActiveCfg = Debug|Any CPU
		{E0CD3FB0-A8D4-4E49-8B9A-03576C3E396F}.EasyTest|Any CPU.ActiveCfg = Release|Any CPU
		{E0CD3FB0-A8D4-4E49-8B9A-03576C3E396F}.EasyTest|Any CPU.Build.0 = Release|Any CPU
		{E0CD3FB0-A8D4-4E49-8B9A-03576C3E396F}.EasyTest|ARM.ActiveCfg = Release|Any CPU
		{E0CD3FB0-A8D4-4E49-8B9A-03576C3E396F}.EasyTest|x64.ActiveCfg = Release|Any CPU
		{E0CD3FB0-A8D4-4E49-8B9A-03576C3E396F}.EasyTest|x86.ActiveCfg = Release|Any CPU
		{E0CD3FB0-A8D4-4E49-8B9A-03576C3E396F}.Production|Any CPU.ActiveCfg = Release|Any CPU
		{E0CD3FB0-A8D4-4E49-8B9A-03576C3E396F}.Production|Any CPU.Build.0 = Release|Any CPU
		{E0CD3FB0-A8D4-4E49-8B9A-03576C3E396F}.Production|ARM.ActiveCfg = Release|Any CPU
		{E0CD3FB0-A8D4-4E49-8B9A-03576C3E396F}.Production|x64.ActiveCfg = Release|Any CPU
		{E0CD3FB0-A8D4-4E49-8B9A-03576C3E396F}.Production|x86.ActiveCfg = Release|Any CPU
		{E0CD3FB0-A8D4-4E49-8B9A-03576C3E396F}.Release|Any CPU.ActiveCfg = Release|Any CPU
		{E0CD3FB0-A8D4-4E49-8B9A-03576C3E396F}.Release|Any CPU.Build.0 = Release|Any CPU
		{E0CD3FB0-A8D4-4E49-8B9A-03576C3E396F}.Release|ARM.ActiveCfg = Release|Any CPU
		{E0CD3FB0-A8D4-4E49-8B9A-03576C3E396F}.Release|x64.ActiveCfg = Release|Any CPU
		{E0CD3FB0-A8D4-4E49-8B9A-03576C3E396F}.Release|x86.ActiveCfg = Release|Any CPU
		{E0CD3FB0-A8D4-4E49-8B9A-03576C3E396F}.Staging|Any CPU.ActiveCfg = Release|Any CPU
		{E0CD3FB0-A8D4-4E49-8B9A-03576C3E396F}.Staging|Any CPU.Build.0 = Release|Any CPU
		{E0CD3FB0-A8D4-4E49-8B9A-03576C3E396F}.Staging|ARM.ActiveCfg = Release|Any CPU
		{E0CD3FB0-A8D4-4E49-8B9A-03576C3E396F}.Staging|x64.ActiveCfg = Release|Any CPU
		{E0CD3FB0-A8D4-4E49-8B9A-03576C3E396F}.Staging|x86.ActiveCfg = Release|Any CPU
		{1F1944B8-B988-410E-92DB-F38D56D0D70F}.Debug|Any CPU.ActiveCfg = Debug|Any CPU
		{1F1944B8-B988-410E-92DB-F38D56D0D70F}.Debug|Any CPU.Build.0 = Debug|Any CPU
		{1F1944B8-B988-410E-92DB-F38D56D0D70F}.Debug|ARM.ActiveCfg = Debug|Any CPU
		{1F1944B8-B988-410E-92DB-F38D56D0D70F}.Debug|x64.ActiveCfg = Debug|Any CPU
		{1F1944B8-B988-410E-92DB-F38D56D0D70F}.Debug|x86.ActiveCfg = Debug|Any CPU
		{1F1944B8-B988-410E-92DB-F38D56D0D70F}.EasyTest|Any CPU.ActiveCfg = Release|Any CPU
		{1F1944B8-B988-410E-92DB-F38D56D0D70F}.EasyTest|Any CPU.Build.0 = Release|Any CPU
		{1F1944B8-B988-410E-92DB-F38D56D0D70F}.EasyTest|ARM.ActiveCfg = Release|Any CPU
		{1F1944B8-B988-410E-92DB-F38D56D0D70F}.EasyTest|x64.ActiveCfg = Release|Any CPU
		{1F1944B8-B988-410E-92DB-F38D56D0D70F}.EasyTest|x86.ActiveCfg = Release|Any CPU
		{1F1944B8-B988-410E-92DB-F38D56D0D70F}.Production|Any CPU.ActiveCfg = Release|Any CPU
		{1F1944B8-B988-410E-92DB-F38D56D0D70F}.Production|Any CPU.Build.0 = Release|Any CPU
		{1F1944B8-B988-410E-92DB-F38D56D0D70F}.Production|ARM.ActiveCfg = Release|Any CPU
		{1F1944B8-B988-410E-92DB-F38D56D0D70F}.Production|x64.ActiveCfg = Release|Any CPU
		{1F1944B8-B988-410E-92DB-F38D56D0D70F}.Production|x86.ActiveCfg = Release|Any CPU
		{1F1944B8-B988-410E-92DB-F38D56D0D70F}.Release|Any CPU.ActiveCfg = Release|Any CPU
		{1F1944B8-B988-410E-92DB-F38D56D0D70F}.Release|Any CPU.Build.0 = Release|Any CPU
		{1F1944B8-B988-410E-92DB-F38D56D0D70F}.Release|ARM.ActiveCfg = Release|Any CPU
		{1F1944B8-B988-410E-92DB-F38D56D0D70F}.Release|x64.ActiveCfg = Release|Any CPU
		{1F1944B8-B988-410E-92DB-F38D56D0D70F}.Release|x86.ActiveCfg = Release|Any CPU
		{1F1944B8-B988-410E-92DB-F38D56D0D70F}.Staging|Any CPU.ActiveCfg = Release|Any CPU
		{1F1944B8-B988-410E-92DB-F38D56D0D70F}.Staging|Any CPU.Build.0 = Release|Any CPU
		{1F1944B8-B988-410E-92DB-F38D56D0D70F}.Staging|ARM.ActiveCfg = Release|Any CPU
		{1F1944B8-B988-410E-92DB-F38D56D0D70F}.Staging|x64.ActiveCfg = Release|Any CPU
		{1F1944B8-B988-410E-92DB-F38D56D0D70F}.Staging|x86.ActiveCfg = Release|Any CPU
		{85C9B5E0-8465-4D35-AC4F-041AEBACEA49}.Debug|Any CPU.ActiveCfg = Debug|Any CPU
		{85C9B5E0-8465-4D35-AC4F-041AEBACEA49}.Debug|Any CPU.Build.0 = Debug|Any CPU
		{85C9B5E0-8465-4D35-AC4F-041AEBACEA49}.Debug|ARM.ActiveCfg = Debug|Any CPU
		{85C9B5E0-8465-4D35-AC4F-041AEBACEA49}.Debug|x64.ActiveCfg = Debug|Any CPU
		{85C9B5E0-8465-4D35-AC4F-041AEBACEA49}.Debug|x86.ActiveCfg = Debug|Any CPU
		{85C9B5E0-8465-4D35-AC4F-041AEBACEA49}.EasyTest|Any CPU.ActiveCfg = Release|Any CPU
		{85C9B5E0-8465-4D35-AC4F-041AEBACEA49}.EasyTest|Any CPU.Build.0 = Release|Any CPU
		{85C9B5E0-8465-4D35-AC4F-041AEBACEA49}.EasyTest|ARM.ActiveCfg = Release|Any CPU
		{85C9B5E0-8465-4D35-AC4F-041AEBACEA49}.EasyTest|x64.ActiveCfg = Release|Any CPU
		{85C9B5E0-8465-4D35-AC4F-041AEBACEA49}.EasyTest|x86.ActiveCfg = Release|Any CPU
		{85C9B5E0-8465-4D35-AC4F-041AEBACEA49}.Production|Any CPU.ActiveCfg = Release|Any CPU
		{85C9B5E0-8465-4D35-AC4F-041AEBACEA49}.Production|Any CPU.Build.0 = Release|Any CPU
		{85C9B5E0-8465-4D35-AC4F-041AEBACEA49}.Production|ARM.ActiveCfg = Release|Any CPU
		{85C9B5E0-8465-4D35-AC4F-041AEBACEA49}.Production|x64.ActiveCfg = Release|Any CPU
		{85C9B5E0-8465-4D35-AC4F-041AEBACEA49}.Production|x86.ActiveCfg = Release|Any CPU
		{85C9B5E0-8465-4D35-AC4F-041AEBACEA49}.Release|Any CPU.ActiveCfg = Release|Any CPU
		{85C9B5E0-8465-4D35-AC4F-041AEBACEA49}.Release|Any CPU.Build.0 = Release|Any CPU
		{85C9B5E0-8465-4D35-AC4F-041AEBACEA49}.Release|ARM.ActiveCfg = Release|Any CPU
		{85C9B5E0-8465-4D35-AC4F-041AEBACEA49}.Release|x64.ActiveCfg = Release|Any CPU
		{85C9B5E0-8465-4D35-AC4F-041AEBACEA49}.Release|x86.ActiveCfg = Release|Any CPU
		{85C9B5E0-8465-4D35-AC4F-041AEBACEA49}.Staging|Any CPU.ActiveCfg = Release|Any CPU
		{85C9B5E0-8465-4D35-AC4F-041AEBACEA49}.Staging|Any CPU.Build.0 = Release|Any CPU
		{85C9B5E0-8465-4D35-AC4F-041AEBACEA49}.Staging|ARM.ActiveCfg = Release|Any CPU
		{85C9B5E0-8465-4D35-AC4F-041AEBACEA49}.Staging|x64.ActiveCfg = Release|Any CPU
		{85C9B5E0-8465-4D35-AC4F-041AEBACEA49}.Staging|x86.ActiveCfg = Release|Any CPU
		{C70982B0-0FA8-4C56-ACB3-4B2B0B323C17}.Debug|Any CPU.ActiveCfg = Debug|Any CPU
		{C70982B0-0FA8-4C56-ACB3-4B2B0B323C17}.Debug|Any CPU.Build.0 = Debug|Any CPU
		{C70982B0-0FA8-4C56-ACB3-4B2B0B323C17}.Debug|ARM.ActiveCfg = Debug|Any CPU
		{C70982B0-0FA8-4C56-ACB3-4B2B0B323C17}.Debug|x64.ActiveCfg = Debug|Any CPU
		{C70982B0-0FA8-4C56-ACB3-4B2B0B323C17}.Debug|x86.ActiveCfg = Debug|Any CPU
		{C70982B0-0FA8-4C56-ACB3-4B2B0B323C17}.EasyTest|Any CPU.ActiveCfg = Release|Any CPU
		{C70982B0-0FA8-4C56-ACB3-4B2B0B323C17}.EasyTest|Any CPU.Build.0 = Release|Any CPU
		{C70982B0-0FA8-4C56-ACB3-4B2B0B323C17}.EasyTest|ARM.ActiveCfg = Release|Any CPU
		{C70982B0-0FA8-4C56-ACB3-4B2B0B323C17}.EasyTest|x64.ActiveCfg = Release|Any CPU
		{C70982B0-0FA8-4C56-ACB3-4B2B0B323C17}.EasyTest|x86.ActiveCfg = Release|Any CPU
		{C70982B0-0FA8-4C56-ACB3-4B2B0B323C17}.Production|Any CPU.ActiveCfg = Release|Any CPU
		{C70982B0-0FA8-4C56-ACB3-4B2B0B323C17}.Production|Any CPU.Build.0 = Release|Any CPU
		{C70982B0-0FA8-4C56-ACB3-4B2B0B323C17}.Production|ARM.ActiveCfg = Release|Any CPU
		{C70982B0-0FA8-4C56-ACB3-4B2B0B323C17}.Production|x64.ActiveCfg = Release|Any CPU
		{C70982B0-0FA8-4C56-ACB3-4B2B0B323C17}.Production|x86.ActiveCfg = Release|Any CPU
		{C70982B0-0FA8-4C56-ACB3-4B2B0B323C17}.Release|Any CPU.ActiveCfg = Release|Any CPU
		{C70982B0-0FA8-4C56-ACB3-4B2B0B323C17}.Release|Any CPU.Build.0 = Release|Any CPU
		{C70982B0-0FA8-4C56-ACB3-4B2B0B323C17}.Release|ARM.ActiveCfg = Release|Any CPU
		{C70982B0-0FA8-4C56-ACB3-4B2B0B323C17}.Release|x64.ActiveCfg = Release|Any CPU
		{C70982B0-0FA8-4C56-ACB3-4B2B0B323C17}.Release|x86.ActiveCfg = Release|Any CPU
		{C70982B0-0FA8-4C56-ACB3-4B2B0B323C17}.Staging|Any CPU.ActiveCfg = Release|Any CPU
		{C70982B0-0FA8-4C56-ACB3-4B2B0B323C17}.Staging|Any CPU.Build.0 = Release|Any CPU
		{C70982B0-0FA8-4C56-ACB3-4B2B0B323C17}.Staging|ARM.ActiveCfg = Release|Any CPU
		{C70982B0-0FA8-4C56-ACB3-4B2B0B323C17}.Staging|x64.ActiveCfg = Release|Any CPU
		{C70982B0-0FA8-4C56-ACB3-4B2B0B323C17}.Staging|x86.ActiveCfg = Release|Any CPU
		{0BA7AF36-4D7C-41BA-A4CF-83D920179946}.Debug|Any CPU.ActiveCfg = Debug|Any CPU
		{0BA7AF36-4D7C-41BA-A4CF-83D920179946}.Debug|Any CPU.Build.0 = Debug|Any CPU
		{0BA7AF36-4D7C-41BA-A4CF-83D920179946}.Debug|ARM.ActiveCfg = Debug|Any CPU
		{0BA7AF36-4D7C-41BA-A4CF-83D920179946}.Debug|ARM.Build.0 = Debug|Any CPU
		{0BA7AF36-4D7C-41BA-A4CF-83D920179946}.Debug|x64.ActiveCfg = Debug|Any CPU
		{0BA7AF36-4D7C-41BA-A4CF-83D920179946}.Debug|x64.Build.0 = Debug|Any CPU
		{0BA7AF36-4D7C-41BA-A4CF-83D920179946}.Debug|x86.ActiveCfg = Debug|Any CPU
		{0BA7AF36-4D7C-41BA-A4CF-83D920179946}.Debug|x86.Build.0 = Debug|Any CPU
		{0BA7AF36-4D7C-41BA-A4CF-83D920179946}.EasyTest|Any CPU.ActiveCfg = Release|Any CPU
		{0BA7AF36-4D7C-41BA-A4CF-83D920179946}.EasyTest|Any CPU.Build.0 = Release|Any CPU
		{0BA7AF36-4D7C-41BA-A4CF-83D920179946}.EasyTest|ARM.ActiveCfg = Release|Any CPU
		{0BA7AF36-4D7C-41BA-A4CF-83D920179946}.EasyTest|ARM.Build.0 = Release|Any CPU
		{0BA7AF36-4D7C-41BA-A4CF-83D920179946}.EasyTest|x64.ActiveCfg = Release|Any CPU
		{0BA7AF36-4D7C-41BA-A4CF-83D920179946}.EasyTest|x64.Build.0 = Release|Any CPU
		{0BA7AF36-4D7C-41BA-A4CF-83D920179946}.EasyTest|x86.ActiveCfg = Release|Any CPU
		{0BA7AF36-4D7C-41BA-A4CF-83D920179946}.EasyTest|x86.Build.0 = Release|Any CPU
		{0BA7AF36-4D7C-41BA-A4CF-83D920179946}.Production|Any CPU.ActiveCfg = Release|Any CPU
		{0BA7AF36-4D7C-41BA-A4CF-83D920179946}.Production|Any CPU.Build.0 = Release|Any CPU
		{0BA7AF36-4D7C-41BA-A4CF-83D920179946}.Production|ARM.ActiveCfg = Release|Any CPU
		{0BA7AF36-4D7C-41BA-A4CF-83D920179946}.Production|ARM.Build.0 = Release|Any CPU
		{0BA7AF36-4D7C-41BA-A4CF-83D920179946}.Production|x64.ActiveCfg = Release|Any CPU
		{0BA7AF36-4D7C-41BA-A4CF-83D920179946}.Production|x64.Build.0 = Release|Any CPU
		{0BA7AF36-4D7C-41BA-A4CF-83D920179946}.Production|x86.ActiveCfg = Release|Any CPU
		{0BA7AF36-4D7C-41BA-A4CF-83D920179946}.Production|x86.Build.0 = Release|Any CPU
		{0BA7AF36-4D7C-41BA-A4CF-83D920179946}.Release|Any CPU.ActiveCfg = Release|Any CPU
		{0BA7AF36-4D7C-41BA-A4CF-83D920179946}.Release|Any CPU.Build.0 = Release|Any CPU
		{0BA7AF36-4D7C-41BA-A4CF-83D920179946}.Release|ARM.ActiveCfg = Release|Any CPU
		{0BA7AF36-4D7C-41BA-A4CF-83D920179946}.Release|ARM.Build.0 = Release|Any CPU
		{0BA7AF36-4D7C-41BA-A4CF-83D920179946}.Release|x64.ActiveCfg = Release|Any CPU
		{0BA7AF36-4D7C-41BA-A4CF-83D920179946}.Release|x64.Build.0 = Release|Any CPU
		{0BA7AF36-4D7C-41BA-A4CF-83D920179946}.Release|x86.ActiveCfg = Release|Any CPU
		{0BA7AF36-4D7C-41BA-A4CF-83D920179946}.Release|x86.Build.0 = Release|Any CPU
		{0BA7AF36-4D7C-41BA-A4CF-83D920179946}.Staging|Any CPU.ActiveCfg = Release|Any CPU
		{0BA7AF36-4D7C-41BA-A4CF-83D920179946}.Staging|Any CPU.Build.0 = Release|Any CPU
		{0BA7AF36-4D7C-41BA-A4CF-83D920179946}.Staging|ARM.ActiveCfg = Release|Any CPU
		{0BA7AF36-4D7C-41BA-A4CF-83D920179946}.Staging|ARM.Build.0 = Release|Any CPU
		{0BA7AF36-4D7C-41BA-A4CF-83D920179946}.Staging|x64.ActiveCfg = Release|Any CPU
		{0BA7AF36-4D7C-41BA-A4CF-83D920179946}.Staging|x64.Build.0 = Release|Any CPU
		{0BA7AF36-4D7C-41BA-A4CF-83D920179946}.Staging|x86.ActiveCfg = Release|Any CPU
		{0BA7AF36-4D7C-41BA-A4CF-83D920179946}.Staging|x86.Build.0 = Release|Any CPU
		{E687FA11-F31D-4139-B494-30FDAC9902AB}.Debug|Any CPU.ActiveCfg = Debug|Any CPU
		{E687FA11-F31D-4139-B494-30FDAC9902AB}.Debug|Any CPU.Build.0 = Debug|Any CPU
		{E687FA11-F31D-4139-B494-30FDAC9902AB}.Debug|ARM.ActiveCfg = Debug|Any CPU
		{E687FA11-F31D-4139-B494-30FDAC9902AB}.Debug|ARM.Build.0 = Debug|Any CPU
		{E687FA11-F31D-4139-B494-30FDAC9902AB}.Debug|x64.ActiveCfg = Debug|Any CPU
		{E687FA11-F31D-4139-B494-30FDAC9902AB}.Debug|x64.Build.0 = Debug|Any CPU
		{E687FA11-F31D-4139-B494-30FDAC9902AB}.Debug|x86.ActiveCfg = Debug|Any CPU
		{E687FA11-F31D-4139-B494-30FDAC9902AB}.Debug|x86.Build.0 = Debug|Any CPU
		{E687FA11-F31D-4139-B494-30FDAC9902AB}.EasyTest|Any CPU.ActiveCfg = Release|Any CPU
		{E687FA11-F31D-4139-B494-30FDAC9902AB}.EasyTest|Any CPU.Build.0 = Release|Any CPU
		{E687FA11-F31D-4139-B494-30FDAC9902AB}.EasyTest|ARM.ActiveCfg = Release|Any CPU
		{E687FA11-F31D-4139-B494-30FDAC9902AB}.EasyTest|ARM.Build.0 = Release|Any CPU
		{E687FA11-F31D-4139-B494-30FDAC9902AB}.EasyTest|x64.ActiveCfg = Release|Any CPU
		{E687FA11-F31D-4139-B494-30FDAC9902AB}.EasyTest|x64.Build.0 = Release|Any CPU
		{E687FA11-F31D-4139-B494-30FDAC9902AB}.EasyTest|x86.ActiveCfg = Release|Any CPU
		{E687FA11-F31D-4139-B494-30FDAC9902AB}.EasyTest|x86.Build.0 = Release|Any CPU
		{E687FA11-F31D-4139-B494-30FDAC9902AB}.Production|Any CPU.ActiveCfg = Release|Any CPU
		{E687FA11-F31D-4139-B494-30FDAC9902AB}.Production|Any CPU.Build.0 = Release|Any CPU
		{E687FA11-F31D-4139-B494-30FDAC9902AB}.Production|ARM.ActiveCfg = Release|Any CPU
		{E687FA11-F31D-4139-B494-30FDAC9902AB}.Production|ARM.Build.0 = Release|Any CPU
		{E687FA11-F31D-4139-B494-30FDAC9902AB}.Production|x64.ActiveCfg = Release|Any CPU
		{E687FA11-F31D-4139-B494-30FDAC9902AB}.Production|x64.Build.0 = Release|Any CPU
		{E687FA11-F31D-4139-B494-30FDAC9902AB}.Production|x86.ActiveCfg = Release|Any CPU
		{E687FA11-F31D-4139-B494-30FDAC9902AB}.Production|x86.Build.0 = Release|Any CPU
		{E687FA11-F31D-4139-B494-30FDAC9902AB}.Release|Any CPU.ActiveCfg = Release|Any CPU
		{E687FA11-F31D-4139-B494-30FDAC9902AB}.Release|Any CPU.Build.0 = Release|Any CPU
		{E687FA11-F31D-4139-B494-30FDAC9902AB}.Release|ARM.ActiveCfg = Release|Any CPU
		{E687FA11-F31D-4139-B494-30FDAC9902AB}.Release|ARM.Build.0 = Release|Any CPU
		{E687FA11-F31D-4139-B494-30FDAC9902AB}.Release|x64.ActiveCfg = Release|Any CPU
		{E687FA11-F31D-4139-B494-30FDAC9902AB}.Release|x64.Build.0 = Release|Any CPU
		{E687FA11-F31D-4139-B494-30FDAC9902AB}.Release|x86.ActiveCfg = Release|Any CPU
		{E687FA11-F31D-4139-B494-30FDAC9902AB}.Release|x86.Build.0 = Release|Any CPU
		{E687FA11-F31D-4139-B494-30FDAC9902AB}.Staging|Any CPU.ActiveCfg = Release|Any CPU
		{E687FA11-F31D-4139-B494-30FDAC9902AB}.Staging|Any CPU.Build.0 = Release|Any CPU
		{E687FA11-F31D-4139-B494-30FDAC9902AB}.Staging|ARM.ActiveCfg = Release|Any CPU
		{E687FA11-F31D-4139-B494-30FDAC9902AB}.Staging|ARM.Build.0 = Release|Any CPU
		{E687FA11-F31D-4139-B494-30FDAC9902AB}.Staging|x64.ActiveCfg = Release|Any CPU
		{E687FA11-F31D-4139-B494-30FDAC9902AB}.Staging|x64.Build.0 = Release|Any CPU
		{E687FA11-F31D-4139-B494-30FDAC9902AB}.Staging|x86.ActiveCfg = Release|Any CPU
		{E687FA11-F31D-4139-B494-30FDAC9902AB}.Staging|x86.Build.0 = Release|Any CPU
	EndGlobalSection
	GlobalSection(SolutionProperties) = preSolution
		HideSolutionNode = FALSE
	EndGlobalSection
	GlobalSection(NestedProjects) = preSolution
		{F1C282D8-2BE3-434C-B5B4-BC077640AE69} = {8575DBC1-F2B8-4135-9830-568F47ED4B07}
		{45E3153E-F70D-4875-9C53-CC2FDF998DE8} = {8575DBC1-F2B8-4135-9830-568F47ED4B07}
		{10F236D3-9C8D-4CD9-BEB5-C034D9D59D27} = {8575DBC1-F2B8-4135-9830-568F47ED4B07}
	EndGlobalSection
	GlobalSection(ExtensibilityGlobals) = postSolution
		SolutionGuid = {107A971A-BCA0-45B6-AA77-D1275A72B918}
	EndGlobalSection
EndGlobal
