
Microsoft Visual Studio Solution File, Format Version 10.00
# Visual Studio 2008
Project("{FAE04EC0-301F-11D3-BF4B-00C04F79EFBC}") = "Aria.DataTypes.ObjectDictionary", "Aria.DataTypes.ObjectDictionary\Aria.DataTypes.ObjectDictionary.csproj", "{262206F6-FFFF-4033-9CB4-197E4DD38FB9}"
	ProjectSection(ProjectDependencies) = postProject
		{B542AA58-DF3F-4403-A605-6F9A5515E4C8} = {B542AA58-DF3F-4403-A605-6F9A5515E4C8}
		{85173585-6EB0-4E6C-A36F-9C0F5E9E4ADC} = {85173585-6EB0-4E6C-A36F-9C0F5E9E4ADC}
		{5B531295-5F2B-4044-AA31-C323E3B71BD0} = {5B531295-5F2B-4044-AA31-C323E3B71BD0}
	EndProjectSection
EndProject
Project("{FAE04EC0-301F-11D3-BF4B-00C04F79EFBC}") = "Aria.EnterpriseServices.ObjectDictionary", "Aria.EnterpriseServices.ObjectDictionary\Aria.EnterpriseServices.ObjectDictionary.csproj", "{ECCC512C-7611-49B3-991A-325903143127}"
	ProjectSection(ProjectDependencies) = postProject
		{B542AA58-DF3F-4403-A605-6F9A5515E4C8} = {B542AA58-DF3F-4403-A605-6F9A5515E4C8}
		{85248A73-AC2F-451A-925C-D53890F1A925} = {85248A73-AC2F-451A-925C-D53890F1A925}
		{262206F6-FFFF-4033-9CB4-197E4DD38FB9} = {262206F6-FFFF-4033-9CB4-197E4DD38FB9}
	EndProjectSection
EndProject
Project("{FAE04EC0-301F-11D3-BF4B-00C04F79EFBC}") = "Aria.Environment", "Aria.Environment\Aria.Environment.csproj", "{5B531295-5F2B-4044-AA31-C323E3B71BD0}"
EndProject
Project("{FAE04EC0-301F-11D3-BF4B-00C04F79EFBC}") = "Aria.DataTypes", "Aria.DataTypes\Aria.DataTypes.csproj", "{B542AA58-DF3F-4403-A605-6F9A5515E4C8}"
	ProjectSection(ProjectDependencies) = postProject
		{85173585-6EB0-4E6C-A36F-9C0F5E9E4ADC} = {85173585-6EB0-4E6C-A36F-9C0F5E9E4ADC}
	EndProjectSection
EndProject
Project("{FAE04EC0-301F-11D3-BF4B-00C04F79EFBC}") = "Aria.Xml", "Aria.Xml\Aria.Xml.csproj", "{85173585-6EB0-4E6C-A36F-9C0F5E9E4ADC}"
EndProject
Project("{FAE04EC0-301F-11D3-BF4B-00C04F79EFBC}") = "Aria.DataTypes.RequestHandler", "Aria.DataTypes.RequestHandler\Aria.DataTypes.RequestHandler.csproj", "{D40DA560-4AB2-438F-96CF-2814976E1461}"
	ProjectSection(ProjectDependencies) = postProject
		{3D822713-BA7D-4895-9ADB-7FCFF066235C} = {3D822713-BA7D-4895-9ADB-7FCFF066235C}
		{B542AA58-DF3F-4403-A605-6F9A5515E4C8} = {B542AA58-DF3F-4403-A605-6F9A5515E4C8}
		{85173585-6EB0-4E6C-A36F-9C0F5E9E4ADC} = {85173585-6EB0-4E6C-A36F-9C0F5E9E4ADC}
		{262206F6-FFFF-4033-9CB4-197E4DD38FB9} = {262206F6-FFFF-4033-9CB4-197E4DD38FB9}
	EndProjectSection
EndProject
Project("{FAE04EC0-301F-11D3-BF4B-00C04F79EFBC}") = "Aria.EnterpriseServices.RequestHandler", "Aria.EnterpriseServices.RequestHandler\Aria.EnterpriseServices.RequestHandler.csproj", "{C3C398B4-EAC6-4C29-A6BD-9AA378C72F22}"
	ProjectSection(ProjectDependencies) = postProject
		{3D822713-BA7D-4895-9ADB-7FCFF066235C} = {3D822713-BA7D-4895-9ADB-7FCFF066235C}
		{ECCC512C-7611-49B3-991A-325903143127} = {ECCC512C-7611-49B3-991A-325903143127}
		{B542AA58-DF3F-4403-A605-6F9A5515E4C8} = {B542AA58-DF3F-4403-A605-6F9A5515E4C8}
		{D40DA560-4AB2-438F-96CF-2814976E1461} = {D40DA560-4AB2-438F-96CF-2814976E1461}
		{BF6FB660-921D-48C5-9369-029987F094A5} = {BF6FB660-921D-48C5-9369-029987F094A5}
		{85248A73-AC2F-451A-925C-D53890F1A925} = {85248A73-AC2F-451A-925C-D53890F1A925}
		{85173585-6EB0-4E6C-A36F-9C0F5E9E4ADC} = {85173585-6EB0-4E6C-A36F-9C0F5E9E4ADC}
		{5B531295-5F2B-4044-AA31-C323E3B71BD0} = {5B531295-5F2B-4044-AA31-C323E3B71BD0}
		{E189E2A8-BF0D-40B6-AAA1-F91C6E74745B} = {E189E2A8-BF0D-40B6-AAA1-F91C6E74745B}
		{DE3399CF-AF2C-4773-95F8-BF00ACE30E2E} = {DE3399CF-AF2C-4773-95F8-BF00ACE30E2E}
		{262206F6-FFFF-4033-9CB4-197E4DD38FB9} = {262206F6-FFFF-4033-9CB4-197E4DD38FB9}
	EndProjectSection
EndProject
Project("{FAE04EC0-301F-11D3-BF4B-00C04F79EFBC}") = "Aria.DataTypes.Messaging", "Aria.DataTypes.Messaging\Aria.DataTypes.Messaging.csproj", "{3D822713-BA7D-4895-9ADB-7FCFF066235C}"
	ProjectSection(ProjectDependencies) = postProject
		{85173585-6EB0-4E6C-A36F-9C0F5E9E4ADC} = {85173585-6EB0-4E6C-A36F-9C0F5E9E4ADC}
	EndProjectSection
EndProject
Project("{FAE04EC0-301F-11D3-BF4B-00C04F79EFBC}") = "Aria.EnterpriseServices.RequestHandler.Proxy", "Aria.EnterpriseServices.RequestHandler.Proxy\Aria.EnterpriseServices.RequestHandler.Proxy.csproj", "{261F3A34-8F07-434C-B1B4-49A3755A8005}"
	ProjectSection(ProjectDependencies) = postProject
		{D40DA560-4AB2-438F-96CF-2814976E1461} = {D40DA560-4AB2-438F-96CF-2814976E1461}
		{85248A73-AC2F-451A-925C-D53890F1A925} = {85248A73-AC2F-451A-925C-D53890F1A925}
		{85173585-6EB0-4E6C-A36F-9C0F5E9E4ADC} = {85173585-6EB0-4E6C-A36F-9C0F5E9E4ADC}
		{5B531295-5F2B-4044-AA31-C323E3B71BD0} = {5B531295-5F2B-4044-AA31-C323E3B71BD0}
		{C3C398B4-EAC6-4C29-A6BD-9AA378C72F22} = {C3C398B4-EAC6-4C29-A6BD-9AA378C72F22}
	EndProjectSection
EndProject
Project("{FAE04EC0-301F-11D3-BF4B-00C04F79EFBC}") = "Aria.Reflection", "Aria.Reflection\Aria.Reflection.csproj", "{DE3399CF-AF2C-4773-95F8-BF00ACE30E2E}"
EndProject
Project("{FAE04EC0-301F-11D3-BF4B-00C04F79EFBC}") = "Aria.EnterpriseServices.Messaging", "Aria.EnterpriseServices.Messaging\Aria.EnterpriseServices.Messaging.csproj", "{BF6FB660-921D-48C5-9369-029987F094A5}"
	ProjectSection(ProjectDependencies) = postProject
		{3D822713-BA7D-4895-9ADB-7FCFF066235C} = {3D822713-BA7D-4895-9ADB-7FCFF066235C}
		{85248A73-AC2F-451A-925C-D53890F1A925} = {85248A73-AC2F-451A-925C-D53890F1A925}
		{5B531295-5F2B-4044-AA31-C323E3B71BD0} = {5B531295-5F2B-4044-AA31-C323E3B71BD0}
		{E189E2A8-BF0D-40B6-AAA1-F91C6E74745B} = {E189E2A8-BF0D-40B6-AAA1-F91C6E74745B}
		{262206F6-FFFF-4033-9CB4-197E4DD38FB9} = {262206F6-FFFF-4033-9CB4-197E4DD38FB9}
	EndProjectSection
EndProject
Project("{FAE04EC0-301F-11D3-BF4B-00C04F79EFBC}") = "Aria.Services.RequestHandler", "Aria.Services.RequestHandler\Aria.Services.RequestHandler.csproj", "{CC6FACCF-8A22-44B5-8930-2BC8B7739FFF}"
	ProjectSection(ProjectDependencies) = postProject
		{C3C398B4-EAC6-4C29-A6BD-9AA378C72F22} = {C3C398B4-EAC6-4C29-A6BD-9AA378C72F22}
	EndProjectSection
EndProject
Project("{54435603-DBB4-11D2-8724-00A0C9A8B90C}") = "Aria.Setups.Services.RequestHanlder", "Aria.Setups.Services.RequestHanlder\Aria.Setups.Services.RequestHanlder.vdproj", "{07E1A93C-1F7F-4507-A871-64D25E333B82}"
EndProject
Project("{FAE04EC0-301F-11D3-BF4B-00C04F79EFBC}") = "Aria.Data.DataTypes", "Aria.Data.DataTypes\Aria.Data.DataTypes.csproj", "{3665FFFF-9142-4AF1-BF96-3259F18D7337}"
	ProjectSection(ProjectDependencies) = postProject
		{ECCC512C-7611-49B3-991A-325903143127} = {ECCC512C-7611-49B3-991A-325903143127}
		{B542AA58-DF3F-4403-A605-6F9A5515E4C8} = {B542AA58-DF3F-4403-A605-6F9A5515E4C8}
		{85248A73-AC2F-451A-925C-D53890F1A925} = {85248A73-AC2F-451A-925C-D53890F1A925}
		{5B531295-5F2B-4044-AA31-C323E3B71BD0} = {5B531295-5F2B-4044-AA31-C323E3B71BD0}
		{262206F6-FFFF-4033-9CB4-197E4DD38FB9} = {262206F6-FFFF-4033-9CB4-197E4DD38FB9}
	EndProjectSection
EndProject
Project("{FAE04EC0-301F-11D3-BF4B-00C04F79EFBC}") = "Aria.Utilities.ParameterSubstitution", "Aria.Utilities.ParameterSubstitution\Aria.Utilities.ParameterSubstitution.csproj", "{E189E2A8-BF0D-40B6-AAA1-F91C6E74745B}"
	ProjectSection(ProjectDependencies) = postProject
		{D40DA560-4AB2-438F-96CF-2814976E1461} = {D40DA560-4AB2-438F-96CF-2814976E1461}
		{85248A73-AC2F-451A-925C-D53890F1A925} = {85248A73-AC2F-451A-925C-D53890F1A925}
		{262206F6-FFFF-4033-9CB4-197E4DD38FB9} = {262206F6-FFFF-4033-9CB4-197E4DD38FB9}
	EndProjectSection
EndProject
Project("{FAE04EC0-301F-11D3-BF4B-00C04F79EFBC}") = "Aria.Data", "Aria.Data\Aria.Data.csproj", "{85248A73-AC2F-451A-925C-D53890F1A925}"
	ProjectSection(ProjectDependencies) = postProject
		{85173585-6EB0-4E6C-A36F-9C0F5E9E4ADC} = {85173585-6EB0-4E6C-A36F-9C0F5E9E4ADC}
		{5B531295-5F2B-4044-AA31-C323E3B71BD0} = {5B531295-5F2B-4044-AA31-C323E3B71BD0}
	EndProjectSection
EndProject
Project("{FAE04EC0-301F-11D3-BF4B-00C04F79EFBC}") = "Aria.Configuration.Server", "Aria.Configuration.Server\Aria.Configuration.Server.csproj", "{DBC9B695-61AB-414C-8B27-1C1F50D1BC6B}"
	ProjectSection(ProjectDependencies) = postProject
		{C3C398B4-EAC6-4C29-A6BD-9AA378C72F22} = {C3C398B4-EAC6-4C29-A6BD-9AA378C72F22}
	EndProjectSection
EndProject
Project("{54435603-DBB4-11D2-8724-00A0C9A8B90C}") = "Aria.Setups.Configuration.Server", "Aria.Setups.Configuration.Server\Aria.Setups.Configuration.Server.vdproj", "{E63D28D4-4D1B-4662-B5E8-BD8C824CCBD1}"
EndProject
Project("{FAE04EC0-301F-11D3-BF4B-00C04F79EFBC}") = "Aria.Utilities.ObjectDictionary", "Aria.Utilities.ObjectDictionary\Aria.Utilities.ObjectDictionary.csproj", "{762955BD-EED4-47EF-9AAF-D319DD1C69C8}"
EndProject
Project("{FAE04EC0-301F-11D3-BF4B-00C04F79EFBC}") = "Aria.Utilities.ObjectDictionaryBuilder", "Aria.Utilities.ObjectDictionaryBuilder\Aria.Utilities.ObjectDictionaryBuilder.csproj", "{6AC3CCB5-CD49-4DB4-88BB-E103E560C50B}"
EndProject
Project("{FAE04EC0-301F-11D3-BF4B-00C04F79EFBC}") = "Aria.ObjectDictionary.UI", "Aria.ObjectDictionary.UI\Aria.ObjectDictionary.UI.csproj", "{2C7489D9-117A-4B80-92A4-6D0793511390}"
EndProject
Project("{FAE04EC0-301F-11D3-BF4B-00C04F79EFBC}") = "Aria.Data.BusinessObject", "Aria.Data.BusinessObject\Aria.Data.BusinessObject.csproj", "{47C15080-690E-4236-A230-5CC563128784}"
EndProject
Project("{FAE04EC0-301F-11D3-BF4B-00C04F79EFBC}") = "Aria.HelperClass.SAAS", "Aria.HelperClass.SAAS\Aria.HelperClass.SAAS.csproj", "{B96D5364-E5AF-4024-BF24-7F27FE69A32B}"
EndProject
Project("{FAE04EC0-301F-11D3-BF4B-00C04F79EFBC}") = "Test", "Test\Test.csproj", "{817E534C-B413-412E-926F-854C9715EC4F}"
EndProject
Project("{FAE04EC0-301F-11D3-BF4B-00C04F79EFBC}") = "Aria.DataAccessLayer", "Aria.DataAccessLayer\Aria.DataAccessLayer.csproj", "{3CF40904-D812-4188-9B1F-42A697B9E0B1}"
EndProject
Project("{FAE04EC0-301F-11D3-BF4B-00C04F79EFBC}") = "FixOldSaasClinets", "FixOldSaasClinets\FixOldSaasClinets.csproj", "{EFA4216A-B1F9-4656-BC80-1090E488107B}"
EndProject
Project("{FAE04EC0-301F-11D3-BF4B-00C04F79EFBC}") = "Aria.Utilities.Aria40Converter", "Aria.Utilities.Aria40Converter\Aria.Utilities.Aria40Converter.csproj", "{F6C8D46A-26A4-4735-BC4A-4C0F5830F275}"
EndProject
Project("{FAE04EC0-301F-11D3-BF4B-00C04F79EFBC}") = "Aria.Utilities.RemoteCall", "Aria.Utilities.RemoteCall\Aria.Utilities.RemoteCall.csproj", "{F5E1C01E-0398-4E6B-8F00-2911E9B5DF06}"
EndProject
Project("{FAE04EC0-301F-11D3-BF4B-00C04F79EFBC}") = "Aria.Utilities.Database", "Aria.Utilities.Database\Aria.Utilities.Database.csproj", "{720245D1-EC8A-415F-8E07-B128928CCF72}"
EndProject
Global
	GlobalSection(SolutionConfigurationPlatforms) = preSolution
		Debug|.NET = Debug|.NET
		Debug|Any CPU = Debug|Any CPU
		Debug|Mixed Platforms = Debug|Mixed Platforms
		Release|.NET = Release|.NET
		Release|Any CPU = Release|Any CPU
		Release|Mixed Platforms = Release|Mixed Platforms
		Testing|.NET = Testing|.NET
		Testing|Any CPU = Testing|Any CPU
		Testing|Mixed Platforms = Testing|Mixed Platforms
	EndGlobalSection
	GlobalSection(ProjectConfigurationPlatforms) = postSolution
		{262206F6-FFFF-4033-9CB4-197E4DD38FB9}.Debug|.NET.ActiveCfg = Debug|Any CPU
		{262206F6-FFFF-4033-9CB4-197E4DD38FB9}.Debug|Any CPU.ActiveCfg = Debug|Any CPU
		{262206F6-FFFF-4033-9CB4-197E4DD38FB9}.Debug|Any CPU.Build.0 = Debug|Any CPU
		{262206F6-FFFF-4033-9CB4-197E4DD38FB9}.Debug|Mixed Platforms.ActiveCfg = Debug|Any CPU
		{262206F6-FFFF-4033-9CB4-197E4DD38FB9}.Release|.NET.ActiveCfg = Release|Any CPU
		{262206F6-FFFF-4033-9CB4-197E4DD38FB9}.Release|Any CPU.ActiveCfg = Release|Any CPU
		{262206F6-FFFF-4033-9CB4-197E4DD38FB9}.Release|Any CPU.Build.0 = Release|Any CPU
		{262206F6-FFFF-4033-9CB4-197E4DD38FB9}.Release|Mixed Platforms.ActiveCfg = Release|Any CPU
		{262206F6-FFFF-4033-9CB4-197E4DD38FB9}.Release|Mixed Platforms.Build.0 = Release|Any CPU
		{262206F6-FFFF-4033-9CB4-197E4DD38FB9}.Testing|.NET.ActiveCfg = Testing|Any CPU
		{262206F6-FFFF-4033-9CB4-197E4DD38FB9}.Testing|Any CPU.ActiveCfg = Testing|Any CPU
		{262206F6-FFFF-4033-9CB4-197E4DD38FB9}.Testing|Any CPU.Build.0 = Testing|Any CPU
		{262206F6-FFFF-4033-9CB4-197E4DD38FB9}.Testing|Mixed Platforms.ActiveCfg = Testing|Any CPU
		{262206F6-FFFF-4033-9CB4-197E4DD38FB9}.Testing|Mixed Platforms.Build.0 = Testing|Any CPU
		{ECCC512C-7611-49B3-991A-325903143127}.Debug|.NET.ActiveCfg = Debug|Any CPU
		{ECCC512C-7611-49B3-991A-325903143127}.Debug|Any CPU.ActiveCfg = Debug|Any CPU
		{ECCC512C-7611-49B3-991A-325903143127}.Debug|Any CPU.Build.0 = Debug|Any CPU
		{ECCC512C-7611-49B3-991A-325903143127}.Debug|Mixed Platforms.ActiveCfg = Debug|Any CPU
		{ECCC512C-7611-49B3-991A-325903143127}.Release|.NET.ActiveCfg = Release|Any CPU
		{ECCC512C-7611-49B3-991A-325903143127}.Release|Any CPU.ActiveCfg = Release|Any CPU
		{ECCC512C-7611-49B3-991A-325903143127}.Release|Any CPU.Build.0 = Release|Any CPU
		{ECCC512C-7611-49B3-991A-325903143127}.Release|Mixed Platforms.ActiveCfg = Release|Any CPU
		{ECCC512C-7611-49B3-991A-325903143127}.Release|Mixed Platforms.Build.0 = Release|Any CPU
		{ECCC512C-7611-49B3-991A-325903143127}.Testing|.NET.ActiveCfg = Testing|Any CPU
		{ECCC512C-7611-49B3-991A-325903143127}.Testing|Any CPU.ActiveCfg = Testing|Any CPU
		{ECCC512C-7611-49B3-991A-325903143127}.Testing|Any CPU.Build.0 = Testing|Any CPU
		{ECCC512C-7611-49B3-991A-325903143127}.Testing|Mixed Platforms.ActiveCfg = Testing|Any CPU
		{ECCC512C-7611-49B3-991A-325903143127}.Testing|Mixed Platforms.Build.0 = Testing|Any CPU
		{5B531295-5F2B-4044-AA31-C323E3B71BD0}.Debug|.NET.ActiveCfg = Debug|Any CPU
		{5B531295-5F2B-4044-AA31-C323E3B71BD0}.Debug|Any CPU.ActiveCfg = Debug|Any CPU
		{5B531295-5F2B-4044-AA31-C323E3B71BD0}.Debug|Any CPU.Build.0 = Debug|Any CPU
		{5B531295-5F2B-4044-AA31-C323E3B71BD0}.Debug|Mixed Platforms.ActiveCfg = Debug|Any CPU
		{5B531295-5F2B-4044-AA31-C323E3B71BD0}.Release|.NET.ActiveCfg = Release|Any CPU
		{5B531295-5F2B-4044-AA31-C323E3B71BD0}.Release|Any CPU.ActiveCfg = Release|Any CPU
		{5B531295-5F2B-4044-AA31-C323E3B71BD0}.Release|Any CPU.Build.0 = Release|Any CPU
		{5B531295-5F2B-4044-AA31-C323E3B71BD0}.Release|Mixed Platforms.ActiveCfg = Release|Any CPU
		{5B531295-5F2B-4044-AA31-C323E3B71BD0}.Release|Mixed Platforms.Build.0 = Release|Any CPU
		{5B531295-5F2B-4044-AA31-C323E3B71BD0}.Testing|.NET.ActiveCfg = Testing|Any CPU
		{5B531295-5F2B-4044-AA31-C323E3B71BD0}.Testing|Any CPU.ActiveCfg = Testing|Any CPU
		{5B531295-5F2B-4044-AA31-C323E3B71BD0}.Testing|Any CPU.Build.0 = Testing|Any CPU
		{5B531295-5F2B-4044-AA31-C323E3B71BD0}.Testing|Mixed Platforms.ActiveCfg = Testing|Any CPU
		{5B531295-5F2B-4044-AA31-C323E3B71BD0}.Testing|Mixed Platforms.Build.0 = Testing|Any CPU
		{B542AA58-DF3F-4403-A605-6F9A5515E4C8}.Debug|.NET.ActiveCfg = Debug|Any CPU
		{B542AA58-DF3F-4403-A605-6F9A5515E4C8}.Debug|Any CPU.ActiveCfg = Debug|Any CPU
		{B542AA58-DF3F-4403-A605-6F9A5515E4C8}.Debug|Any CPU.Build.0 = Debug|Any CPU
		{B542AA58-DF3F-4403-A605-6F9A5515E4C8}.Debug|Mixed Platforms.ActiveCfg = Debug|Any CPU
		{B542AA58-DF3F-4403-A605-6F9A5515E4C8}.Release|.NET.ActiveCfg = Release|Any CPU
		{B542AA58-DF3F-4403-A605-6F9A5515E4C8}.Release|Any CPU.ActiveCfg = Release|Any CPU
		{B542AA58-DF3F-4403-A605-6F9A5515E4C8}.Release|Any CPU.Build.0 = Release|Any CPU
		{B542AA58-DF3F-4403-A605-6F9A5515E4C8}.Release|Mixed Platforms.ActiveCfg = Release|Any CPU
		{B542AA58-DF3F-4403-A605-6F9A5515E4C8}.Release|Mixed Platforms.Build.0 = Release|Any CPU
		{B542AA58-DF3F-4403-A605-6F9A5515E4C8}.Testing|.NET.ActiveCfg = Testing|Any CPU
		{B542AA58-DF3F-4403-A605-6F9A5515E4C8}.Testing|Any CPU.ActiveCfg = Testing|Any CPU
		{B542AA58-DF3F-4403-A605-6F9A5515E4C8}.Testing|Any CPU.Build.0 = Testing|Any CPU
		{B542AA58-DF3F-4403-A605-6F9A5515E4C8}.Testing|Mixed Platforms.ActiveCfg = Testing|Any CPU
		{B542AA58-DF3F-4403-A605-6F9A5515E4C8}.Testing|Mixed Platforms.Build.0 = Testing|Any CPU
		{85173585-6EB0-4E6C-A36F-9C0F5E9E4ADC}.Debug|.NET.ActiveCfg = Debug|Any CPU
		{85173585-6EB0-4E6C-A36F-9C0F5E9E4ADC}.Debug|Any CPU.ActiveCfg = Debug|Any CPU
		{85173585-6EB0-4E6C-A36F-9C0F5E9E4ADC}.Debug|Any CPU.Build.0 = Debug|Any CPU
		{85173585-6EB0-4E6C-A36F-9C0F5E9E4ADC}.Debug|Mixed Platforms.ActiveCfg = Debug|Any CPU
		{85173585-6EB0-4E6C-A36F-9C0F5E9E4ADC}.Release|.NET.ActiveCfg = Release|Any CPU
		{85173585-6EB0-4E6C-A36F-9C0F5E9E4ADC}.Release|Any CPU.ActiveCfg = Release|Any CPU
		{85173585-6EB0-4E6C-A36F-9C0F5E9E4ADC}.Release|Any CPU.Build.0 = Release|Any CPU
		{85173585-6EB0-4E6C-A36F-9C0F5E9E4ADC}.Release|Mixed Platforms.ActiveCfg = Release|Any CPU
		{85173585-6EB0-4E6C-A36F-9C0F5E9E4ADC}.Release|Mixed Platforms.Build.0 = Release|Any CPU
		{85173585-6EB0-4E6C-A36F-9C0F5E9E4ADC}.Testing|.NET.ActiveCfg = Testing|Any CPU
		{85173585-6EB0-4E6C-A36F-9C0F5E9E4ADC}.Testing|Any CPU.ActiveCfg = Testing|Any CPU
		{85173585-6EB0-4E6C-A36F-9C0F5E9E4ADC}.Testing|Any CPU.Build.0 = Testing|Any CPU
		{85173585-6EB0-4E6C-A36F-9C0F5E9E4ADC}.Testing|Mixed Platforms.ActiveCfg = Testing|Any CPU
		{85173585-6EB0-4E6C-A36F-9C0F5E9E4ADC}.Testing|Mixed Platforms.Build.0 = Testing|Any CPU
		{D40DA560-4AB2-438F-96CF-2814976E1461}.Debug|.NET.ActiveCfg = Debug|Any CPU
		{D40DA560-4AB2-438F-96CF-2814976E1461}.Debug|Any CPU.ActiveCfg = Debug|Any CPU
		{D40DA560-4AB2-438F-96CF-2814976E1461}.Debug|Any CPU.Build.0 = Debug|Any CPU
		{D40DA560-4AB2-438F-96CF-2814976E1461}.Debug|Mixed Platforms.ActiveCfg = Debug|Any CPU
		{D40DA560-4AB2-438F-96CF-2814976E1461}.Release|.NET.ActiveCfg = Release|Any CPU
		{D40DA560-4AB2-438F-96CF-2814976E1461}.Release|Any CPU.ActiveCfg = Release|Any CPU
		{D40DA560-4AB2-438F-96CF-2814976E1461}.Release|Any CPU.Build.0 = Release|Any CPU
		{D40DA560-4AB2-438F-96CF-2814976E1461}.Release|Mixed Platforms.ActiveCfg = Release|Any CPU
		{D40DA560-4AB2-438F-96CF-2814976E1461}.Release|Mixed Platforms.Build.0 = Release|Any CPU
		{D40DA560-4AB2-438F-96CF-2814976E1461}.Testing|.NET.ActiveCfg = Testing|Any CPU
		{D40DA560-4AB2-438F-96CF-2814976E1461}.Testing|Any CPU.ActiveCfg = Testing|Any CPU
		{D40DA560-4AB2-438F-96CF-2814976E1461}.Testing|Any CPU.Build.0 = Testing|Any CPU
		{D40DA560-4AB2-438F-96CF-2814976E1461}.Testing|Mixed Platforms.ActiveCfg = Testing|Any CPU
		{D40DA560-4AB2-438F-96CF-2814976E1461}.Testing|Mixed Platforms.Build.0 = Testing|Any CPU
		{C3C398B4-EAC6-4C29-A6BD-9AA378C72F22}.Debug|.NET.ActiveCfg = Debug|Any CPU
		{C3C398B4-EAC6-4C29-A6BD-9AA378C72F22}.Debug|Any CPU.ActiveCfg = Debug|Any CPU
		{C3C398B4-EAC6-4C29-A6BD-9AA378C72F22}.Debug|Any CPU.Build.0 = Debug|Any CPU
		{C3C398B4-EAC6-4C29-A6BD-9AA378C72F22}.Debug|Mixed Platforms.ActiveCfg = Debug|Any CPU
		{C3C398B4-EAC6-4C29-A6BD-9AA378C72F22}.Release|.NET.ActiveCfg = Release|Any CPU
		{C3C398B4-EAC6-4C29-A6BD-9AA378C72F22}.Release|Any CPU.ActiveCfg = Release|Any CPU
		{C3C398B4-EAC6-4C29-A6BD-9AA378C72F22}.Release|Any CPU.Build.0 = Release|Any CPU
		{C3C398B4-EAC6-4C29-A6BD-9AA378C72F22}.Release|Mixed Platforms.ActiveCfg = Release|Any CPU
		{C3C398B4-EAC6-4C29-A6BD-9AA378C72F22}.Release|Mixed Platforms.Build.0 = Release|Any CPU
		{C3C398B4-EAC6-4C29-A6BD-9AA378C72F22}.Testing|.NET.ActiveCfg = Testing|Any CPU
		{C3C398B4-EAC6-4C29-A6BD-9AA378C72F22}.Testing|Any CPU.ActiveCfg = Testing|Any CPU
		{C3C398B4-EAC6-4C29-A6BD-9AA378C72F22}.Testing|Any CPU.Build.0 = Testing|Any CPU
		{C3C398B4-EAC6-4C29-A6BD-9AA378C72F22}.Testing|Mixed Platforms.ActiveCfg = Testing|Any CPU
		{C3C398B4-EAC6-4C29-A6BD-9AA378C72F22}.Testing|Mixed Platforms.Build.0 = Testing|Any CPU
		{3D822713-BA7D-4895-9ADB-7FCFF066235C}.Debug|.NET.ActiveCfg = Debug|Any CPU
		{3D822713-BA7D-4895-9ADB-7FCFF066235C}.Debug|Any CPU.ActiveCfg = Debug|Any CPU
		{3D822713-BA7D-4895-9ADB-7FCFF066235C}.Debug|Any CPU.Build.0 = Debug|Any CPU
		{3D822713-BA7D-4895-9ADB-7FCFF066235C}.Debug|Mixed Platforms.ActiveCfg = Debug|Any CPU
		{3D822713-BA7D-4895-9ADB-7FCFF066235C}.Release|.NET.ActiveCfg = Release|Any CPU
		{3D822713-BA7D-4895-9ADB-7FCFF066235C}.Release|Any CPU.ActiveCfg = Release|Any CPU
		{3D822713-BA7D-4895-9ADB-7FCFF066235C}.Release|Any CPU.Build.0 = Release|Any CPU
		{3D822713-BA7D-4895-9ADB-7FCFF066235C}.Release|Mixed Platforms.ActiveCfg = Release|Any CPU
		{3D822713-BA7D-4895-9ADB-7FCFF066235C}.Release|Mixed Platforms.Build.0 = Release|Any CPU
		{3D822713-BA7D-4895-9ADB-7FCFF066235C}.Testing|.NET.ActiveCfg = Testing|Any CPU
		{3D822713-BA7D-4895-9ADB-7FCFF066235C}.Testing|Any CPU.ActiveCfg = Testing|Any CPU
		{3D822713-BA7D-4895-9ADB-7FCFF066235C}.Testing|Any CPU.Build.0 = Testing|Any CPU
		{3D822713-BA7D-4895-9ADB-7FCFF066235C}.Testing|Mixed Platforms.ActiveCfg = Testing|Any CPU
		{3D822713-BA7D-4895-9ADB-7FCFF066235C}.Testing|Mixed Platforms.Build.0 = Testing|Any CPU
		{261F3A34-8F07-434C-B1B4-49A3755A8005}.Debug|.NET.ActiveCfg = Debug|Any CPU
		{261F3A34-8F07-434C-B1B4-49A3755A8005}.Debug|Any CPU.ActiveCfg = Debug|Any CPU
		{261F3A34-8F07-434C-B1B4-49A3755A8005}.Debug|Any CPU.Build.0 = Debug|Any CPU
		{261F3A34-8F07-434C-B1B4-49A3755A8005}.Debug|Mixed Platforms.ActiveCfg = Debug|Any CPU
		{261F3A34-8F07-434C-B1B4-49A3755A8005}.Release|.NET.ActiveCfg = Release|Any CPU
		{261F3A34-8F07-434C-B1B4-49A3755A8005}.Release|Any CPU.ActiveCfg = Release|Any CPU
		{261F3A34-8F07-434C-B1B4-49A3755A8005}.Release|Any CPU.Build.0 = Release|Any CPU
		{261F3A34-8F07-434C-B1B4-49A3755A8005}.Release|Mixed Platforms.ActiveCfg = Release|Any CPU
		{261F3A34-8F07-434C-B1B4-49A3755A8005}.Release|Mixed Platforms.Build.0 = Release|Any CPU
		{261F3A34-8F07-434C-B1B4-49A3755A8005}.Testing|.NET.ActiveCfg = Testing|Any CPU
		{261F3A34-8F07-434C-B1B4-49A3755A8005}.Testing|Any CPU.ActiveCfg = Testing|Any CPU
		{261F3A34-8F07-434C-B1B4-49A3755A8005}.Testing|Any CPU.Build.0 = Testing|Any CPU
		{261F3A34-8F07-434C-B1B4-49A3755A8005}.Testing|Mixed Platforms.ActiveCfg = Testing|Any CPU
		{261F3A34-8F07-434C-B1B4-49A3755A8005}.Testing|Mixed Platforms.Build.0 = Testing|Any CPU
		{DE3399CF-AF2C-4773-95F8-BF00ACE30E2E}.Debug|.NET.ActiveCfg = Debug|Any CPU
		{DE3399CF-AF2C-4773-95F8-BF00ACE30E2E}.Debug|Any CPU.ActiveCfg = Debug|Any CPU
		{DE3399CF-AF2C-4773-95F8-BF00ACE30E2E}.Debug|Any CPU.Build.0 = Debug|Any CPU
		{DE3399CF-AF2C-4773-95F8-BF00ACE30E2E}.Debug|Mixed Platforms.ActiveCfg = Debug|Any CPU
		{DE3399CF-AF2C-4773-95F8-BF00ACE30E2E}.Release|.NET.ActiveCfg = Release|Any CPU
		{DE3399CF-AF2C-4773-95F8-BF00ACE30E2E}.Release|Any CPU.ActiveCfg = Release|Any CPU
		{DE3399CF-AF2C-4773-95F8-BF00ACE30E2E}.Release|Any CPU.Build.0 = Release|Any CPU
		{DE3399CF-AF2C-4773-95F8-BF00ACE30E2E}.Release|Mixed Platforms.ActiveCfg = Release|Any CPU
		{DE3399CF-AF2C-4773-95F8-BF00ACE30E2E}.Release|Mixed Platforms.Build.0 = Release|Any CPU
		{DE3399CF-AF2C-4773-95F8-BF00ACE30E2E}.Testing|.NET.ActiveCfg = Testing|Any CPU
		{DE3399CF-AF2C-4773-95F8-BF00ACE30E2E}.Testing|Any CPU.ActiveCfg = Testing|Any CPU
		{DE3399CF-AF2C-4773-95F8-BF00ACE30E2E}.Testing|Any CPU.Build.0 = Testing|Any CPU
		{DE3399CF-AF2C-4773-95F8-BF00ACE30E2E}.Testing|Mixed Platforms.ActiveCfg = Testing|Any CPU
		{DE3399CF-AF2C-4773-95F8-BF00ACE30E2E}.Testing|Mixed Platforms.Build.0 = Testing|Any CPU
		{BF6FB660-921D-48C5-9369-029987F094A5}.Debug|.NET.ActiveCfg = Debug|Any CPU
		{BF6FB660-921D-48C5-9369-029987F094A5}.Debug|Any CPU.ActiveCfg = Debug|Any CPU
		{BF6FB660-921D-48C5-9369-029987F094A5}.Debug|Any CPU.Build.0 = Debug|Any CPU
		{BF6FB660-921D-48C5-9369-029987F094A5}.Debug|Mixed Platforms.ActiveCfg = Debug|Any CPU
		{BF6FB660-921D-48C5-9369-029987F094A5}.Release|.NET.ActiveCfg = Release|Any CPU
		{BF6FB660-921D-48C5-9369-029987F094A5}.Release|Any CPU.ActiveCfg = Release|Any CPU
		{BF6FB660-921D-48C5-9369-029987F094A5}.Release|Any CPU.Build.0 = Release|Any CPU
		{BF6FB660-921D-48C5-9369-029987F094A5}.Release|Mixed Platforms.ActiveCfg = Release|Any CPU
		{BF6FB660-921D-48C5-9369-029987F094A5}.Release|Mixed Platforms.Build.0 = Release|Any CPU
		{BF6FB660-921D-48C5-9369-029987F094A5}.Testing|.NET.ActiveCfg = Testing|Any CPU
		{BF6FB660-921D-48C5-9369-029987F094A5}.Testing|Any CPU.ActiveCfg = Testing|Any CPU
		{BF6FB660-921D-48C5-9369-029987F094A5}.Testing|Any CPU.Build.0 = Testing|Any CPU
		{BF6FB660-921D-48C5-9369-029987F094A5}.Testing|Mixed Platforms.ActiveCfg = Testing|Any CPU
		{BF6FB660-921D-48C5-9369-029987F094A5}.Testing|Mixed Platforms.Build.0 = Testing|Any CPU
		{CC6FACCF-8A22-44B5-8930-2BC8B7739FFF}.Debug|.NET.ActiveCfg = Debug|Any CPU
		{CC6FACCF-8A22-44B5-8930-2BC8B7739FFF}.Debug|Any CPU.ActiveCfg = Debug|Any CPU
		{CC6FACCF-8A22-44B5-8930-2BC8B7739FFF}.Debug|Any CPU.Build.0 = Debug|Any CPU
		{CC6FACCF-8A22-44B5-8930-2BC8B7739FFF}.Debug|Mixed Platforms.ActiveCfg = Debug|Any CPU
		{CC6FACCF-8A22-44B5-8930-2BC8B7739FFF}.Release|.NET.ActiveCfg = Release|Any CPU
		{CC6FACCF-8A22-44B5-8930-2BC8B7739FFF}.Release|Any CPU.ActiveCfg = Release|Any CPU
		{CC6FACCF-8A22-44B5-8930-2BC8B7739FFF}.Release|Any CPU.Build.0 = Release|Any CPU
		{CC6FACCF-8A22-44B5-8930-2BC8B7739FFF}.Release|Mixed Platforms.ActiveCfg = Release|Any CPU
		{CC6FACCF-8A22-44B5-8930-2BC8B7739FFF}.Release|Mixed Platforms.Build.0 = Release|Any CPU
		{CC6FACCF-8A22-44B5-8930-2BC8B7739FFF}.Testing|.NET.ActiveCfg = Release|Any CPU
		{CC6FACCF-8A22-44B5-8930-2BC8B7739FFF}.Testing|Any CPU.ActiveCfg = Release|Any CPU
		{CC6FACCF-8A22-44B5-8930-2BC8B7739FFF}.Testing|Any CPU.Build.0 = Release|Any CPU
		{CC6FACCF-8A22-44B5-8930-2BC8B7739FFF}.Testing|Mixed Platforms.ActiveCfg = Release|Any CPU
		{CC6FACCF-8A22-44B5-8930-2BC8B7739FFF}.Testing|Mixed Platforms.Build.0 = Release|Any CPU
		{07E1A93C-1F7F-4507-A871-64D25E333B82}.Debug|.NET.ActiveCfg = Debug
		{07E1A93C-1F7F-4507-A871-64D25E333B82}.Debug|.NET.Build.0 = Debug
		{07E1A93C-1F7F-4507-A871-64D25E333B82}.Debug|Any CPU.ActiveCfg = Debug
		{07E1A93C-1F7F-4507-A871-64D25E333B82}.Debug|Any CPU.Build.0 = Debug
		{07E1A93C-1F7F-4507-A871-64D25E333B82}.Debug|Mixed Platforms.ActiveCfg = Debug
		{07E1A93C-1F7F-4507-A871-64D25E333B82}.Release|.NET.ActiveCfg = Release
		{07E1A93C-1F7F-4507-A871-64D25E333B82}.Release|.NET.Build.0 = Release
		{07E1A93C-1F7F-4507-A871-64D25E333B82}.Release|Any CPU.ActiveCfg = Release
		{07E1A93C-1F7F-4507-A871-64D25E333B82}.Release|Any CPU.Build.0 = Release
		{07E1A93C-1F7F-4507-A871-64D25E333B82}.Release|Mixed Platforms.ActiveCfg = Release
		{07E1A93C-1F7F-4507-A871-64D25E333B82}.Release|Mixed Platforms.Build.0 = Release
		{07E1A93C-1F7F-4507-A871-64D25E333B82}.Testing|.NET.ActiveCfg = Release
		{07E1A93C-1F7F-4507-A871-64D25E333B82}.Testing|.NET.Build.0 = Release
		{07E1A93C-1F7F-4507-A871-64D25E333B82}.Testing|Any CPU.ActiveCfg = Release
		{07E1A93C-1F7F-4507-A871-64D25E333B82}.Testing|Any CPU.Build.0 = Release
		{07E1A93C-1F7F-4507-A871-64D25E333B82}.Testing|Mixed Platforms.ActiveCfg = Release
		{07E1A93C-1F7F-4507-A871-64D25E333B82}.Testing|Mixed Platforms.Build.0 = Release
		{3665FFFF-9142-4AF1-BF96-3259F18D7337}.Debug|.NET.ActiveCfg = Debug|Any CPU
		{3665FFFF-9142-4AF1-BF96-3259F18D7337}.Debug|Any CPU.ActiveCfg = Debug|Any CPU
		{3665FFFF-9142-4AF1-BF96-3259F18D7337}.Debug|Any CPU.Build.0 = Debug|Any CPU
		{3665FFFF-9142-4AF1-BF96-3259F18D7337}.Debug|Mixed Platforms.ActiveCfg = Debug|Any CPU
		{3665FFFF-9142-4AF1-BF96-3259F18D7337}.Release|.NET.ActiveCfg = Release|Any CPU
		{3665FFFF-9142-4AF1-BF96-3259F18D7337}.Release|Any CPU.ActiveCfg = Release|Any CPU
		{3665FFFF-9142-4AF1-BF96-3259F18D7337}.Release|Any CPU.Build.0 = Release|Any CPU
		{3665FFFF-9142-4AF1-BF96-3259F18D7337}.Release|Mixed Platforms.ActiveCfg = Release|Any CPU
		{3665FFFF-9142-4AF1-BF96-3259F18D7337}.Release|Mixed Platforms.Build.0 = Release|Any CPU
		{3665FFFF-9142-4AF1-BF96-3259F18D7337}.Testing|.NET.ActiveCfg = Release|Any CPU
		{3665FFFF-9142-4AF1-BF96-3259F18D7337}.Testing|Any CPU.ActiveCfg = Release|Any CPU
		{3665FFFF-9142-4AF1-BF96-3259F18D7337}.Testing|Any CPU.Build.0 = Release|Any CPU
		{3665FFFF-9142-4AF1-BF96-3259F18D7337}.Testing|Mixed Platforms.ActiveCfg = Release|Any CPU
		{3665FFFF-9142-4AF1-BF96-3259F18D7337}.Testing|Mixed Platforms.Build.0 = Release|Any CPU
		{E189E2A8-BF0D-40B6-AAA1-F91C6E74745B}.Debug|.NET.ActiveCfg = Debug|Any CPU
		{E189E2A8-BF0D-40B6-AAA1-F91C6E74745B}.Debug|Any CPU.ActiveCfg = Debug|Any CPU
		{E189E2A8-BF0D-40B6-AAA1-F91C6E74745B}.Debug|Any CPU.Build.0 = Debug|Any CPU
		{E189E2A8-BF0D-40B6-AAA1-F91C6E74745B}.Debug|Mixed Platforms.ActiveCfg = Debug|Any CPU
		{E189E2A8-BF0D-40B6-AAA1-F91C6E74745B}.Release|.NET.ActiveCfg = Release|Any CPU
		{E189E2A8-BF0D-40B6-AAA1-F91C6E74745B}.Release|Any CPU.ActiveCfg = Release|Any CPU
		{E189E2A8-BF0D-40B6-AAA1-F91C6E74745B}.Release|Any CPU.Build.0 = Release|Any CPU
		{E189E2A8-BF0D-40B6-AAA1-F91C6E74745B}.Release|Mixed Platforms.ActiveCfg = Release|Any CPU
		{E189E2A8-BF0D-40B6-AAA1-F91C6E74745B}.Release|Mixed Platforms.Build.0 = Release|Any CPU
		{E189E2A8-BF0D-40B6-AAA1-F91C6E74745B}.Testing|.NET.ActiveCfg = Release|Any CPU
		{E189E2A8-BF0D-40B6-AAA1-F91C6E74745B}.Testing|Any CPU.ActiveCfg = Release|Any CPU
		{E189E2A8-BF0D-40B6-AAA1-F91C6E74745B}.Testing|Any CPU.Build.0 = Release|Any CPU
		{E189E2A8-BF0D-40B6-AAA1-F91C6E74745B}.Testing|Mixed Platforms.ActiveCfg = Release|Any CPU
		{E189E2A8-BF0D-40B6-AAA1-F91C6E74745B}.Testing|Mixed Platforms.Build.0 = Release|Any CPU
		{85248A73-AC2F-451A-925C-D53890F1A925}.Debug|.NET.ActiveCfg = Debug|Any CPU
		{85248A73-AC2F-451A-925C-D53890F1A925}.Debug|Any CPU.ActiveCfg = Debug|Any CPU
		{85248A73-AC2F-451A-925C-D53890F1A925}.Debug|Any CPU.Build.0 = Debug|Any CPU
		{85248A73-AC2F-451A-925C-D53890F1A925}.Debug|Mixed Platforms.ActiveCfg = Debug|Any CPU
		{85248A73-AC2F-451A-925C-D53890F1A925}.Release|.NET.ActiveCfg = Release|Any CPU
		{85248A73-AC2F-451A-925C-D53890F1A925}.Release|Any CPU.ActiveCfg = Release|Any CPU
		{85248A73-AC2F-451A-925C-D53890F1A925}.Release|Any CPU.Build.0 = Release|Any CPU
		{85248A73-AC2F-451A-925C-D53890F1A925}.Release|Mixed Platforms.ActiveCfg = Release|Any CPU
		{85248A73-AC2F-451A-925C-D53890F1A925}.Release|Mixed Platforms.Build.0 = Release|Any CPU
		{85248A73-AC2F-451A-925C-D53890F1A925}.Testing|.NET.ActiveCfg = Release|Any CPU
		{85248A73-AC2F-451A-925C-D53890F1A925}.Testing|Any CPU.ActiveCfg = Release|Any CPU
		{85248A73-AC2F-451A-925C-D53890F1A925}.Testing|Any CPU.Build.0 = Release|Any CPU
		{85248A73-AC2F-451A-925C-D53890F1A925}.Testing|Mixed Platforms.ActiveCfg = Release|Any CPU
		{85248A73-AC2F-451A-925C-D53890F1A925}.Testing|Mixed Platforms.Build.0 = Release|Any CPU
		{DBC9B695-61AB-414C-8B27-1C1F50D1BC6B}.Debug|.NET.ActiveCfg = Debug|Any CPU
		{DBC9B695-61AB-414C-8B27-1C1F50D1BC6B}.Debug|Any CPU.ActiveCfg = Debug|Any CPU
		{DBC9B695-61AB-414C-8B27-1C1F50D1BC6B}.Debug|Any CPU.Build.0 = Debug|Any CPU
		{DBC9B695-61AB-414C-8B27-1C1F50D1BC6B}.Debug|Mixed Platforms.ActiveCfg = Debug|Any CPU
		{DBC9B695-61AB-414C-8B27-1C1F50D1BC6B}.Debug|Mixed Platforms.Build.0 = Debug|Any CPU
		{DBC9B695-61AB-414C-8B27-1C1F50D1BC6B}.Release|.NET.ActiveCfg = Release|Any CPU
		{DBC9B695-61AB-414C-8B27-1C1F50D1BC6B}.Release|Any CPU.ActiveCfg = Release|Any CPU
		{DBC9B695-61AB-414C-8B27-1C1F50D1BC6B}.Release|Any CPU.Build.0 = Release|Any CPU
		{DBC9B695-61AB-414C-8B27-1C1F50D1BC6B}.Release|Mixed Platforms.ActiveCfg = Release|Any CPU
		{DBC9B695-61AB-414C-8B27-1C1F50D1BC6B}.Release|Mixed Platforms.Build.0 = Release|Any CPU
		{DBC9B695-61AB-414C-8B27-1C1F50D1BC6B}.Testing|.NET.ActiveCfg = Release|Any CPU
		{DBC9B695-61AB-414C-8B27-1C1F50D1BC6B}.Testing|Any CPU.ActiveCfg = Release|Any CPU
		{DBC9B695-61AB-414C-8B27-1C1F50D1BC6B}.Testing|Any CPU.Build.0 = Release|Any CPU
		{DBC9B695-61AB-414C-8B27-1C1F50D1BC6B}.Testing|Mixed Platforms.ActiveCfg = Release|Any CPU
		{DBC9B695-61AB-414C-8B27-1C1F50D1BC6B}.Testing|Mixed Platforms.Build.0 = Release|Any CPU
		{E63D28D4-4D1B-4662-B5E8-BD8C824CCBD1}.Debug|.NET.ActiveCfg = Debug
		{E63D28D4-4D1B-4662-B5E8-BD8C824CCBD1}.Debug|.NET.Build.0 = Debug
		{E63D28D4-4D1B-4662-B5E8-BD8C824CCBD1}.Debug|Any CPU.ActiveCfg = Debug
		{E63D28D4-4D1B-4662-B5E8-BD8C824CCBD1}.Debug|Any CPU.Build.0 = Debug
		{E63D28D4-4D1B-4662-B5E8-BD8C824CCBD1}.Debug|Mixed Platforms.ActiveCfg = Debug
		{E63D28D4-4D1B-4662-B5E8-BD8C824CCBD1}.Release|.NET.ActiveCfg = Release
		{E63D28D4-4D1B-4662-B5E8-BD8C824CCBD1}.Release|.NET.Build.0 = Release
		{E63D28D4-4D1B-4662-B5E8-BD8C824CCBD1}.Release|Any CPU.ActiveCfg = Release
		{E63D28D4-4D1B-4662-B5E8-BD8C824CCBD1}.Release|Any CPU.Build.0 = Release
		{E63D28D4-4D1B-4662-B5E8-BD8C824CCBD1}.Release|Mixed Platforms.ActiveCfg = Release
		{E63D28D4-4D1B-4662-B5E8-BD8C824CCBD1}.Release|Mixed Platforms.Build.0 = Release
		{E63D28D4-4D1B-4662-B5E8-BD8C824CCBD1}.Testing|.NET.ActiveCfg = Release
		{E63D28D4-4D1B-4662-B5E8-BD8C824CCBD1}.Testing|.NET.Build.0 = Release
		{E63D28D4-4D1B-4662-B5E8-BD8C824CCBD1}.Testing|Any CPU.ActiveCfg = Release
		{E63D28D4-4D1B-4662-B5E8-BD8C824CCBD1}.Testing|Any CPU.Build.0 = Release
		{E63D28D4-4D1B-4662-B5E8-BD8C824CCBD1}.Testing|Mixed Platforms.ActiveCfg = Release
		{E63D28D4-4D1B-4662-B5E8-BD8C824CCBD1}.Testing|Mixed Platforms.Build.0 = Release
		{762955BD-EED4-47EF-9AAF-D319DD1C69C8}.Debug|.NET.ActiveCfg = Debug|Any CPU
		{762955BD-EED4-47EF-9AAF-D319DD1C69C8}.Debug|Any CPU.ActiveCfg = Debug|Any CPU
		{762955BD-EED4-47EF-9AAF-D319DD1C69C8}.Debug|Any CPU.Build.0 = Debug|Any CPU
		{762955BD-EED4-47EF-9AAF-D319DD1C69C8}.Debug|Mixed Platforms.ActiveCfg = Debug|Any CPU
		{762955BD-EED4-47EF-9AAF-D319DD1C69C8}.Release|.NET.ActiveCfg = Release|Any CPU
		{762955BD-EED4-47EF-9AAF-D319DD1C69C8}.Release|Any CPU.ActiveCfg = Release|Any CPU
		{762955BD-EED4-47EF-9AAF-D319DD1C69C8}.Release|Any CPU.Build.0 = Release|Any CPU
		{762955BD-EED4-47EF-9AAF-D319DD1C69C8}.Release|Mixed Platforms.ActiveCfg = Release|Any CPU
		{762955BD-EED4-47EF-9AAF-D319DD1C69C8}.Release|Mixed Platforms.Build.0 = Release|Any CPU
		{762955BD-EED4-47EF-9AAF-D319DD1C69C8}.Testing|.NET.ActiveCfg = Release|Any CPU
		{762955BD-EED4-47EF-9AAF-D319DD1C69C8}.Testing|Any CPU.ActiveCfg = Release|Any CPU
		{762955BD-EED4-47EF-9AAF-D319DD1C69C8}.Testing|Any CPU.Build.0 = Release|Any CPU
		{762955BD-EED4-47EF-9AAF-D319DD1C69C8}.Testing|Mixed Platforms.ActiveCfg = Release|Any CPU
		{762955BD-EED4-47EF-9AAF-D319DD1C69C8}.Testing|Mixed Platforms.Build.0 = Release|Any CPU
		{6AC3CCB5-CD49-4DB4-88BB-E103E560C50B}.Debug|.NET.ActiveCfg = Debug|Any CPU
		{6AC3CCB5-CD49-4DB4-88BB-E103E560C50B}.Debug|Any CPU.ActiveCfg = Debug|Any CPU
		{6AC3CCB5-CD49-4DB4-88BB-E103E560C50B}.Debug|Any CPU.Build.0 = Debug|Any CPU
		{6AC3CCB5-CD49-4DB4-88BB-E103E560C50B}.Debug|Mixed Platforms.ActiveCfg = Debug|Any CPU
		{6AC3CCB5-CD49-4DB4-88BB-E103E560C50B}.Release|.NET.ActiveCfg = Release|Any CPU
		{6AC3CCB5-CD49-4DB4-88BB-E103E560C50B}.Release|Any CPU.ActiveCfg = Release|Any CPU
		{6AC3CCB5-CD49-4DB4-88BB-E103E560C50B}.Release|Any CPU.Build.0 = Release|Any CPU
		{6AC3CCB5-CD49-4DB4-88BB-E103E560C50B}.Release|Mixed Platforms.ActiveCfg = Release|Any CPU
		{6AC3CCB5-CD49-4DB4-88BB-E103E560C50B}.Release|Mixed Platforms.Build.0 = Release|Any CPU
		{6AC3CCB5-CD49-4DB4-88BB-E103E560C50B}.Testing|.NET.ActiveCfg = Release|Any CPU
		{6AC3CCB5-CD49-4DB4-88BB-E103E560C50B}.Testing|Any CPU.ActiveCfg = Release|Any CPU
		{6AC3CCB5-CD49-4DB4-88BB-E103E560C50B}.Testing|Any CPU.Build.0 = Release|Any CPU
		{6AC3CCB5-CD49-4DB4-88BB-E103E560C50B}.Testing|Mixed Platforms.ActiveCfg = Release|Any CPU
		{6AC3CCB5-CD49-4DB4-88BB-E103E560C50B}.Testing|Mixed Platforms.Build.0 = Release|Any CPU
		{2C7489D9-117A-4B80-92A4-6D0793511390}.Debug|.NET.ActiveCfg = Debug|Any CPU
		{2C7489D9-117A-4B80-92A4-6D0793511390}.Debug|Any CPU.ActiveCfg = Debug|Any CPU
		{2C7489D9-117A-4B80-92A4-6D0793511390}.Debug|Any CPU.Build.0 = Debug|Any CPU
		{2C7489D9-117A-4B80-92A4-6D0793511390}.Debug|Mixed Platforms.ActiveCfg = Debug|Any CPU
		{2C7489D9-117A-4B80-92A4-6D0793511390}.Release|.NET.ActiveCfg = Release|Any CPU
		{2C7489D9-117A-4B80-92A4-6D0793511390}.Release|Any CPU.ActiveCfg = Release|Any CPU
		{2C7489D9-117A-4B80-92A4-6D0793511390}.Release|Any CPU.Build.0 = Release|Any CPU
		{2C7489D9-117A-4B80-92A4-6D0793511390}.Release|Mixed Platforms.ActiveCfg = Release|Any CPU
		{2C7489D9-117A-4B80-92A4-6D0793511390}.Release|Mixed Platforms.Build.0 = Release|Any CPU
		{2C7489D9-117A-4B80-92A4-6D0793511390}.Testing|.NET.ActiveCfg = Release|Any CPU
		{2C7489D9-117A-4B80-92A4-6D0793511390}.Testing|Any CPU.ActiveCfg = Release|Any CPU
		{2C7489D9-117A-4B80-92A4-6D0793511390}.Testing|Any CPU.Build.0 = Release|Any CPU
		{2C7489D9-117A-4B80-92A4-6D0793511390}.Testing|Mixed Platforms.ActiveCfg = Release|Any CPU
		{2C7489D9-117A-4B80-92A4-6D0793511390}.Testing|Mixed Platforms.Build.0 = Release|Any CPU
		{47C15080-690E-4236-A230-5CC563128784}.Debug|.NET.ActiveCfg = Debug|Any CPU
		{47C15080-690E-4236-A230-5CC563128784}.Debug|Any CPU.ActiveCfg = Debug|Any CPU
		{47C15080-690E-4236-A230-5CC563128784}.Debug|Any CPU.Build.0 = Debug|Any CPU
		{47C15080-690E-4236-A230-5CC563128784}.Debug|Mixed Platforms.ActiveCfg = Debug|Any CPU
		{47C15080-690E-4236-A230-5CC563128784}.Release|.NET.ActiveCfg = Release|Any CPU
		{47C15080-690E-4236-A230-5CC563128784}.Release|Any CPU.ActiveCfg = Release|Any CPU
		{47C15080-690E-4236-A230-5CC563128784}.Release|Any CPU.Build.0 = Release|Any CPU
		{47C15080-690E-4236-A230-5CC563128784}.Release|Mixed Platforms.ActiveCfg = Release|Any CPU
		{47C15080-690E-4236-A230-5CC563128784}.Release|Mixed Platforms.Build.0 = Release|Any CPU
		{47C15080-690E-4236-A230-5CC563128784}.Testing|.NET.ActiveCfg = Release|Any CPU
		{47C15080-690E-4236-A230-5CC563128784}.Testing|Any CPU.ActiveCfg = Release|Any CPU
		{47C15080-690E-4236-A230-5CC563128784}.Testing|Any CPU.Build.0 = Release|Any CPU
		{47C15080-690E-4236-A230-5CC563128784}.Testing|Mixed Platforms.ActiveCfg = Release|Any CPU
		{47C15080-690E-4236-A230-5CC563128784}.Testing|Mixed Platforms.Build.0 = Release|Any CPU
		{B96D5364-E5AF-4024-BF24-7F27FE69A32B}.Debug|.NET.ActiveCfg = Debug|Any CPU
		{B96D5364-E5AF-4024-BF24-7F27FE69A32B}.Debug|Any CPU.ActiveCfg = Debug|Any CPU
		{B96D5364-E5AF-4024-BF24-7F27FE69A32B}.Debug|Any CPU.Build.0 = Debug|Any CPU
		{B96D5364-E5AF-4024-BF24-7F27FE69A32B}.Debug|Mixed Platforms.ActiveCfg = Debug|Any CPU
		{B96D5364-E5AF-4024-BF24-7F27FE69A32B}.Release|.NET.ActiveCfg = Release|Any CPU
		{B96D5364-E5AF-4024-BF24-7F27FE69A32B}.Release|Any CPU.ActiveCfg = Release|Any CPU
		{B96D5364-E5AF-4024-BF24-7F27FE69A32B}.Release|Any CPU.Build.0 = Release|Any CPU
		{B96D5364-E5AF-4024-BF24-7F27FE69A32B}.Release|Mixed Platforms.ActiveCfg = Release|Any CPU
		{B96D5364-E5AF-4024-BF24-7F27FE69A32B}.Release|Mixed Platforms.Build.0 = Release|Any CPU
		{B96D5364-E5AF-4024-BF24-7F27FE69A32B}.Testing|.NET.ActiveCfg = Release|Any CPU
		{B96D5364-E5AF-4024-BF24-7F27FE69A32B}.Testing|Any CPU.ActiveCfg = Release|Any CPU
		{B96D5364-E5AF-4024-BF24-7F27FE69A32B}.Testing|Any CPU.Build.0 = Release|Any CPU
		{B96D5364-E5AF-4024-BF24-7F27FE69A32B}.Testing|Mixed Platforms.ActiveCfg = Release|Any CPU
		{B96D5364-E5AF-4024-BF24-7F27FE69A32B}.Testing|Mixed Platforms.Build.0 = Release|Any CPU
		{817E534C-B413-412E-926F-854C9715EC4F}.Debug|.NET.ActiveCfg = Debug|Any CPU
		{817E534C-B413-412E-926F-854C9715EC4F}.Debug|Any CPU.ActiveCfg = Debug|Any CPU
		{817E534C-B413-412E-926F-854C9715EC4F}.Debug|Any CPU.Build.0 = Debug|Any CPU
		{817E534C-B413-412E-926F-854C9715EC4F}.Debug|Mixed Platforms.ActiveCfg = Debug|Any CPU
		{817E534C-B413-412E-926F-854C9715EC4F}.Release|.NET.ActiveCfg = Release|Any CPU
		{817E534C-B413-412E-926F-854C9715EC4F}.Release|Any CPU.ActiveCfg = Release|Any CPU
		{817E534C-B413-412E-926F-854C9715EC4F}.Release|Any CPU.Build.0 = Release|Any CPU
		{817E534C-B413-412E-926F-854C9715EC4F}.Release|Mixed Platforms.ActiveCfg = Release|Any CPU
		{817E534C-B413-412E-926F-854C9715EC4F}.Release|Mixed Platforms.Build.0 = Release|Any CPU
		{817E534C-B413-412E-926F-854C9715EC4F}.Testing|.NET.ActiveCfg = Release|Any CPU
		{817E534C-B413-412E-926F-854C9715EC4F}.Testing|Any CPU.ActiveCfg = Release|Any CPU
		{817E534C-B413-412E-926F-854C9715EC4F}.Testing|Any CPU.Build.0 = Release|Any CPU
		{817E534C-B413-412E-926F-854C9715EC4F}.Testing|Mixed Platforms.ActiveCfg = Release|Any CPU
		{817E534C-B413-412E-926F-854C9715EC4F}.Testing|Mixed Platforms.Build.0 = Release|Any CPU
		{3CF40904-D812-4188-9B1F-42A697B9E0B1}.Debug|.NET.ActiveCfg = Debug|Any CPU
		{3CF40904-D812-4188-9B1F-42A697B9E0B1}.Debug|Any CPU.ActiveCfg = Debug|Any CPU
		{3CF40904-D812-4188-9B1F-42A697B9E0B1}.Debug|Any CPU.Build.0 = Debug|Any CPU
		{3CF40904-D812-4188-9B1F-42A697B9E0B1}.Debug|Mixed Platforms.ActiveCfg = Debug|Any CPU
		{3CF40904-D812-4188-9B1F-42A697B9E0B1}.Release|.NET.ActiveCfg = Release|Any CPU
		{3CF40904-D812-4188-9B1F-42A697B9E0B1}.Release|Any CPU.ActiveCfg = Release|Any CPU
		{3CF40904-D812-4188-9B1F-42A697B9E0B1}.Release|Any CPU.Build.0 = Release|Any CPU
		{3CF40904-D812-4188-9B1F-42A697B9E0B1}.Release|Mixed Platforms.ActiveCfg = Release|Any CPU
		{3CF40904-D812-4188-9B1F-42A697B9E0B1}.Release|Mixed Platforms.Build.0 = Release|Any CPU
		{3CF40904-D812-4188-9B1F-42A697B9E0B1}.Testing|.NET.ActiveCfg = Release|Any CPU
		{3CF40904-D812-4188-9B1F-42A697B9E0B1}.Testing|Any CPU.ActiveCfg = Release|Any CPU
		{3CF40904-D812-4188-9B1F-42A697B9E0B1}.Testing|Any CPU.Build.0 = Release|Any CPU
		{3CF40904-D812-4188-9B1F-42A697B9E0B1}.Testing|Mixed Platforms.ActiveCfg = Release|Any CPU
		{3CF40904-D812-4188-9B1F-42A697B9E0B1}.Testing|Mixed Platforms.Build.0 = Release|Any CPU
		{EFA4216A-B1F9-4656-BC80-1090E488107B}.Debug|.NET.ActiveCfg = Debug|Any CPU
		{EFA4216A-B1F9-4656-BC80-1090E488107B}.Debug|Any CPU.ActiveCfg = Debug|Any CPU
		{EFA4216A-B1F9-4656-BC80-1090E488107B}.Debug|Any CPU.Build.0 = Debug|Any CPU
		{EFA4216A-B1F9-4656-BC80-1090E488107B}.Debug|Mixed Platforms.ActiveCfg = Debug|Any CPU
		{EFA4216A-B1F9-4656-BC80-1090E488107B}.Release|.NET.ActiveCfg = Release|Any CPU
		{EFA4216A-B1F9-4656-BC80-1090E488107B}.Release|Any CPU.ActiveCfg = Release|Any CPU
		{EFA4216A-B1F9-4656-BC80-1090E488107B}.Release|Any CPU.Build.0 = Release|Any CPU
		{EFA4216A-B1F9-4656-BC80-1090E488107B}.Release|Mixed Platforms.ActiveCfg = Release|Any CPU
		{EFA4216A-B1F9-4656-BC80-1090E488107B}.Release|Mixed Platforms.Build.0 = Release|Any CPU
		{EFA4216A-B1F9-4656-BC80-1090E488107B}.Testing|.NET.ActiveCfg = Release|Any CPU
		{EFA4216A-B1F9-4656-BC80-1090E488107B}.Testing|Any CPU.ActiveCfg = Release|Any CPU
		{EFA4216A-B1F9-4656-BC80-1090E488107B}.Testing|Any CPU.Build.0 = Release|Any CPU
		{EFA4216A-B1F9-4656-BC80-1090E488107B}.Testing|Mixed Platforms.ActiveCfg = Release|Any CPU
		{EFA4216A-B1F9-4656-BC80-1090E488107B}.Testing|Mixed Platforms.Build.0 = Release|Any CPU
		{F6C8D46A-26A4-4735-BC4A-4C0F5830F275}.Debug|.NET.ActiveCfg = Debug|Any CPU
		{F6C8D46A-26A4-4735-BC4A-4C0F5830F275}.Debug|Any CPU.ActiveCfg = Debug|Any CPU
		{F6C8D46A-26A4-4735-BC4A-4C0F5830F275}.Debug|Any CPU.Build.0 = Debug|Any CPU
		{F6C8D46A-26A4-4735-BC4A-4C0F5830F275}.Debug|Mixed Platforms.ActiveCfg = Debug|Any CPU
		{F6C8D46A-26A4-4735-BC4A-4C0F5830F275}.Release|.NET.ActiveCfg = Release|Any CPU
		{F6C8D46A-26A4-4735-BC4A-4C0F5830F275}.Release|Any CPU.ActiveCfg = Release|Any CPU
		{F6C8D46A-26A4-4735-BC4A-4C0F5830F275}.Release|Any CPU.Build.0 = Release|Any CPU
		{F6C8D46A-26A4-4735-BC4A-4C0F5830F275}.Release|Mixed Platforms.ActiveCfg = Release|Any CPU
		{F6C8D46A-26A4-4735-BC4A-4C0F5830F275}.Release|Mixed Platforms.Build.0 = Release|Any CPU
		{F6C8D46A-26A4-4735-BC4A-4C0F5830F275}.Testing|.NET.ActiveCfg = Release|Any CPU
		{F6C8D46A-26A4-4735-BC4A-4C0F5830F275}.Testing|Any CPU.ActiveCfg = Release|Any CPU
		{F6C8D46A-26A4-4735-BC4A-4C0F5830F275}.Testing|Any CPU.Build.0 = Release|Any CPU
		{F6C8D46A-26A4-4735-BC4A-4C0F5830F275}.Testing|Mixed Platforms.ActiveCfg = Release|Any CPU
		{F6C8D46A-26A4-4735-BC4A-4C0F5830F275}.Testing|Mixed Platforms.Build.0 = Release|Any CPU
		{F5E1C01E-0398-4E6B-8F00-2911E9B5DF06}.Debug|.NET.ActiveCfg = Debug|Any CPU
		{F5E1C01E-0398-4E6B-8F00-2911E9B5DF06}.Debug|Any CPU.ActiveCfg = Debug|Any CPU
		{F5E1C01E-0398-4E6B-8F00-2911E9B5DF06}.Debug|Any CPU.Build.0 = Debug|Any CPU
		{F5E1C01E-0398-4E6B-8F00-2911E9B5DF06}.Debug|Mixed Platforms.ActiveCfg = Debug|Any CPU
		{F5E1C01E-0398-4E6B-8F00-2911E9B5DF06}.Release|.NET.ActiveCfg = Release|Any CPU
		{F5E1C01E-0398-4E6B-8F00-2911E9B5DF06}.Release|Any CPU.ActiveCfg = Release|Any CPU
		{F5E1C01E-0398-4E6B-8F00-2911E9B5DF06}.Release|Any CPU.Build.0 = Release|Any CPU
		{F5E1C01E-0398-4E6B-8F00-2911E9B5DF06}.Release|Mixed Platforms.ActiveCfg = Release|Any CPU
		{F5E1C01E-0398-4E6B-8F00-2911E9B5DF06}.Release|Mixed Platforms.Build.0 = Release|Any CPU
		{F5E1C01E-0398-4E6B-8F00-2911E9B5DF06}.Testing|.NET.ActiveCfg = Release|Any CPU
		{F5E1C01E-0398-4E6B-8F00-2911E9B5DF06}.Testing|Any CPU.ActiveCfg = Release|Any CPU
		{F5E1C01E-0398-4E6B-8F00-2911E9B5DF06}.Testing|Any CPU.Build.0 = Release|Any CPU
		{F5E1C01E-0398-4E6B-8F00-2911E9B5DF06}.Testing|Mixed Platforms.ActiveCfg = Release|Any CPU
		{F5E1C01E-0398-4E6B-8F00-2911E9B5DF06}.Testing|Mixed Platforms.Build.0 = Release|Any CPU
		{720245D1-EC8A-415F-8E07-B128928CCF72}.Debug|.NET.ActiveCfg = Debug|Any CPU
		{720245D1-EC8A-415F-8E07-B128928CCF72}.Debug|Any CPU.ActiveCfg = Debug|Any CPU
		{720245D1-EC8A-415F-8E07-B128928CCF72}.Debug|Any CPU.Build.0 = Debug|Any CPU
		{720245D1-EC8A-415F-8E07-B128928CCF72}.Debug|Mixed Platforms.ActiveCfg = Debug|Any CPU
		{720245D1-EC8A-415F-8E07-B128928CCF72}.Release|.NET.ActiveCfg = Release|Any CPU
		{720245D1-EC8A-415F-8E07-B128928CCF72}.Release|Any CPU.ActiveCfg = Release|Any CPU
		{720245D1-EC8A-415F-8E07-B128928CCF72}.Release|Any CPU.Build.0 = Release|Any CPU
		{720245D1-EC8A-415F-8E07-B128928CCF72}.Release|Mixed Platforms.ActiveCfg = Release|Any CPU
		{720245D1-EC8A-415F-8E07-B128928CCF72}.Release|Mixed Platforms.Build.0 = Release|Any CPU
		{720245D1-EC8A-415F-8E07-B128928CCF72}.Testing|.NET.ActiveCfg = Release|Any CPU
		{720245D1-EC8A-415F-8E07-B128928CCF72}.Testing|Any CPU.ActiveCfg = Release|Any CPU
		{720245D1-EC8A-415F-8E07-B128928CCF72}.Testing|Any CPU.Build.0 = Release|Any CPU
		{720245D1-EC8A-415F-8E07-B128928CCF72}.Testing|Mixed Platforms.ActiveCfg = Release|Any CPU
		{720245D1-EC8A-415F-8E07-B128928CCF72}.Testing|Mixed Platforms.Build.0 = Release|Any CPU
	EndGlobalSection
	GlobalSection(SolutionProperties) = preSolution
		HideSolutionNode = FALSE
	EndGlobalSection
EndGlobal
