
Microsoft Visual Studio Solution File, Format Version 9.00
# Visual Studio 2005
Project("{FAE04EC0-301F-11D3-BF4B-00C04F79EFBC}") = "Aria.Setup.ClientComponents", "Aria.Setup.ClientComponents\Aria.Setup.ClientComponents.csproj", "{778F9460-A1F1-4D77-9B40-B61E2EF346B5}"
EndProject
Global
	GlobalSection(SolutionConfigurationPlatforms) = preSolution
		Debug|Any CPU = Debug|Any CPU
		Release|Any CPU = Release|Any CPU
	EndGlobalSection
	GlobalSection(ProjectConfigurationPlatforms) = postSolution
		{778F9460-A1F1-4D77-9B40-B61E2EF346B5}.Debug|Any CPU.ActiveCfg = Debug|Any CPU
		{778F9460-A1F1-4D77-9B40-B61E2EF346B5}.Debug|Any CPU.Build.0 = Debug|Any CPU
		{778F9460-A1F1-4D77-9B40-B61E2EF346B5}.Release|Any CPU.ActiveCfg = Release|Any CPU
		{778F9460-A1F1-4D77-9B40-B61E2EF346B5}.Release|Any CPU.Build.0 = Release|Any CPU
	EndGlobalSection
	GlobalSection(SolutionProperties) = preSolution
		HideSolutionNode = FALSE
	EndGlobalSection
EndGlobal
